{
  "version": 4,
  "terraform_version": "1.5.7",
  "serial": 246,
  "lineage": "eb42f217-8b6b-14fb-67af-9ee7a95ebded",
  "outputs": {
    "external_service_role_arn": {
      "value": "arn:aws:iam::535928845597:role/cloud_collect",
      "type": "string"
    },
    "my_secret": {
      "value": ":\u003ctTV!nN4ugLAfvu",
      "type": "string",
      "sensitive": true
    },
    "palo_alto_mgmt_eips": {
      "value": [
        "34.218.102.40",
        "54.201.230.51"
      ],
      "type": [
        "tuple",
        [
          "string",
          "string"
        ]
      ]
    },
    "private_key": {
      "value": "-----BEGIN RSA PRIVATE KEY-----\nMIIJKQIBAAKCAgEAwO+Xpm93be3v0tBX+GQqTZM6z0zqLE/VjbNQg0dea/PgFqm1\nMzPU5+2WBGPLBidvbNn8Td39g/KGqEZgX6KjDWNN9c/H3WqQoLidHEt/IIKWivLR\nW4Fyli+xMDWgiLOl3dHZDYqwKsPl72qEQmPWywIkHv7RX2o93pFrsVor8/O1bc7/\n9hgYvlB3A4fjtJ9/3J7kVzxCtISKrQ1hVwMqp5vY9U9+1Bcdo35apGB9XO2X4moi\n3W7cgcc9J76jXlEVsz4aHz1Ag4inSSdeLsWm7IaVDfhrTRAdp3Z8kPv7bcGZXWwR\nYQAJmum3ew6a4rgcG2b2vZfK0i7u5x3wOlA6Iw200YwuMmGPJ4FOo/lYIgj7fVhk\ni2xfR72lYdW9YHGpDWsZAwJNRl43AeQsnDbo0jTRVAmp0BtFkRGaUcTDX09lUMY8\nyp/Jr04fBjza5EQoNfv4FCDO/gwRW+e/4tBXVsRIJiIVx+YsJ2XMDxcp1ixXGrkF\n0pbM5T9vBnt8xPcrQQD9m7EmUObhfes6PqWEDu2Pu14Fv7r02QvPwBMC2Yy6ifGM\nygYs7n8fPF5JrUbo6ITOuStQ2q8mrZk6u9MgS+nHu42EZ5SP2dlr9eORVHlPc/Oi\n+B1qqmYwlrgydHtw9rdXW0xRL0FzEb5b7AcvCIupZ8uYxf6XNgvfONMIe6ECAwEA\nAQKCAgAZb3zOtGNKWtQDNvRiCtKI56AZNEqrDNtakwlKRV5tXPluA3GgDnVDHk9o\nxL8/UHOgJhzdJycE/jRCewS5lvdoDG96uKngxuvKRIxx7oIUByNRrjFrnuU8Z400\njd1cKFL1q3SyFFalTK5DogdNuVvX57BbZby0l40QiptoBjtFLhv9Hg0gpIyein0m\nOgQLC/wPWeNAnPEuW0rtBZaPohs9fY5cyN4vl9yQcVgB07azSZ98egGer77iXSHy\n228uQAJcXxOSisC2lo13V3lTMTuQcy2zacy7nCRMr5I8ivvavGs7pcOkxhx+D9Hg\np0xEF4GdGzXsSNa0Xvuf/JJvHaSMP9GONkmV4sPdYI8QKpVjZ7l4SvGAw9+gDaFG\nXgLl2ppENqo0T8yj7YZEGWaClCcFtbN4SUMJHSqYrQHIcjb+1Nup5zKaExsnsU0o\nBV8fl/po/gBS2mP7ZuJUXMmdBlf3cVXgBKihWBRbD+w7Xct5GzWt4ddPUdKZp/NY\nz4rc36fDDCefmwumqQQ2wdr81jlzcTuXibn03IfStnrwGRKSwS4zm6uRXfYdbeJx\nGs7BXNJB9Ziw3pcQTsroz2L7NIFKdTqr4a4EFpZKTWn0nSV23HSpgA4gtagxhiwO\n6R165VuXIYYlQ7Fv7Nh6eAX3rTt6VJ2eoy3L0xhMv03tI3PAAQKCAQEA6wRSAvEY\nALJfBO1JxPRRFSw+efykR+xNRWJQR1Ysri6zod97D06RlXaKfwci4YajlQUeMoxu\nl14Xnku+rD/lcEIQUBKrGIFoi3XmlCBLwdS8yGS+xo8QGWcSzd+10HlFunlyYsYi\nyH045jkSHhFry88t1HYwsgiSnzTdp8F+dXdirb8wgnXbkiTXMijakAaE1uNjP87S\nUO46K9i8DfsxUOaf9MeNPRkvinYNwnV//QMi0SoQ887tnpVoyzt+A5EFZZVKTEWr\nJusPlMuiPyFPKqfqgHpnbJWkE/4V1pFe4rp1weh8YDAr1mpOsoom403U59WiVI/I\ndFVmqKa3sbaw8QKCAQEA0ilyB5XeR3KWGlo4QnKSdcxmj2tZPCQqbr28Pnvyalkz\nW8Kv8vd8EXUKXjHrRPsEDfwmxEpY+da1brr52fPM9Ru0DQYOSuuDEqKvOogyX2wY\ntxeTI4dX0YwV7V9pNUo4lb0fDM2SIcf256eDUB9SebFf3rfk8QkyjOEC0Mc7w++F\njqk2Acr0t/hkLDdbCmZ/V6ZlPAl1R/2it7z713CNGaqHFmUWk8JXfTKxiN64Usw1\nWbpF3iWDpZGEf+ZGmKvAKQXYtgxQM/kmIPHOsPBgRceY9FrLXSGcpqdy+tyy57Dr\nPJ/5LdOhz0n3p02DJigWt/oTMID17bC/hJBQQnp1sQKCAQEAqFh66rKK0Az1dZEI\nE7Yy0qjTxAwOHZsOKtJm0QLQlKDNefmcq/VK4bZ9NMsG2Gfai6eT3v+rRHBZGMIH\nPlmy33vjNYh52N7x5Vw6JAcSXTEnXaCU66SVEq070g8arNAB+7Z9EnX9eoIAnSFq\ncfFmtyKcIKHc9dqgNLzovf8jt78iB3V5qSoFc6VCJSMQlLSmuUs+z/k1vFU5hCkH\nZDh4NgxNrki3SnndDSDNcGs8mB+D9DJe3FZw7fT2kQX3mVRrej27b/FDzWf5zEsl\n2HTiwZpwp0GHDkgOtWd/eyi8wEpyickgNsKq1DdoUgoWGyKojL0CP/KS04pNNCfg\nU8Oa8QKCAQEAjijA3Iaw2+2TwXGjurbbgVlpSrxXmUnxdgVcD3wyJ2P9TKWt9REZ\nWImuILdtqLSPMpKM+pw8AYwOID/UAG1dB7PcoC6nfmA+wl1PYK1+PXPWaAtHWXIU\nokc7Ed1HQmfZTNin5zYrEjS8PEjgl1MIrA6ihfoooC8ThZ4zFFygfdJIqo6lXKMX\n1FXuFMbBC5D3tKd2tRzEu5TC+7yXMk0M9P6X8DsjAYIlQigHVUkqr784m2BYIIOJ\nwHZlhUqUGHOdQWKWC9babb2r3/8RTDjdNnZkbW35QB8bYtPEABNH5VeUV+byW+Bb\nBOfI4N+axjW54GsFjfq94DF960LfN4i0kQKCAQBg4+umv4wkeF172hqor/GIJHwN\nmNjgYOUpFpcR14x0UBzPReTq+un14Th+X86fGZqXqk51XAmf3/xPPgkijd+K/JBX\nE9faTDwi49cpQF5Q3iBCGhg6O5rQMChkpJaNfi0rWToHlENBLWRChtP3mzJ2sWO+\nW+9wlsJhaPuxBkxp4LyLz+3HzenoTwBGkdbfYzV029TO8qQNfVKftuE5sxSnXORx\nNE4of+xxzu/us0Cek2cD/JKrFaWABDrAlVu9RmpFkMajFP1WwWuqQNUWMAwoSbPO\nATTFbMw4+bZMmO1z07jxtWfEuY5xreCjuNc8XyjgvfGhw31Fj25fJi3Fr+tF\n-----END RSA PRIVATE KEY-----\n",
      "type": "string",
      "sensitive": true
    },
    "tgw_route_table_ids": {
      "value": [
        "tgw-rtb-0294a610a3db45dff",
        "tgw-rtb-03ead0edf618dad26"
      ],
      "type": [
        "tuple",
        [
          "string",
          "string"
        ]
      ]
    },
    "vpc_attachment_ids": {
      "value": [
        "tgw-attach-0db877c587702b61a",
        "tgw-attach-0fb9df2d53e39c6ea"
      ],
      "type": [
        "tuple",
        [
          "string",
          "string"
        ]
      ]
    }
  },
  "resources": [
    {
      "mode": "data",
      "type": "aws_caller_identity",
      "name": "current",
      "provider": "provider[\"registry.terraform.io/hashicorp/aws\"]",
      "instances": [
        {
          "schema_version": 0,
          "attributes": {
            "account_id": "535928845597",
            "arn": "arn:aws:iam::535928845597:user/craigjohnson",
            "id": "535928845597",
            "user_id": "AIDAXZR6ZGUOUAB4OI3RY"
          },
          "sensitive_attributes": []
        }
      ]
    },
    {
      "mode": "data",
      "type": "forwardnetworks_externalid",
      "name": "example",
      "provider": "provider[\"registry.terraform.io/fracticated/forwardnetworks\"]",
      "instances": [
        {
          "schema_version": 0,
          "attributes": {
            "external_id": "Org:1631",
            "id": "forwardnetworks_external_id",
            "network_id": "167671"
          },
          "sensitive_attributes": []
        }
      ]
    },
    {
      "mode": "managed",
      "type": "aws_ec2_transit_gateway",
      "name": "tgw",
      "provider": "provider[\"registry.terraform.io/hashicorp/aws\"]",
      "instances": [
        {
          "schema_version": 0,
          "attributes": {
            "amazon_side_asn": 64512,
            "arn": "arn:aws:ec2:us-west-2:535928845597:transit-gateway/tgw-051c83c4cd925d1ff",
            "association_default_route_table_id": "",
            "auto_accept_shared_attachments": "disable",
            "default_route_table_association": "disable",
            "default_route_table_propagation": "disable",
            "description": "tgw",
            "dns_support": "enable",
            "id": "tgw-051c83c4cd925d1ff",
            "multicast_support": "disable",
            "owner_id": "535928845597",
            "propagation_default_route_table_id": "",
            "tags": {
              "Name": "tgw"
            },
            "tags_all": {
              "Name": "tgw"
            },
            "timeouts": null,
            "transit_gateway_cidr_blocks": [],
            "vpn_ecmp_support": "enable"
          },
          "sensitive_attributes": [],
          "private": "eyJlMmJmYjczMC1lY2FhLTExZTYtOGY4OC0zNDM2M2JjN2M0YzAiOnsiY3JlYXRlIjo2MDAwMDAwMDAwMDAsImRlbGV0ZSI6NjAwMDAwMDAwMDAwLCJ1cGRhdGUiOjYwMDAwMDAwMDAwMH19"
        }
      ]
    },
    {
      "mode": "managed",
      "type": "aws_ec2_transit_gateway_route_table",
      "name": "tgw_route_table",
      "provider": "provider[\"registry.terraform.io/hashicorp/aws\"]",
      "instances": [
        {
          "index_key": 0,
          "schema_version": 0,
          "attributes": {
            "arn": "arn:aws:ec2:us-west-2:535928845597:transit-gateway-route-table/tgw-rtb-0294a610a3db45dff",
            "default_association_route_table": false,
            "default_propagation_route_table": false,
            "id": "tgw-rtb-0294a610a3db45dff",
            "tags": {
              "Name": "tgw-route-table-0"
            },
            "tags_all": {
              "Name": "tgw-route-table-0"
            },
            "transit_gateway_id": "tgw-051c83c4cd925d1ff"
          },
          "sensitive_attributes": [],
          "private": "bnVsbA==",
          "dependencies": [
            "aws_ec2_transit_gateway.tgw"
          ]
        },
        {
          "index_key": 1,
          "schema_version": 0,
          "attributes": {
            "arn": "arn:aws:ec2:us-west-2:535928845597:transit-gateway-route-table/tgw-rtb-03ead0edf618dad26",
            "default_association_route_table": false,
            "default_propagation_route_table": false,
            "id": "tgw-rtb-03ead0edf618dad26",
            "tags": {
              "Name": "tgw-route-table-1"
            },
            "tags_all": {
              "Name": "tgw-route-table-1"
            },
            "transit_gateway_id": "tgw-051c83c4cd925d1ff"
          },
          "sensitive_attributes": [],
          "private": "bnVsbA==",
          "dependencies": [
            "aws_ec2_transit_gateway.tgw"
          ]
        }
      ]
    },
    {
      "mode": "managed",
      "type": "aws_ec2_transit_gateway_route_table_association",
      "name": "tgw_rt_assoc",
      "provider": "provider[\"registry.terraform.io/hashicorp/aws\"]",
      "instances": [
        {
          "index_key": 0,
          "schema_version": 0,
          "attributes": {
            "id": "tgw-rtb-0294a610a3db45dff_tgw-attach-0db877c587702b61a",
            "replace_existing_association": false,
            "resource_id": "vpc-08d62d56c5f3ec630",
            "resource_type": "vpc",
            "transit_gateway_attachment_id": "tgw-attach-0db877c587702b61a",
            "transit_gateway_route_table_id": "tgw-rtb-0294a610a3db45dff"
          },
          "sensitive_attributes": [],
          "private": "bnVsbA==",
          "dependencies": [
            "aws_ec2_transit_gateway.tgw",
            "aws_ec2_transit_gateway_route_table.tgw_route_table",
            "aws_ec2_transit_gateway_vpc_attachment.vpc_attachment",
            "aws_key_pair.ssh_key",
            "module.vpcs.aws_instance.subnet_instance",
            "module.vpcs.aws_security_group.ssh_sg",
            "module.vpcs.aws_subnet.subnet",
            "module.vpcs.aws_vpc.vpc",
            "module.vpcs.data.aws_ami.amazon_linux",
            "module.vpcs.data.aws_availability_zones.available",
            "tls_private_key.ssh_key"
          ]
        },
        {
          "index_key": 1,
          "schema_version": 0,
          "attributes": {
            "id": "tgw-rtb-03ead0edf618dad26_tgw-attach-0fb9df2d53e39c6ea",
            "replace_existing_association": false,
            "resource_id": "vpc-03d6b7559ed48988a",
            "resource_type": "vpc",
            "transit_gateway_attachment_id": "tgw-attach-0fb9df2d53e39c6ea",
            "transit_gateway_route_table_id": "tgw-rtb-03ead0edf618dad26"
          },
          "sensitive_attributes": [],
          "private": "bnVsbA==",
          "dependencies": [
            "aws_ec2_transit_gateway.tgw",
            "aws_ec2_transit_gateway_route_table.tgw_route_table",
            "aws_ec2_transit_gateway_vpc_attachment.vpc_attachment",
            "aws_key_pair.ssh_key",
            "module.vpcs.aws_instance.subnet_instance",
            "module.vpcs.aws_security_group.ssh_sg",
            "module.vpcs.aws_subnet.subnet",
            "module.vpcs.aws_vpc.vpc",
            "module.vpcs.data.aws_ami.amazon_linux",
            "module.vpcs.data.aws_availability_zones.available",
            "tls_private_key.ssh_key"
          ]
        }
      ]
    },
    {
      "mode": "managed",
      "type": "aws_ec2_transit_gateway_vpc_attachment",
      "name": "vpc_attachment",
      "provider": "provider[\"registry.terraform.io/hashicorp/aws\"]",
      "instances": [
        {
          "index_key": 0,
          "schema_version": 0,
          "attributes": {
            "appliance_mode_support": "disable",
            "dns_support": "enable",
            "id": "tgw-attach-0db877c587702b61a",
            "ipv6_support": "disable",
            "subnet_ids": [
              "subnet-072d58ff3f27c0ea7",
              "subnet-0c6359c5406ec09b6"
            ],
            "tags": {},
            "tags_all": {},
            "transit_gateway_default_route_table_association": false,
            "transit_gateway_default_route_table_propagation": false,
            "transit_gateway_id": "tgw-051c83c4cd925d1ff",
            "vpc_id": "vpc-08d62d56c5f3ec630",
            "vpc_owner_id": "535928845597"
          },
          "sensitive_attributes": [],
          "private": "bnVsbA==",
          "dependencies": [
            "aws_ec2_transit_gateway.tgw",
            "aws_key_pair.ssh_key",
            "module.vpcs.aws_instance.subnet_instance",
            "module.vpcs.aws_security_group.ssh_sg",
            "module.vpcs.aws_subnet.subnet",
            "module.vpcs.aws_vpc.vpc",
            "module.vpcs.data.aws_ami.amazon_linux",
            "module.vpcs.data.aws_availability_zones.available",
            "tls_private_key.ssh_key"
          ]
        },
        {
          "index_key": 1,
          "schema_version": 0,
          "attributes": {
            "appliance_mode_support": "disable",
            "dns_support": "enable",
            "id": "tgw-attach-0fb9df2d53e39c6ea",
            "ipv6_support": "disable",
            "subnet_ids": [
              "subnet-005530fb58c39213a",
              "subnet-0738b442180d279af"
            ],
            "tags": {},
            "tags_all": {},
            "transit_gateway_default_route_table_association": false,
            "transit_gateway_default_route_table_propagation": false,
            "transit_gateway_id": "tgw-051c83c4cd925d1ff",
            "vpc_id": "vpc-03d6b7559ed48988a",
            "vpc_owner_id": "535928845597"
          },
          "sensitive_attributes": [],
          "private": "bnVsbA==",
          "dependencies": [
            "aws_ec2_transit_gateway.tgw",
            "aws_key_pair.ssh_key",
            "module.vpcs.aws_instance.subnet_instance",
            "module.vpcs.aws_security_group.ssh_sg",
            "module.vpcs.aws_subnet.subnet",
            "module.vpcs.aws_vpc.vpc",
            "module.vpcs.data.aws_ami.amazon_linux",
            "module.vpcs.data.aws_availability_zones.available",
            "tls_private_key.ssh_key"
          ]
        }
      ]
    },
    {
      "mode": "managed",
      "type": "aws_key_pair",
      "name": "ssh_key",
      "provider": "provider[\"registry.terraform.io/hashicorp/aws\"]",
      "instances": [
        {
          "schema_version": 1,
          "attributes": {
            "arn": "arn:aws:ec2:us-west-2:535928845597:key-pair/my_ssh_key",
            "fingerprint": "2b:28:43:84:24:ff:6f:89:19:de:06:3c:fc:ce:6f:85",
            "id": "my_ssh_key",
            "key_name": "my_ssh_key",
            "key_name_prefix": "",
            "key_pair_id": "key-0c82dd596f845ee1f",
            "key_type": "rsa",
            "public_key": "ssh-rsa AAAAB3NzaC1yc2EAAAADAQABAAACAQDA75emb3dt7e/S0Ff4ZCpNkzrPTOosT9WNs1CDR15r8+AWqbUzM9Tn7ZYEY8sGJ29s2fxN3f2D8oaoRmBfoqMNY031z8fdapCguJ0cS38ggpaK8tFbgXKWL7EwNaCIs6Xd0dkNirAqw+XvaoRCY9bLAiQe/tFfaj3ekWuxWivz87Vtzv/2GBi+UHcDh+O0n3/cnuRXPEK0hIqtDWFXAyqnm9j1T37UFx2jflqkYH1c7ZfiaiLdbtyBxz0nvqNeURWzPhofPUCDiKdJJ14uxabshpUN+GtNEB2ndnyQ+/ttwZldbBFhAAma6bd7DpriuBwbZva9l8rSLu7nHfA6UDojDbTRjC4yYY8ngU6j+VgiCPt9WGSLbF9HvaVh1b1gcakNaxkDAk1GXjcB5CycNujSNNFUCanQG0WREZpRxMNfT2VQxjzKn8mvTh8GPNrkRCg1+/gUIM7+DBFb57/i0FdWxEgmIhXH5iwnZcwPFynWLFcauQXSlszlP28Ge3zE9ytBAP2bsSZQ5uF96zo+pYQO7Y+7XgW/uvTZC8/AEwLZjLqJ8YzKBizufx88XkmtRujohM65K1DaryatmTq70yBL6ce7jYRnlI/Z2Wv145FUeU9z86L4HWqqZjCWuDJ0e3D2t1dbTFEvQXMRvlvsBy8Ii6lny5jF/pc2C9840wh7oQ==",
            "tags": {},
            "tags_all": {}
          },
          "sensitive_attributes": [],
          "private": "eyJzY2hlbWFfdmVyc2lvbiI6IjEifQ==",
          "dependencies": [
            "tls_private_key.ssh_key"
          ]
        }
      ]
    },
    {
      "mode": "managed",
      "type": "forwardnetworks_cloud",
      "name": "example",
      "provider": "provider[\"registry.terraform.io/fracticated/forwardnetworks\"]",
      "instances": [
        {
          "schema_version": 0,
          "attributes": {
            "account_id": [
              "535928845597"
            ],
            "account_name": [
              "cloud_collect"
            ],
            "client_email": null,
            "client_id": null,
            "collect": true,
            "environment": "AZURE",
            "external_id": "",
            "id": "cloud_collect",
            "name": "cloud_collect",
            "network_id": "167671",
            "private_key": null,
            "private_key_id": null,
            "proxy_server_id": "",
            "regions": [
              "us-west-2"
            ],
            "rolearn": [
              "arn:aws:iam::535928845597:role/cloud_collect"
            ],
            "secret": null,
            "subscription_id": null,
            "tenant": null,
            "testinstant": null,
            "type": "AWS",
            "username": null
          },
          "sensitive_attributes": [],
          "private": "bnVsbA==",
          "dependencies": [
            "data.aws_caller_identity.current",
            "data.forwardnetworks_externalid.example",
            "module.iam_role.aws_iam_role.this"
          ]
        }
      ]
    },
    {
      "mode": "managed",
      "type": "random_string",
      "name": "my_secret",
      "provider": "provider[\"registry.terraform.io/hashicorp/random\"]",
      "instances": [
        {
          "schema_version": 2,
          "attributes": {
            "id": ":\u003ctTV!nN4ugLAfvu",
            "keepers": null,
            "length": 16,
            "lower": true,
            "min_lower": 0,
            "min_numeric": 0,
            "min_special": 0,
            "min_upper": 0,
            "number": true,
            "numeric": true,
            "override_special": null,
            "result": ":\u003ctTV!nN4ugLAfvu",
            "special": true,
            "upper": true
          },
          "sensitive_attributes": []
        }
      ]
    },
    {
      "mode": "managed",
      "type": "tls_private_key",
      "name": "ssh_key",
      "provider": "provider[\"registry.terraform.io/hashicorp/tls\"]",
      "instances": [
        {
          "schema_version": 1,
          "attributes": {
            "algorithm": "RSA",
            "ecdsa_curve": "P224",
            "id": "49cd6f57df9b594aca3287e814b95bfd9a575f9e",
            "private_key_openssh": "-----BEGIN OPENSSH PRIVATE KEY-----\nb3BlbnNzaC1rZXktdjEAAAAABG5vbmUAAAAEbm9uZQAAAAAAAAABAAACFwAAAAdz\nc2gtcnNhAAAAAwEAAQAAAgEAwO+Xpm93be3v0tBX+GQqTZM6z0zqLE/VjbNQg0de\na/PgFqm1MzPU5+2WBGPLBidvbNn8Td39g/KGqEZgX6KjDWNN9c/H3WqQoLidHEt/\nIIKWivLRW4Fyli+xMDWgiLOl3dHZDYqwKsPl72qEQmPWywIkHv7RX2o93pFrsVor\n8/O1bc7/9hgYvlB3A4fjtJ9/3J7kVzxCtISKrQ1hVwMqp5vY9U9+1Bcdo35apGB9\nXO2X4moi3W7cgcc9J76jXlEVsz4aHz1Ag4inSSdeLsWm7IaVDfhrTRAdp3Z8kPv7\nbcGZXWwRYQAJmum3ew6a4rgcG2b2vZfK0i7u5x3wOlA6Iw200YwuMmGPJ4FOo/lY\nIgj7fVhki2xfR72lYdW9YHGpDWsZAwJNRl43AeQsnDbo0jTRVAmp0BtFkRGaUcTD\nX09lUMY8yp/Jr04fBjza5EQoNfv4FCDO/gwRW+e/4tBXVsRIJiIVx+YsJ2XMDxcp\n1ixXGrkF0pbM5T9vBnt8xPcrQQD9m7EmUObhfes6PqWEDu2Pu14Fv7r02QvPwBMC\n2Yy6ifGMygYs7n8fPF5JrUbo6ITOuStQ2q8mrZk6u9MgS+nHu42EZ5SP2dlr9eOR\nVHlPc/Oi+B1qqmYwlrgydHtw9rdXW0xRL0FzEb5b7AcvCIupZ8uYxf6XNgvfONMI\ne6EAAAc48KVpifClaYkAAAAHc3NoLXJzYQAAAgEAwO+Xpm93be3v0tBX+GQqTZM6\nz0zqLE/VjbNQg0dea/PgFqm1MzPU5+2WBGPLBidvbNn8Td39g/KGqEZgX6KjDWNN\n9c/H3WqQoLidHEt/IIKWivLRW4Fyli+xMDWgiLOl3dHZDYqwKsPl72qEQmPWywIk\nHv7RX2o93pFrsVor8/O1bc7/9hgYvlB3A4fjtJ9/3J7kVzxCtISKrQ1hVwMqp5vY\n9U9+1Bcdo35apGB9XO2X4moi3W7cgcc9J76jXlEVsz4aHz1Ag4inSSdeLsWm7IaV\nDfhrTRAdp3Z8kPv7bcGZXWwRYQAJmum3ew6a4rgcG2b2vZfK0i7u5x3wOlA6Iw20\n0YwuMmGPJ4FOo/lYIgj7fVhki2xfR72lYdW9YHGpDWsZAwJNRl43AeQsnDbo0jTR\nVAmp0BtFkRGaUcTDX09lUMY8yp/Jr04fBjza5EQoNfv4FCDO/gwRW+e/4tBXVsRI\nJiIVx+YsJ2XMDxcp1ixXGrkF0pbM5T9vBnt8xPcrQQD9m7EmUObhfes6PqWEDu2P\nu14Fv7r02QvPwBMC2Yy6ifGMygYs7n8fPF5JrUbo6ITOuStQ2q8mrZk6u9MgS+nH\nu42EZ5SP2dlr9eORVHlPc/Oi+B1qqmYwlrgydHtw9rdXW0xRL0FzEb5b7AcvCIup\nZ8uYxf6XNgvfONMIe6EAAAADAQABAAACABlvfM60Y0pa1AM29GIK0ojnoBk0SqsM\n21qTCUpFXm1c+W4DcaAOdUMeT2jEvz9Qc6AmHN0nJwT+NEJ7BLmW92gMb3q4qeDG\n68pEjHHughQHI1GuMWue5TxnjTSN3VwoUvWrdLIUVqVMrkOiB025W9fnsFtlvLSX\njRCKm2gGO0UuG/0eDSCkjJ6KfSY6BAsL/A9Z40Cc8S5bSu0Flo+iGz19jlzI3i+X\n3JBxWAHTtrNJn3x6AZ6vvuJdIfLbby5AAlxfE5KKwLaWjXdXeVMxO5BzLbNpzLuc\nJEyvkjyK+9q8azulw6TGHH4P0eCnTEQXgZ0bNexI1rRe+5/8km8dpIw/0Y42SZXi\nw91gjxAqlWNnuXhK8YDD36ANoUZeAuXamkQ2qjRPzKPthkQZZoKUJwW1s3hJQwkd\nKpitAchyNv7U26nnMpoTGyexTSgFXx+X+mj+AFLaY/tm4lRcyZ0GV/dxVeAEqKFY\nFFsP7Dtdy3kbNa3h109R0pmn81jPitzfp8MMJ5+bC6apBDbB2vzWOXNxO5eJufTc\nh9K2evAZEpLBLjObq5Fd9h1t4nEazsFc0kH1mLDelxBOyujPYvs0gUp1OqvhrgQW\nlkpNafSdJXbcdKmADiC1qDGGLA7pHXrlW5chhiVDsW/s2Hp4BfetO3pUnZ6jLcvT\nGEy/Te0jc8ABAAABAGDj66a/jCR4XXvaGqiv8YgkfA2Y2OBg5SkWlxHXjHRQHM9F\n5Or66fXhOH5fzp8ZmpeqTnVcCZ/f/E8+CSKN34r8kFcT19pMPCLj1ylAXlDeIEIa\nGDo7mtAwKGSklo1+LStZOgeUQ0EtZEKG0/ebMnaxY75b73CWwmFo+7EGTGngvIvP\n7cfN6ehPAEaR1t9jNXTb1M7ypA19Up+24TmzFKdc5HE0Tih/7HHO7+6zQJ6TZwP8\nkqsVpYAEOsCVW71GakWQxqMU/VbBa6pA1RYwDChJs84BNMVszDj5tkyY7XPTuPG1\nZ8S5jnGt4KO41zxfKOC98aHDfUWPbl8mLcWv60UAAAEBAOsEUgLxGACyXwTtScT0\nURUsPnn8pEfsTUViUEdWLK4us6Hfew9OkZV2in8HIuGGo5UFHjKMbpdeF55Lvqw/\n5XBCEFASqxiBaIt15pQgS8HUvMhkvsaPEBlnEs3ftdB5Rbp5cmLGIsh9OOY5Eh4R\na8vPLdR2MLIIkp803afBfnV3Yq2/MIJ125Ik1zIo2pAGhNbjYz/O0lDuOivYvA37\nMVDmn/THjT0ZL4p2DcJ1f/0DItEqEPPO7Z6VaMs7fgORBWWVSkxFqybrD5TLoj8h\nTyqn6oB6Z2yVpBP+FdaRXuK6dcHofGAwK9ZqTrKKJuNN1OfVolSPyHRVZqimt7G2\nsPEAAAEBANIpcgeV3kdylhpaOEJyknXMZo9rWTwkKm69vD578mpZM1vCr/L3fBF1\nCl4x60T7BA38JsRKWPnWtW66+dnzzPUbtA0GDkrrgxKirzqIMl9sGLcXkyOHV9GM\nFe1faTVKOJW9HwzNkiHH9ueng1AfUnmxX9635PEJMozhAtDHO8PvhY6pNgHK9Lf4\nZCw3Wwpmf1emZTwJdUf9ore8+9dwjRmqhxZlFpPCV30ysYjeuFLMNVm6Rd4lg6WR\nhH/mRpirwCkF2LYMUDP5JiDxzrDwYEXHmPRay10hnKancvrcsuew6zyf+S3Toc9J\n96dNgyYoFrf6EzCA9e2wv4SQUEJ6dbEAAAAAAQID\n-----END OPENSSH PRIVATE KEY-----\n",
            "private_key_pem": "-----BEGIN RSA PRIVATE KEY-----\nMIIJKQIBAAKCAgEAwO+Xpm93be3v0tBX+GQqTZM6z0zqLE/VjbNQg0dea/PgFqm1\nMzPU5+2WBGPLBidvbNn8Td39g/KGqEZgX6KjDWNN9c/H3WqQoLidHEt/IIKWivLR\nW4Fyli+xMDWgiLOl3dHZDYqwKsPl72qEQmPWywIkHv7RX2o93pFrsVor8/O1bc7/\n9hgYvlB3A4fjtJ9/3J7kVzxCtISKrQ1hVwMqp5vY9U9+1Bcdo35apGB9XO2X4moi\n3W7cgcc9J76jXlEVsz4aHz1Ag4inSSdeLsWm7IaVDfhrTRAdp3Z8kPv7bcGZXWwR\nYQAJmum3ew6a4rgcG2b2vZfK0i7u5x3wOlA6Iw200YwuMmGPJ4FOo/lYIgj7fVhk\ni2xfR72lYdW9YHGpDWsZAwJNRl43AeQsnDbo0jTRVAmp0BtFkRGaUcTDX09lUMY8\nyp/Jr04fBjza5EQoNfv4FCDO/gwRW+e/4tBXVsRIJiIVx+YsJ2XMDxcp1ixXGrkF\n0pbM5T9vBnt8xPcrQQD9m7EmUObhfes6PqWEDu2Pu14Fv7r02QvPwBMC2Yy6ifGM\nygYs7n8fPF5JrUbo6ITOuStQ2q8mrZk6u9MgS+nHu42EZ5SP2dlr9eORVHlPc/Oi\n+B1qqmYwlrgydHtw9rdXW0xRL0FzEb5b7AcvCIupZ8uYxf6XNgvfONMIe6ECAwEA\nAQKCAgAZb3zOtGNKWtQDNvRiCtKI56AZNEqrDNtakwlKRV5tXPluA3GgDnVDHk9o\nxL8/UHOgJhzdJycE/jRCewS5lvdoDG96uKngxuvKRIxx7oIUByNRrjFrnuU8Z400\njd1cKFL1q3SyFFalTK5DogdNuVvX57BbZby0l40QiptoBjtFLhv9Hg0gpIyein0m\nOgQLC/wPWeNAnPEuW0rtBZaPohs9fY5cyN4vl9yQcVgB07azSZ98egGer77iXSHy\n228uQAJcXxOSisC2lo13V3lTMTuQcy2zacy7nCRMr5I8ivvavGs7pcOkxhx+D9Hg\np0xEF4GdGzXsSNa0Xvuf/JJvHaSMP9GONkmV4sPdYI8QKpVjZ7l4SvGAw9+gDaFG\nXgLl2ppENqo0T8yj7YZEGWaClCcFtbN4SUMJHSqYrQHIcjb+1Nup5zKaExsnsU0o\nBV8fl/po/gBS2mP7ZuJUXMmdBlf3cVXgBKihWBRbD+w7Xct5GzWt4ddPUdKZp/NY\nz4rc36fDDCefmwumqQQ2wdr81jlzcTuXibn03IfStnrwGRKSwS4zm6uRXfYdbeJx\nGs7BXNJB9Ziw3pcQTsroz2L7NIFKdTqr4a4EFpZKTWn0nSV23HSpgA4gtagxhiwO\n6R165VuXIYYlQ7Fv7Nh6eAX3rTt6VJ2eoy3L0xhMv03tI3PAAQKCAQEA6wRSAvEY\nALJfBO1JxPRRFSw+efykR+xNRWJQR1Ysri6zod97D06RlXaKfwci4YajlQUeMoxu\nl14Xnku+rD/lcEIQUBKrGIFoi3XmlCBLwdS8yGS+xo8QGWcSzd+10HlFunlyYsYi\nyH045jkSHhFry88t1HYwsgiSnzTdp8F+dXdirb8wgnXbkiTXMijakAaE1uNjP87S\nUO46K9i8DfsxUOaf9MeNPRkvinYNwnV//QMi0SoQ887tnpVoyzt+A5EFZZVKTEWr\nJusPlMuiPyFPKqfqgHpnbJWkE/4V1pFe4rp1weh8YDAr1mpOsoom403U59WiVI/I\ndFVmqKa3sbaw8QKCAQEA0ilyB5XeR3KWGlo4QnKSdcxmj2tZPCQqbr28Pnvyalkz\nW8Kv8vd8EXUKXjHrRPsEDfwmxEpY+da1brr52fPM9Ru0DQYOSuuDEqKvOogyX2wY\ntxeTI4dX0YwV7V9pNUo4lb0fDM2SIcf256eDUB9SebFf3rfk8QkyjOEC0Mc7w++F\njqk2Acr0t/hkLDdbCmZ/V6ZlPAl1R/2it7z713CNGaqHFmUWk8JXfTKxiN64Usw1\nWbpF3iWDpZGEf+ZGmKvAKQXYtgxQM/kmIPHOsPBgRceY9FrLXSGcpqdy+tyy57Dr\nPJ/5LdOhz0n3p02DJigWt/oTMID17bC/hJBQQnp1sQKCAQEAqFh66rKK0Az1dZEI\nE7Yy0qjTxAwOHZsOKtJm0QLQlKDNefmcq/VK4bZ9NMsG2Gfai6eT3v+rRHBZGMIH\nPlmy33vjNYh52N7x5Vw6JAcSXTEnXaCU66SVEq070g8arNAB+7Z9EnX9eoIAnSFq\ncfFmtyKcIKHc9dqgNLzovf8jt78iB3V5qSoFc6VCJSMQlLSmuUs+z/k1vFU5hCkH\nZDh4NgxNrki3SnndDSDNcGs8mB+D9DJe3FZw7fT2kQX3mVRrej27b/FDzWf5zEsl\n2HTiwZpwp0GHDkgOtWd/eyi8wEpyickgNsKq1DdoUgoWGyKojL0CP/KS04pNNCfg\nU8Oa8QKCAQEAjijA3Iaw2+2TwXGjurbbgVlpSrxXmUnxdgVcD3wyJ2P9TKWt9REZ\nWImuILdtqLSPMpKM+pw8AYwOID/UAG1dB7PcoC6nfmA+wl1PYK1+PXPWaAtHWXIU\nokc7Ed1HQmfZTNin5zYrEjS8PEjgl1MIrA6ihfoooC8ThZ4zFFygfdJIqo6lXKMX\n1FXuFMbBC5D3tKd2tRzEu5TC+7yXMk0M9P6X8DsjAYIlQigHVUkqr784m2BYIIOJ\nwHZlhUqUGHOdQWKWC9babb2r3/8RTDjdNnZkbW35QB8bYtPEABNH5VeUV+byW+Bb\nBOfI4N+axjW54GsFjfq94DF960LfN4i0kQKCAQBg4+umv4wkeF172hqor/GIJHwN\nmNjgYOUpFpcR14x0UBzPReTq+un14Th+X86fGZqXqk51XAmf3/xPPgkijd+K/JBX\nE9faTDwi49cpQF5Q3iBCGhg6O5rQMChkpJaNfi0rWToHlENBLWRChtP3mzJ2sWO+\nW+9wlsJhaPuxBkxp4LyLz+3HzenoTwBGkdbfYzV029TO8qQNfVKftuE5sxSnXORx\nNE4of+xxzu/us0Cek2cD/JKrFaWABDrAlVu9RmpFkMajFP1WwWuqQNUWMAwoSbPO\nATTFbMw4+bZMmO1z07jxtWfEuY5xreCjuNc8XyjgvfGhw31Fj25fJi3Fr+tF\n-----END RSA PRIVATE KEY-----\n",
            "private_key_pem_pkcs8": "-----BEGIN PRIVATE KEY-----\nMIIJQwIBADANBgkqhkiG9w0BAQEFAASCCS0wggkpAgEAAoICAQDA75emb3dt7e/S\n0Ff4ZCpNkzrPTOosT9WNs1CDR15r8+AWqbUzM9Tn7ZYEY8sGJ29s2fxN3f2D8oao\nRmBfoqMNY031z8fdapCguJ0cS38ggpaK8tFbgXKWL7EwNaCIs6Xd0dkNirAqw+Xv\naoRCY9bLAiQe/tFfaj3ekWuxWivz87Vtzv/2GBi+UHcDh+O0n3/cnuRXPEK0hIqt\nDWFXAyqnm9j1T37UFx2jflqkYH1c7ZfiaiLdbtyBxz0nvqNeURWzPhofPUCDiKdJ\nJ14uxabshpUN+GtNEB2ndnyQ+/ttwZldbBFhAAma6bd7DpriuBwbZva9l8rSLu7n\nHfA6UDojDbTRjC4yYY8ngU6j+VgiCPt9WGSLbF9HvaVh1b1gcakNaxkDAk1GXjcB\n5CycNujSNNFUCanQG0WREZpRxMNfT2VQxjzKn8mvTh8GPNrkRCg1+/gUIM7+DBFb\n57/i0FdWxEgmIhXH5iwnZcwPFynWLFcauQXSlszlP28Ge3zE9ytBAP2bsSZQ5uF9\n6zo+pYQO7Y+7XgW/uvTZC8/AEwLZjLqJ8YzKBizufx88XkmtRujohM65K1Daryat\nmTq70yBL6ce7jYRnlI/Z2Wv145FUeU9z86L4HWqqZjCWuDJ0e3D2t1dbTFEvQXMR\nvlvsBy8Ii6lny5jF/pc2C9840wh7oQIDAQABAoICABlvfM60Y0pa1AM29GIK0ojn\noBk0SqsM21qTCUpFXm1c+W4DcaAOdUMeT2jEvz9Qc6AmHN0nJwT+NEJ7BLmW92gM\nb3q4qeDG68pEjHHughQHI1GuMWue5TxnjTSN3VwoUvWrdLIUVqVMrkOiB025W9fn\nsFtlvLSXjRCKm2gGO0UuG/0eDSCkjJ6KfSY6BAsL/A9Z40Cc8S5bSu0Flo+iGz19\njlzI3i+X3JBxWAHTtrNJn3x6AZ6vvuJdIfLbby5AAlxfE5KKwLaWjXdXeVMxO5Bz\nLbNpzLucJEyvkjyK+9q8azulw6TGHH4P0eCnTEQXgZ0bNexI1rRe+5/8km8dpIw/\n0Y42SZXiw91gjxAqlWNnuXhK8YDD36ANoUZeAuXamkQ2qjRPzKPthkQZZoKUJwW1\ns3hJQwkdKpitAchyNv7U26nnMpoTGyexTSgFXx+X+mj+AFLaY/tm4lRcyZ0GV/dx\nVeAEqKFYFFsP7Dtdy3kbNa3h109R0pmn81jPitzfp8MMJ5+bC6apBDbB2vzWOXNx\nO5eJufTch9K2evAZEpLBLjObq5Fd9h1t4nEazsFc0kH1mLDelxBOyujPYvs0gUp1\nOqvhrgQWlkpNafSdJXbcdKmADiC1qDGGLA7pHXrlW5chhiVDsW/s2Hp4BfetO3pU\nnZ6jLcvTGEy/Te0jc8ABAoIBAQDrBFIC8RgAsl8E7UnE9FEVLD55/KRH7E1FYlBH\nViyuLrOh33sPTpGVdop/ByLhhqOVBR4yjG6XXheeS76sP+VwQhBQEqsYgWiLdeaU\nIEvB1LzIZL7GjxAZZxLN37XQeUW6eXJixiLIfTjmORIeEWvLzy3UdjCyCJKfNN2n\nwX51d2KtvzCCdduSJNcyKNqQBoTW42M/ztJQ7jor2LwN+zFQ5p/0x409GS+Kdg3C\ndX/9AyLRKhDzzu2elWjLO34DkQVllUpMRasm6w+Uy6I/IU8qp+qAemdslaQT/hXW\nkV7iunXB6HxgMCvWak6yiibjTdTn1aJUj8h0VWaoprextrDxAoIBAQDSKXIHld5H\ncpYaWjhCcpJ1zGaPa1k8JCpuvbw+e/JqWTNbwq/y93wRdQpeMetE+wQN/CbESlj5\n1rVuuvnZ88z1G7QNBg5K64MSoq86iDJfbBi3F5Mjh1fRjBXtX2k1SjiVvR8MzZIh\nx/bnp4NQH1J5sV/et+TxCTKM4QLQxzvD74WOqTYByvS3+GQsN1sKZn9XpmU8CXVH\n/aK3vPvXcI0ZqocWZRaTwld9MrGI3rhSzDVZukXeJYOlkYR/5kaYq8ApBdi2DFAz\n+SYg8c6w8GBFx5j0WstdIZymp3L63LLnsOs8n/kt06HPSfenTYMmKBa3+hMwgPXt\nsL+EkFBCenWxAoIBAQCoWHrqsorQDPV1kQgTtjLSqNPEDA4dmw4q0mbRAtCUoM15\n+Zyr9Urhtn00ywbYZ9qLp5Pe/6tEcFkYwgc+WbLfe+M1iHnY3vHlXDokBxJdMSdd\noJTrpJUSrTvSDxqs0AH7tn0Sdf16ggCdIWpx8Wa3Ipwgodz12qA0vOi9/yO3vyIH\ndXmpKgVzpUIlIxCUtKa5Sz7P+TW8VTmEKQdkOHg2DE2uSLdKed0NIM1wazyYH4P0\nMl7cVnDt9PaRBfeZVGt6Pbtv8UPNZ/nMSyXYdOLBmnCnQYcOSA61Z397KLzASnKJ\nySA2wqrUN2hSChYbIqiMvQI/8pLTik00J+BTw5rxAoIBAQCOKMDchrDb7ZPBcaO6\nttuBWWlKvFeZSfF2BVwPfDInY/1Mpa31ERlYia4gt22otI8ykoz6nDwBjA4gP9QA\nbV0Hs9ygLqd+YD7CXU9grX49c9ZoC0dZchSiRzsR3UdCZ9lM2KfnNisSNLw8SOCX\nUwisDqKF+iigLxOFnjMUXKB90kiqjqVcoxfUVe4UxsELkPe0p3a1HMS7lML7vJcy\nTQz0/pfwOyMBgiVCKAdVSSqvvzibYFggg4nAdmWFSpQYc51BYpYL1tptvavf/xFM\nON02dmRtbflAHxti08QAE0flV5RX5vJb4FsE58jg35rGNbngawWN+r3gMX3rQt83\niLSRAoIBAGDj66a/jCR4XXvaGqiv8YgkfA2Y2OBg5SkWlxHXjHRQHM9F5Or66fXh\nOH5fzp8ZmpeqTnVcCZ/f/E8+CSKN34r8kFcT19pMPCLj1ylAXlDeIEIaGDo7mtAw\nKGSklo1+LStZOgeUQ0EtZEKG0/ebMnaxY75b73CWwmFo+7EGTGngvIvP7cfN6ehP\nAEaR1t9jNXTb1M7ypA19Up+24TmzFKdc5HE0Tih/7HHO7+6zQJ6TZwP8kqsVpYAE\nOsCVW71GakWQxqMU/VbBa6pA1RYwDChJs84BNMVszDj5tkyY7XPTuPG1Z8S5jnGt\n4KO41zxfKOC98aHDfUWPbl8mLcWv60U=\n-----END PRIVATE KEY-----\n",
            "public_key_fingerprint_md5": "51:ee:3d:f5:a0:cb:77:23:ad:12:cd:db:78:8d:3c:67",
            "public_key_fingerprint_sha256": "SHA256:cZd436iGcYhZZzCMBoKmCeNsoOL1hTlkmkMxbg4wYDc",
            "public_key_openssh": "ssh-rsa AAAAB3NzaC1yc2EAAAADAQABAAACAQDA75emb3dt7e/S0Ff4ZCpNkzrPTOosT9WNs1CDR15r8+AWqbUzM9Tn7ZYEY8sGJ29s2fxN3f2D8oaoRmBfoqMNY031z8fdapCguJ0cS38ggpaK8tFbgXKWL7EwNaCIs6Xd0dkNirAqw+XvaoRCY9bLAiQe/tFfaj3ekWuxWivz87Vtzv/2GBi+UHcDh+O0n3/cnuRXPEK0hIqtDWFXAyqnm9j1T37UFx2jflqkYH1c7ZfiaiLdbtyBxz0nvqNeURWzPhofPUCDiKdJJ14uxabshpUN+GtNEB2ndnyQ+/ttwZldbBFhAAma6bd7DpriuBwbZva9l8rSLu7nHfA6UDojDbTRjC4yYY8ngU6j+VgiCPt9WGSLbF9HvaVh1b1gcakNaxkDAk1GXjcB5CycNujSNNFUCanQG0WREZpRxMNfT2VQxjzKn8mvTh8GPNrkRCg1+/gUIM7+DBFb57/i0FdWxEgmIhXH5iwnZcwPFynWLFcauQXSlszlP28Ge3zE9ytBAP2bsSZQ5uF96zo+pYQO7Y+7XgW/uvTZC8/AEwLZjLqJ8YzKBizufx88XkmtRujohM65K1DaryatmTq70yBL6ce7jYRnlI/Z2Wv145FUeU9z86L4HWqqZjCWuDJ0e3D2t1dbTFEvQXMRvlvsBy8Ii6lny5jF/pc2C9840wh7oQ==\n",
            "public_key_pem": "-----BEGIN PUBLIC KEY-----\nMIICIjANBgkqhkiG9w0BAQEFAAOCAg8AMIICCgKCAgEAwO+Xpm93be3v0tBX+GQq\nTZM6z0zqLE/VjbNQg0dea/PgFqm1MzPU5+2WBGPLBidvbNn8Td39g/KGqEZgX6Kj\nDWNN9c/H3WqQoLidHEt/IIKWivLRW4Fyli+xMDWgiLOl3dHZDYqwKsPl72qEQmPW\nywIkHv7RX2o93pFrsVor8/O1bc7/9hgYvlB3A4fjtJ9/3J7kVzxCtISKrQ1hVwMq\np5vY9U9+1Bcdo35apGB9XO2X4moi3W7cgcc9J76jXlEVsz4aHz1Ag4inSSdeLsWm\n7IaVDfhrTRAdp3Z8kPv7bcGZXWwRYQAJmum3ew6a4rgcG2b2vZfK0i7u5x3wOlA6\nIw200YwuMmGPJ4FOo/lYIgj7fVhki2xfR72lYdW9YHGpDWsZAwJNRl43AeQsnDbo\n0jTRVAmp0BtFkRGaUcTDX09lUMY8yp/Jr04fBjza5EQoNfv4FCDO/gwRW+e/4tBX\nVsRIJiIVx+YsJ2XMDxcp1ixXGrkF0pbM5T9vBnt8xPcrQQD9m7EmUObhfes6PqWE\nDu2Pu14Fv7r02QvPwBMC2Yy6ifGMygYs7n8fPF5JrUbo6ITOuStQ2q8mrZk6u9Mg\nS+nHu42EZ5SP2dlr9eORVHlPc/Oi+B1qqmYwlrgydHtw9rdXW0xRL0FzEb5b7Acv\nCIupZ8uYxf6XNgvfONMIe6ECAwEAAQ==\n-----END PUBLIC KEY-----\n",
            "rsa_bits": 4096
          },
          "sensitive_attributes": []
        }
      ]
    },
    {
      "module": "module.iam_role",
      "mode": "managed",
      "type": "aws_iam_policy",
      "name": "custom_policy",
      "provider": "provider[\"registry.terraform.io/hashicorp/aws\"]",
      "instances": [
        {
          "schema_version": 0,
          "attributes": {
            "arn": "arn:aws:iam::535928845597:policy/cloud_collect_custom_policy",
            "description": "Custom policy for IAM role",
            "id": "arn:aws:iam::535928845597:policy/cloud_collect_custom_policy",
            "name": "cloud_collect_custom_policy",
            "name_prefix": "",
            "path": "/",
            "policy": "{\"Statement\":[{\"Action\":[\"directconnect:Describe*\",\"ec2:Describe*\",\"ec2:Get*\",\"ec2:Search*\",\"elasticloadbalancing:Describe*\",\"globalaccelerator:List*\",\"network-firewall:Describe*\",\"network-firewall:List*\",\"organizations:Describe*\",\"workspaces:Describe*\"],\"Effect\":\"Allow\",\"Resource\":\"*\"}],\"Version\":\"2012-10-17\"}",
            "policy_id": "ANPAXZR6ZGUOTCE3L4ENC",
            "tags": {},
            "tags_all": {}
          },
          "sensitive_attributes": [],
          "private": "bnVsbA=="
        }
      ]
    },
    {
      "module": "module.iam_role",
      "mode": "managed",
      "type": "aws_iam_role",
      "name": "this",
      "provider": "provider[\"registry.terraform.io/hashicorp/aws\"]",
      "instances": [
        {
          "schema_version": 0,
          "attributes": {
            "arn": "arn:aws:iam::535928845597:role/cloud_collect",
            "assume_role_policy": "{\"Statement\":[{\"Action\":\"sts:AssumeRole\",\"Condition\":{\"StringEquals\":{\"sts:ExternalId\":\"Org:1631\"}},\"Effect\":\"Allow\",\"Principal\":{\"AWS\":\"arn:aws:iam::453418124061:root\"}}],\"Version\":\"2012-10-17\"}",
            "create_date": "2023-10-17T15:08:28Z",
            "description": "",
            "force_detach_policies": false,
            "id": "cloud_collect",
            "inline_policy": [],
            "managed_policy_arns": [
              "arn:aws:iam::535928845597:policy/cloud_collect_custom_policy"
            ],
            "max_session_duration": 3600,
            "name": "cloud_collect",
            "name_prefix": "",
            "path": "/",
            "permissions_boundary": null,
            "tags": {},
            "tags_all": {},
            "unique_id": "AROAXZR6ZGUO7MRSYBWY6"
          },
          "sensitive_attributes": [],
          "private": "bnVsbA==",
          "dependencies": [
            "data.forwardnetworks_externalid.example"
          ]
        }
      ]
    },
    {
      "module": "module.iam_role",
      "mode": "managed",
      "type": "aws_iam_role_policy_attachment",
      "name": "custom_policy_attachment",
      "provider": "provider[\"registry.terraform.io/hashicorp/aws\"]",
      "instances": [
        {
          "schema_version": 0,
          "attributes": {
            "id": "cloud_collect-20231017150828651500000001",
            "policy_arn": "arn:aws:iam::535928845597:policy/cloud_collect_custom_policy",
            "role": "cloud_collect"
          },
          "sensitive_attributes": [],
          "private": "bnVsbA==",
          "dependencies": [
            "data.forwardnetworks_externalid.example",
            "module.iam_role.aws_iam_policy.custom_policy",
            "module.iam_role.aws_iam_role.this"
          ]
        }
      ]
    },
    {
      "module": "module.security_vpc",
      "mode": "data",
      "type": "aws_ami",
      "name": "palo_alto_fw",
      "provider": "provider[\"registry.terraform.io/hashicorp/aws\"]",
      "instances": [
        {
          "schema_version": 0,
          "attributes": {
            "architecture": "x86_64",
            "arn": "arn:aws:ec2:us-west-2::image/ami-014b37d6e4743d434",
            "block_device_mappings": [
              {
                "device_name": "/dev/xvda",
                "ebs": {
                  "delete_on_termination": "false",
                  "encrypted": "false",
                  "iops": "0",
                  "snapshot_id": "snap-09ffe619abdc01a77",
                  "throughput": "0",
                  "volume_size": "60",
                  "volume_type": "gp2"
                },
                "no_device": "",
                "virtual_name": ""
              }
            ],
            "boot_mode": "",
            "creation_date": "2022-10-12T22:23:15.000Z",
            "deprecation_time": "2024-10-12T22:23:15.000Z",
            "description": "[Copied ami-0588942bc26617f1d from us-east-1] PA-VM-AWS-10.0.11-h1",
            "ena_support": true,
            "executable_users": null,
            "filter": [
              {
                "name": "name",
                "values": [
                  "PA-VM-AWS-10.0*"
                ]
              },
              {
                "name": "product-code",
                "values": [
                  "6njl1pau431dv1qxipg63mvah"
                ]
              }
            ],
            "hypervisor": "xen",
            "id": "ami-014b37d6e4743d434",
            "image_id": "ami-014b37d6e4743d434",
            "image_location": "aws-marketplace/PA-VM-AWS-10.0.11-h1-7064e142-2859-40a4-ab62-8b0996b842e9",
            "image_owner_alias": "aws-marketplace",
            "image_type": "machine",
            "imds_support": "",
            "include_deprecated": false,
            "kernel_id": "",
            "most_recent": true,
            "name": "PA-VM-AWS-10.0.11-h1-7064e142-2859-40a4-ab62-8b0996b842e9",
            "name_regex": null,
            "owner_id": "679593333241",
            "owners": [
              "679593333241"
            ],
            "platform": "",
            "platform_details": "Linux/UNIX",
            "product_codes": [
              {
                "product_code_id": "6njl1pau431dv1qxipg63mvah",
                "product_code_type": "marketplace"
              }
            ],
            "public": true,
            "ramdisk_id": "",
            "root_device_name": "/dev/xvda",
            "root_device_type": "ebs",
            "root_snapshot_id": "snap-09ffe619abdc01a77",
            "sriov_net_support": "simple",
            "state": "available",
            "state_reason": {
              "code": "UNSET",
              "message": "UNSET"
            },
            "tags": {},
            "timeouts": null,
            "tpm_support": "",
            "usage_operation": "RunInstances",
            "virtualization_type": "hvm"
          },
          "sensitive_attributes": []
        }
      ]
    },
    {
      "module": "module.security_vpc",
      "mode": "data",
      "type": "aws_availability_zones",
      "name": "available",
      "provider": "provider[\"registry.terraform.io/hashicorp/aws\"]",
      "instances": [
        {
          "schema_version": 0,
          "attributes": {
            "all_availability_zones": null,
            "exclude_names": null,
            "exclude_zone_ids": null,
            "filter": null,
            "group_names": [
              "us-west-2"
            ],
            "id": "us-west-2",
            "names": [
              "us-west-2a",
              "us-west-2b",
              "us-west-2c",
              "us-west-2d"
            ],
            "state": "available",
            "timeouts": null,
            "zone_ids": [
              "usw2-az2",
              "usw2-az1",
              "usw2-az3",
              "usw2-az4"
            ]
          },
          "sensitive_attributes": []
        }
      ]
    },
    {
      "module": "module.security_vpc",
      "mode": "data",
      "type": "http",
      "name": "icanhazip",
      "provider": "provider[\"registry.terraform.io/hashicorp/http\"]",
      "instances": [
        {
          "schema_version": 0,
          "attributes": {
            "body": "172.14.178.79\n",
            "ca_cert_pem": null,
            "id": "http://ipv4.icanhazip.com",
            "insecure": null,
            "method": null,
            "request_body": null,
            "request_headers": null,
            "request_timeout_ms": null,
            "response_body": "172.14.178.79\n",
            "response_body_base64": "MTcyLjE0LjE3OC43OQo=",
            "response_headers": {
              "Access-Control-Allow-Methods": "GET",
              "Access-Control-Allow-Origin": "*",
              "Alt-Svc": "h3=\":443\"; ma=86400",
              "Cf-Ray": "81797e3cf91deb0a-DFW",
              "Connection": "keep-alive",
              "Content-Length": "14",
              "Content-Type": "text/plain",
              "Date": "Tue, 17 Oct 2023 15:14:45 GMT",
              "Server": "cloudflare",
              "Set-Cookie": "__cf_bm=n5Yc6PTSz9tNqYNytZWyq0FwkwWwiVEg5v.jWyTrnLA-1697555685-0-AeAbOAtbM1uCoLyGEHy5WCnf6V/vrvgU8WURwg9TWwClIZvREdhXU5wHr1O1/axDQLdFtgvexk7j3Cy5PfKIHx0=; path=/; expires=Tue, 17-Oct-23 15:44:45 GMT; domain=.icanhazip.com; HttpOnly; SameSite=None",
              "Vary": "Accept-Encoding"
            },
            "retry": null,
            "status_code": 200,
            "url": "http://ipv4.icanhazip.com"
          },
          "sensitive_attributes": []
        }
      ]
    },
    {
      "module": "module.security_vpc",
      "mode": "managed",
      "type": "aws_ec2_transit_gateway_vpc_attachment",
      "name": "tgw_attachment",
      "provider": "provider[\"registry.terraform.io/hashicorp/aws\"]",
      "instances": [
        {
          "schema_version": 0,
          "attributes": {
            "appliance_mode_support": "disable",
            "dns_support": "enable",
            "id": "tgw-attach-02fb68d136931e4a8",
            "ipv6_support": "disable",
            "subnet_ids": [
              "subnet-048f698f89d48ebd5",
              "subnet-077ab118678059ebe"
            ],
            "tags": {},
            "tags_all": {},
            "transit_gateway_default_route_table_association": false,
            "transit_gateway_default_route_table_propagation": false,
            "transit_gateway_id": "tgw-051c83c4cd925d1ff",
            "vpc_id": "vpc-0676eb1eb96d963c0",
            "vpc_owner_id": "535928845597"
          },
          "sensitive_attributes": [],
          "private": "bnVsbA==",
          "dependencies": [
            "aws_ec2_transit_gateway.tgw",
            "module.security_vpc.aws_subnet.subnet",
            "module.security_vpc.aws_vpc.vpc",
            "module.security_vpc.data.aws_availability_zones.available"
          ]
        }
      ]
    },
    {
      "module": "module.security_vpc",
      "mode": "managed",
      "type": "aws_eip",
      "name": "nat_eip",
      "provider": "provider[\"registry.terraform.io/hashicorp/aws\"]",
      "instances": [
        {
          "index_key": 0,
          "schema_version": 0,
          "attributes": {
            "address": null,
            "allocation_id": "eipalloc-0f26e7b2e45241c77",
            "associate_with_private_ip": null,
            "association_id": "eipassoc-00f1e4b32ff4e7579",
            "carrier_ip": "",
            "customer_owned_ip": "",
            "customer_owned_ipv4_pool": "",
            "domain": "vpc",
            "id": "eipalloc-0f26e7b2e45241c77",
            "instance": "",
            "network_border_group": "us-west-2",
            "network_interface": "eni-0674ac285c850f89a",
            "private_dns": "ip-10-1-48-76.us-west-2.compute.internal",
            "private_ip": "10.1.48.76",
            "public_dns": "ec2-54-69-248-252.us-west-2.compute.amazonaws.com",
            "public_ip": "54.69.248.252",
            "public_ipv4_pool": "amazon",
            "tags": {},
            "tags_all": {},
            "timeouts": null,
            "vpc": true
          },
          "sensitive_attributes": [],
          "private": "eyJlMmJmYjczMC1lY2FhLTExZTYtOGY4OC0zNDM2M2JjN2M0YzAiOnsiZGVsZXRlIjoxODAwMDAwMDAwMDAsInJlYWQiOjkwMDAwMDAwMDAwMCwidXBkYXRlIjozMDAwMDAwMDAwMDB9fQ==",
          "dependencies": [
            "module.security_vpc.data.aws_availability_zones.available"
          ]
        },
        {
          "index_key": 1,
          "schema_version": 0,
          "attributes": {
            "address": null,
            "allocation_id": "eipalloc-054f459b1982b2a12",
            "associate_with_private_ip": null,
            "association_id": "eipassoc-002005c07ef1ec474",
            "carrier_ip": "",
            "customer_owned_ip": "",
            "customer_owned_ipv4_pool": "",
            "domain": "vpc",
            "id": "eipalloc-054f459b1982b2a12",
            "instance": "",
            "network_border_group": "us-west-2",
            "network_interface": "eni-0121c545a32bc6634",
            "private_dns": "ip-10-1-48-87.us-west-2.compute.internal",
            "private_ip": "10.1.48.87",
            "public_dns": "ec2-34-209-108-123.us-west-2.compute.amazonaws.com",
            "public_ip": "34.209.108.123",
            "public_ipv4_pool": "amazon",
            "tags": {},
            "tags_all": {},
            "timeouts": null,
            "vpc": true
          },
          "sensitive_attributes": [],
          "private": "eyJlMmJmYjczMC1lY2FhLTExZTYtOGY4OC0zNDM2M2JjN2M0YzAiOnsiZGVsZXRlIjoxODAwMDAwMDAwMDAsInJlYWQiOjkwMDAwMDAwMDAwMCwidXBkYXRlIjozMDAwMDAwMDAwMDB9fQ==",
          "dependencies": [
            "module.security_vpc.data.aws_availability_zones.available"
          ]
        }
      ]
    },
    {
      "module": "module.security_vpc",
      "mode": "managed",
      "type": "aws_eip",
      "name": "palo_alto_mgmt_eip",
      "provider": "provider[\"registry.terraform.io/hashicorp/aws\"]",
      "instances": [
        {
          "index_key": 0,
          "schema_version": 0,
          "attributes": {
            "address": null,
            "allocation_id": "eipalloc-0498f6d3b349c9a21",
            "associate_with_private_ip": null,
            "association_id": "eipassoc-0a2eaa27ee44b70dd",
            "carrier_ip": "",
            "customer_owned_ip": "",
            "customer_owned_ipv4_pool": "",
            "domain": "vpc",
            "id": "eipalloc-0498f6d3b349c9a21",
            "instance": "i-093f4ef9b0503a802",
            "network_border_group": "us-west-2",
            "network_interface": "eni-043bcbcb51499226f",
            "private_dns": "ip-10-1-48-8.us-west-2.compute.internal",
            "private_ip": "10.1.48.8",
            "public_dns": "ec2-34-218-102-40.us-west-2.compute.amazonaws.com",
            "public_ip": "34.218.102.40",
            "public_ipv4_pool": "amazon",
            "tags": {
              "Name": "palo-alto-fw-mgmt-eip-1"
            },
            "tags_all": {
              "Name": "palo-alto-fw-mgmt-eip-1"
            },
            "timeouts": null,
            "vpc": true
          },
          "sensitive_attributes": [],
          "private": "eyJlMmJmYjczMC1lY2FhLTExZTYtOGY4OC0zNDM2M2JjN2M0YzAiOnsiZGVsZXRlIjoxODAwMDAwMDAwMDAsInJlYWQiOjkwMDAwMDAwMDAwMCwidXBkYXRlIjozMDAwMDAwMDAwMDB9fQ==",
          "dependencies": [
            "aws_key_pair.ssh_key",
            "module.security_vpc.aws_instance.palo_alto_fw",
            "module.security_vpc.aws_network_interface.palo_alto_primary_eni",
            "module.security_vpc.aws_network_interface.palo_alto_secondary_eni",
            "module.security_vpc.aws_security_group.palo_alto_mgmt_sg",
            "module.security_vpc.aws_subnet.subnet",
            "module.security_vpc.aws_vpc.vpc",
            "module.security_vpc.data.aws_ami.palo_alto_fw",
            "module.security_vpc.data.aws_availability_zones.available",
            "random_string.my_secret",
            "tls_private_key.ssh_key"
          ]
        },
        {
          "index_key": 1,
          "schema_version": 0,
          "attributes": {
            "address": null,
            "allocation_id": "eipalloc-0fe0eba6bb4b97341",
            "associate_with_private_ip": null,
            "association_id": "eipassoc-0e5d779caad820af7",
            "carrier_ip": "",
            "customer_owned_ip": "",
            "customer_owned_ipv4_pool": "",
            "domain": "vpc",
            "id": "eipalloc-0fe0eba6bb4b97341",
            "instance": "i-0d94743d074a5a4b7",
            "network_border_group": "us-west-2",
            "network_interface": "eni-0bf11929caabfd303",
            "private_dns": "ip-10-1-48-20.us-west-2.compute.internal",
            "private_ip": "10.1.48.20",
            "public_dns": "ec2-54-201-230-51.us-west-2.compute.amazonaws.com",
            "public_ip": "54.201.230.51",
            "public_ipv4_pool": "amazon",
            "tags": {
              "Name": "palo-alto-fw-mgmt-eip-2"
            },
            "tags_all": {
              "Name": "palo-alto-fw-mgmt-eip-2"
            },
            "timeouts": null,
            "vpc": true
          },
          "sensitive_attributes": [],
          "private": "eyJlMmJmYjczMC1lY2FhLTExZTYtOGY4OC0zNDM2M2JjN2M0YzAiOnsiZGVsZXRlIjoxODAwMDAwMDAwMDAsInJlYWQiOjkwMDAwMDAwMDAwMCwidXBkYXRlIjozMDAwMDAwMDAwMDB9fQ==",
          "dependencies": [
            "aws_key_pair.ssh_key",
            "module.security_vpc.aws_instance.palo_alto_fw",
            "module.security_vpc.aws_network_interface.palo_alto_primary_eni",
            "module.security_vpc.aws_network_interface.palo_alto_secondary_eni",
            "module.security_vpc.aws_security_group.palo_alto_mgmt_sg",
            "module.security_vpc.aws_subnet.subnet",
            "module.security_vpc.aws_vpc.vpc",
            "module.security_vpc.data.aws_ami.palo_alto_fw",
            "module.security_vpc.data.aws_availability_zones.available",
            "random_string.my_secret",
            "tls_private_key.ssh_key"
          ]
        }
      ]
    },
    {
      "module": "module.security_vpc",
      "mode": "managed",
      "type": "aws_eip_association",
      "name": "palo_alto_mgmt_eip_association",
      "provider": "provider[\"registry.terraform.io/hashicorp/aws\"]",
      "instances": [
        {
          "index_key": 0,
          "schema_version": 0,
          "attributes": {
            "allocation_id": "eipalloc-0498f6d3b349c9a21",
            "allow_reassociation": null,
            "id": "eipassoc-0a2eaa27ee44b70dd",
            "instance_id": "i-093f4ef9b0503a802",
            "network_interface_id": "eni-043bcbcb51499226f",
            "private_ip_address": "10.1.48.8",
            "public_ip": "34.218.102.40"
          },
          "sensitive_attributes": [],
          "private": "bnVsbA==",
          "dependencies": [
            "aws_key_pair.ssh_key",
            "module.security_vpc.aws_eip.palo_alto_mgmt_eip",
            "module.security_vpc.aws_instance.palo_alto_fw",
            "module.security_vpc.aws_network_interface.palo_alto_primary_eni",
            "module.security_vpc.aws_network_interface.palo_alto_secondary_eni",
            "module.security_vpc.aws_security_group.palo_alto_mgmt_sg",
            "module.security_vpc.aws_subnet.subnet",
            "module.security_vpc.aws_vpc.vpc",
            "module.security_vpc.data.aws_ami.palo_alto_fw",
            "module.security_vpc.data.aws_availability_zones.available",
            "random_string.my_secret",
            "tls_private_key.ssh_key"
          ]
        },
        {
          "index_key": 1,
          "schema_version": 0,
          "attributes": {
            "allocation_id": "eipalloc-0fe0eba6bb4b97341",
            "allow_reassociation": null,
            "id": "eipassoc-0e5d779caad820af7",
            "instance_id": "i-0d94743d074a5a4b7",
            "network_interface_id": "eni-0bf11929caabfd303",
            "private_ip_address": "10.1.48.20",
            "public_ip": "54.201.230.51"
          },
          "sensitive_attributes": [],
          "private": "bnVsbA==",
          "dependencies": [
            "aws_key_pair.ssh_key",
            "module.security_vpc.aws_eip.palo_alto_mgmt_eip",
            "module.security_vpc.aws_instance.palo_alto_fw",
            "module.security_vpc.aws_network_interface.palo_alto_primary_eni",
            "module.security_vpc.aws_network_interface.palo_alto_secondary_eni",
            "module.security_vpc.aws_security_group.palo_alto_mgmt_sg",
            "module.security_vpc.aws_subnet.subnet",
            "module.security_vpc.aws_vpc.vpc",
            "module.security_vpc.data.aws_ami.palo_alto_fw",
            "module.security_vpc.data.aws_availability_zones.available",
            "random_string.my_secret",
            "tls_private_key.ssh_key"
          ]
        }
      ]
    },
    {
      "module": "module.security_vpc",
      "mode": "managed",
      "type": "aws_instance",
      "name": "palo_alto_fw",
      "provider": "provider[\"registry.terraform.io/hashicorp/aws\"]",
      "instances": [
        {
          "index_key": 0,
          "schema_version": 1,
          "attributes": {
            "ami": "ami-014b37d6e4743d434",
            "arn": "arn:aws:ec2:us-west-2:535928845597:instance/i-093f4ef9b0503a802",
            "associate_public_ip_address": true,
            "availability_zone": "us-west-2a",
            "capacity_reservation_specification": [
              {
                "capacity_reservation_preference": "open",
                "capacity_reservation_target": []
              }
            ],
            "cpu_core_count": 2,
            "cpu_options": [
              {
                "amd_sev_snp": "",
                "core_count": 2,
                "threads_per_core": 2
              }
            ],
            "cpu_threads_per_core": 2,
            "credit_specification": [],
            "disable_api_stop": false,
            "disable_api_termination": false,
            "ebs_block_device": [],
            "ebs_optimized": false,
            "enclave_options": [
              {
                "enabled": false
              }
            ],
            "ephemeral_block_device": [],
            "get_password_data": false,
            "hibernation": false,
            "host_id": "",
            "host_resource_group_arn": null,
            "iam_instance_profile": "",
            "id": "i-093f4ef9b0503a802",
            "instance_initiated_shutdown_behavior": "stop",
            "instance_lifecycle": "",
            "instance_market_options": [],
            "instance_state": "running",
            "instance_type": "m5.xlarge",
            "ipv6_address_count": 1,
            "ipv6_addresses": [
              "2600:1f14:3f59:7d00:826b:93cf:1a3d:cf51"
            ],
            "key_name": "my_ssh_key",
            "launch_template": [],
            "maintenance_options": [
              {
                "auto_recovery": "default"
              }
            ],
            "metadata_options": [
              {
                "http_endpoint": "enabled",
                "http_protocol_ipv6": "disabled",
                "http_put_response_hop_limit": 1,
                "http_tokens": "optional",
                "instance_metadata_tags": "disabled"
              }
            ],
            "monitoring": false,
            "network_interface": [
              {
                "delete_on_termination": false,
                "device_index": 0,
                "network_card_index": 0,
                "network_interface_id": "eni-043bcbcb51499226f"
              },
              {
                "delete_on_termination": false,
                "device_index": 1,
                "network_card_index": 0,
                "network_interface_id": "eni-00d165a9845982cfb"
              }
            ],
            "outpost_arn": "",
            "password_data": "",
            "placement_group": "",
            "placement_partition_number": 0,
            "primary_network_interface_id": "eni-043bcbcb51499226f",
            "private_dns": "ip-10-1-48-8.us-west-2.compute.internal",
            "private_dns_name_options": [
              {
                "enable_resource_name_dns_a_record": false,
                "enable_resource_name_dns_aaaa_record": false,
                "hostname_type": "ip-name"
              }
            ],
            "private_ip": "10.1.48.8",
            "public_dns": "ec2-34-218-102-40.us-west-2.compute.amazonaws.com",
            "public_ip": "34.218.102.40",
            "root_block_device": [
              {
                "delete_on_termination": false,
                "device_name": "/dev/xvda",
                "encrypted": false,
                "iops": 180,
                "kms_key_id": "",
                "tags": {},
                "throughput": 0,
                "volume_id": "vol-0e3bd0c124c9e2a54",
                "volume_size": 60,
                "volume_type": "gp2"
              }
            ],
            "secondary_private_ips": [],
            "security_groups": [],
            "source_dest_check": true,
            "spot_instance_request_id": "",
            "subnet_id": "subnet-025145aab2de5ae38",
            "tags": {
              "Name": "palo-alto-fw-1"
            },
            "tags_all": {
              "Name": "palo-alto-fw-1"
            },
            "tenancy": "default",
            "timeouts": null,
            "user_data": "a886e205e798b28fec052f554fc7ef60abd52084",
            "user_data_base64": null,
            "user_data_replace_on_change": false,
            "volume_tags": null,
            "vpc_security_group_ids": [
              "sg-068d2eed5edc244dc"
            ]
          },
          "sensitive_attributes": [],
          "private": "eyJlMmJmYjczMC1lY2FhLTExZTYtOGY4OC0zNDM2M2JjN2M0YzAiOnsiY3JlYXRlIjo2MDAwMDAwMDAwMDAsImRlbGV0ZSI6MTIwMDAwMDAwMDAwMCwidXBkYXRlIjo2MDAwMDAwMDAwMDB9LCJzY2hlbWFfdmVyc2lvbiI6IjEifQ==",
          "dependencies": [
            "aws_key_pair.ssh_key",
            "module.security_vpc.aws_network_interface.palo_alto_primary_eni",
            "module.security_vpc.aws_network_interface.palo_alto_secondary_eni",
            "module.security_vpc.aws_security_group.palo_alto_mgmt_sg",
            "module.security_vpc.aws_subnet.subnet",
            "module.security_vpc.aws_vpc.vpc",
            "module.security_vpc.data.aws_ami.palo_alto_fw",
            "module.security_vpc.data.aws_availability_zones.available",
            "random_string.my_secret",
            "tls_private_key.ssh_key"
          ]
        },
        {
          "index_key": 1,
          "schema_version": 1,
          "attributes": {
            "ami": "ami-014b37d6e4743d434",
            "arn": "arn:aws:ec2:us-west-2:535928845597:instance/i-0d94743d074a5a4b7",
            "associate_public_ip_address": true,
            "availability_zone": "us-west-2b",
            "capacity_reservation_specification": [
              {
                "capacity_reservation_preference": "open",
                "capacity_reservation_target": []
              }
            ],
            "cpu_core_count": 2,
            "cpu_options": [
              {
                "amd_sev_snp": "",
                "core_count": 2,
                "threads_per_core": 2
              }
            ],
            "cpu_threads_per_core": 2,
            "credit_specification": [],
            "disable_api_stop": false,
            "disable_api_termination": false,
            "ebs_block_device": [],
            "ebs_optimized": false,
            "enclave_options": [
              {
                "enabled": false
              }
            ],
            "ephemeral_block_device": [],
            "get_password_data": false,
            "hibernation": false,
            "host_id": "",
            "host_resource_group_arn": null,
            "iam_instance_profile": "",
            "id": "i-0d94743d074a5a4b7",
            "instance_initiated_shutdown_behavior": "stop",
            "instance_lifecycle": "",
            "instance_market_options": [],
            "instance_state": "running",
            "instance_type": "m5.xlarge",
            "ipv6_address_count": 1,
            "ipv6_addresses": [
              "2600:1f14:3f59:7d01:21c2:b52e:24d8:99ff"
            ],
            "key_name": "my_ssh_key",
            "launch_template": [],
            "maintenance_options": [
              {
                "auto_recovery": "default"
              }
            ],
            "metadata_options": [
              {
                "http_endpoint": "enabled",
                "http_protocol_ipv6": "disabled",
                "http_put_response_hop_limit": 1,
                "http_tokens": "optional",
                "instance_metadata_tags": "disabled"
              }
            ],
            "monitoring": false,
            "network_interface": [
              {
                "delete_on_termination": false,
                "device_index": 0,
                "network_card_index": 0,
                "network_interface_id": "eni-0bf11929caabfd303"
              },
              {
                "delete_on_termination": false,
                "device_index": 1,
                "network_card_index": 0,
                "network_interface_id": "eni-0cc7a14cfd9c3fc02"
              }
            ],
            "outpost_arn": "",
            "password_data": "",
            "placement_group": "",
            "placement_partition_number": 0,
            "primary_network_interface_id": "eni-0bf11929caabfd303",
            "private_dns": "ip-10-1-48-20.us-west-2.compute.internal",
            "private_dns_name_options": [
              {
                "enable_resource_name_dns_a_record": false,
                "enable_resource_name_dns_aaaa_record": false,
                "hostname_type": "ip-name"
              }
            ],
            "private_ip": "10.1.48.20",
            "public_dns": "ec2-54-201-230-51.us-west-2.compute.amazonaws.com",
            "public_ip": "54.201.230.51",
            "root_block_device": [
              {
                "delete_on_termination": false,
                "device_name": "/dev/xvda",
                "encrypted": false,
                "iops": 180,
                "kms_key_id": "",
                "tags": {},
                "throughput": 0,
                "volume_id": "vol-0f72dc81aef92a07c",
                "volume_size": 60,
                "volume_type": "gp2"
              }
            ],
            "secondary_private_ips": [],
            "security_groups": [],
            "source_dest_check": true,
            "spot_instance_request_id": "",
            "subnet_id": "subnet-011041fe853bda575",
            "tags": {
              "Name": "palo-alto-fw-2"
            },
            "tags_all": {
              "Name": "palo-alto-fw-2"
            },
            "tenancy": "default",
            "timeouts": null,
            "user_data": "a886e205e798b28fec052f554fc7ef60abd52084",
            "user_data_base64": null,
            "user_data_replace_on_change": false,
            "volume_tags": null,
            "vpc_security_group_ids": [
              "sg-068d2eed5edc244dc"
            ]
          },
          "sensitive_attributes": [],
          "private": "eyJlMmJmYjczMC1lY2FhLTExZTYtOGY4OC0zNDM2M2JjN2M0YzAiOnsiY3JlYXRlIjo2MDAwMDAwMDAwMDAsImRlbGV0ZSI6MTIwMDAwMDAwMDAwMCwidXBkYXRlIjo2MDAwMDAwMDAwMDB9LCJzY2hlbWFfdmVyc2lvbiI6IjEifQ==",
          "dependencies": [
            "aws_key_pair.ssh_key",
            "module.security_vpc.aws_network_interface.palo_alto_primary_eni",
            "module.security_vpc.aws_network_interface.palo_alto_secondary_eni",
            "module.security_vpc.aws_security_group.palo_alto_mgmt_sg",
            "module.security_vpc.aws_subnet.subnet",
            "module.security_vpc.aws_vpc.vpc",
            "module.security_vpc.data.aws_ami.palo_alto_fw",
            "module.security_vpc.data.aws_availability_zones.available",
            "random_string.my_secret",
            "tls_private_key.ssh_key"
          ]
        }
      ]
    },
    {
      "module": "module.security_vpc",
      "mode": "managed",
      "type": "aws_internet_gateway",
      "name": "igw",
      "provider": "provider[\"registry.terraform.io/hashicorp/aws\"]",
      "instances": [
        {
          "schema_version": 0,
          "attributes": {
            "arn": "arn:aws:ec2:us-west-2:535928845597:internet-gateway/igw-0a149b4c2503717f2",
            "id": "igw-0a149b4c2503717f2",
            "owner_id": "535928845597",
            "tags": {
              "Name": "security-vpc-igw"
            },
            "tags_all": {
              "Name": "security-vpc-igw"
            },
            "timeouts": null,
            "vpc_id": "vpc-0676eb1eb96d963c0"
          },
          "sensitive_attributes": [],
          "private": "eyJlMmJmYjczMC1lY2FhLTExZTYtOGY4OC0zNDM2M2JjN2M0YzAiOnsiY3JlYXRlIjoxMjAwMDAwMDAwMDAwLCJkZWxldGUiOjEyMDAwMDAwMDAwMDAsInVwZGF0ZSI6MTIwMDAwMDAwMDAwMH19",
          "dependencies": [
            "module.security_vpc.aws_vpc.vpc"
          ]
        }
      ]
    },
    {
      "module": "module.security_vpc",
      "mode": "managed",
      "type": "aws_lb",
      "name": "gwlb",
      "provider": "provider[\"registry.terraform.io/hashicorp/aws\"]",
      "instances": [
        {
          "schema_version": 0,
          "attributes": {
            "access_logs": [
              {
                "bucket": "",
                "enabled": false,
                "prefix": ""
              }
            ],
            "arn": "arn:aws:elasticloadbalancing:us-west-2:535928845597:loadbalancer/gwy/security-vpc-gwlb/f22be71654b0ab72",
            "arn_suffix": "gwy/security-vpc-gwlb/f22be71654b0ab72",
            "customer_owned_ipv4_pool": "",
            "desync_mitigation_mode": null,
            "dns_name": "",
            "drop_invalid_header_fields": false,
            "enable_cross_zone_load_balancing": false,
            "enable_deletion_protection": false,
            "enable_http2": true,
            "enable_tls_version_and_cipher_suite_headers": null,
            "enable_waf_fail_open": false,
            "enable_xff_client_port": null,
            "id": "arn:aws:elasticloadbalancing:us-west-2:535928845597:loadbalancer/gwy/security-vpc-gwlb/f22be71654b0ab72",
            "idle_timeout": 60,
            "internal": false,
            "ip_address_type": "ipv4",
            "load_balancer_type": "gateway",
            "name": "security-vpc-gwlb",
            "name_prefix": null,
            "preserve_host_header": null,
            "security_groups": [],
            "subnet_mapping": [
              {
                "allocation_id": "",
                "ipv6_address": "",
                "outpost_id": "",
                "private_ipv4_address": "",
                "subnet_id": "subnet-011041fe853bda575"
              },
              {
                "allocation_id": "",
                "ipv6_address": "",
                "outpost_id": "",
                "private_ipv4_address": "",
                "subnet_id": "subnet-025145aab2de5ae38"
              }
            ],
            "subnets": [
              "subnet-011041fe853bda575",
              "subnet-025145aab2de5ae38"
            ],
            "tags": {
              "Name": "security-vpc-gwlb"
            },
            "tags_all": {
              "Name": "security-vpc-gwlb"
            },
            "timeouts": null,
            "vpc_id": "vpc-0676eb1eb96d963c0",
            "xff_header_processing_mode": null,
            "zone_id": ""
          },
          "sensitive_attributes": [],
          "private": "eyJlMmJmYjczMC1lY2FhLTExZTYtOGY4OC0zNDM2M2JjN2M0YzAiOnsiY3JlYXRlIjo2MDAwMDAwMDAwMDAsImRlbGV0ZSI6NjAwMDAwMDAwMDAwLCJ1cGRhdGUiOjYwMDAwMDAwMDAwMH19",
          "dependencies": [
            "module.security_vpc.aws_subnet.subnet",
            "module.security_vpc.aws_vpc.vpc",
            "module.security_vpc.data.aws_availability_zones.available"
          ]
        }
      ]
    },
    {
      "module": "module.security_vpc",
      "mode": "managed",
      "type": "aws_lb_target_group",
      "name": "gwlb_tg",
      "provider": "provider[\"registry.terraform.io/hashicorp/aws\"]",
      "instances": [
        {
          "schema_version": 0,
          "attributes": {
            "arn": "arn:aws:elasticloadbalancing:us-west-2:535928845597:targetgroup/security-vpc-gwlb-tg/0083e4110cca7e7a48",
            "arn_suffix": "targetgroup/security-vpc-gwlb-tg/0083e4110cca7e7a48",
            "connection_termination": false,
            "deregistration_delay": "300",
            "health_check": [
              {
                "enabled": true,
                "healthy_threshold": 3,
                "interval": 30,
                "matcher": "",
                "path": "",
                "port": "traffic-port",
                "protocol": "TCP",
                "timeout": 5,
                "unhealthy_threshold": 3
              }
            ],
            "id": "arn:aws:elasticloadbalancing:us-west-2:535928845597:targetgroup/security-vpc-gwlb-tg/0083e4110cca7e7a48",
            "ip_address_type": "",
            "lambda_multi_value_headers_enabled": false,
            "load_balancing_algorithm_type": null,
            "load_balancing_cross_zone_enabled": null,
            "name": "security-vpc-gwlb-tg",
            "name_prefix": null,
            "port": 6081,
            "preserve_client_ip": null,
            "protocol": "GENEVE",
            "protocol_version": null,
            "proxy_protocol_v2": false,
            "slow_start": 0,
            "stickiness": [
              {
                "cookie_duration": 0,
                "cookie_name": "",
                "enabled": false,
                "type": "source_ip_dest_ip_proto"
              }
            ],
            "tags": {},
            "tags_all": {},
            "target_failover": [
              {
                "on_deregistration": "no_rebalance",
                "on_unhealthy": "no_rebalance"
              }
            ],
            "target_type": "instance",
            "vpc_id": "vpc-0676eb1eb96d963c0"
          },
          "sensitive_attributes": [],
          "private": "bnVsbA==",
          "dependencies": [
            "module.security_vpc.aws_vpc.vpc"
          ]
        }
      ]
    },
    {
      "module": "module.security_vpc",
      "mode": "managed",
      "type": "aws_lb_target_group_attachment",
      "name": "gwlb_tg_attachment",
      "provider": "provider[\"registry.terraform.io/hashicorp/aws\"]",
      "instances": [
        {
          "index_key": 0,
          "schema_version": 0,
          "attributes": {
            "availability_zone": null,
            "id": "arn:aws:elasticloadbalancing:us-west-2:535928845597:targetgroup/security-vpc-gwlb-tg/0083e4110cca7e7a48-20231017150942599300000014",
            "port": 6081,
            "target_group_arn": "arn:aws:elasticloadbalancing:us-west-2:535928845597:targetgroup/security-vpc-gwlb-tg/0083e4110cca7e7a48",
            "target_id": "i-093f4ef9b0503a802"
          },
          "sensitive_attributes": [],
          "private": "bnVsbA==",
          "dependencies": [
            "aws_key_pair.ssh_key",
            "module.security_vpc.aws_instance.palo_alto_fw",
            "module.security_vpc.aws_lb_target_group.gwlb_tg",
            "module.security_vpc.aws_network_interface.palo_alto_primary_eni",
            "module.security_vpc.aws_network_interface.palo_alto_secondary_eni",
            "module.security_vpc.aws_security_group.palo_alto_mgmt_sg",
            "module.security_vpc.aws_subnet.subnet",
            "module.security_vpc.aws_vpc.vpc",
            "module.security_vpc.data.aws_ami.palo_alto_fw",
            "module.security_vpc.data.aws_availability_zones.available",
            "random_string.my_secret",
            "tls_private_key.ssh_key"
          ]
        },
        {
          "index_key": 1,
          "schema_version": 0,
          "attributes": {
            "availability_zone": null,
            "id": "arn:aws:elasticloadbalancing:us-west-2:535928845597:targetgroup/security-vpc-gwlb-tg/0083e4110cca7e7a48-20231017150942346100000013",
            "port": 6081,
            "target_group_arn": "arn:aws:elasticloadbalancing:us-west-2:535928845597:targetgroup/security-vpc-gwlb-tg/0083e4110cca7e7a48",
            "target_id": "i-0d94743d074a5a4b7"
          },
          "sensitive_attributes": [],
          "private": "bnVsbA==",
          "dependencies": [
            "aws_key_pair.ssh_key",
            "module.security_vpc.aws_instance.palo_alto_fw",
            "module.security_vpc.aws_lb_target_group.gwlb_tg",
            "module.security_vpc.aws_network_interface.palo_alto_primary_eni",
            "module.security_vpc.aws_network_interface.palo_alto_secondary_eni",
            "module.security_vpc.aws_security_group.palo_alto_mgmt_sg",
            "module.security_vpc.aws_subnet.subnet",
            "module.security_vpc.aws_vpc.vpc",
            "module.security_vpc.data.aws_ami.palo_alto_fw",
            "module.security_vpc.data.aws_availability_zones.available",
            "random_string.my_secret",
            "tls_private_key.ssh_key"
          ]
        }
      ]
    },
    {
      "module": "module.security_vpc",
      "mode": "managed",
      "type": "aws_nat_gateway",
      "name": "nat_gw",
      "provider": "provider[\"registry.terraform.io/hashicorp/aws\"]",
      "instances": [
        {
          "index_key": 0,
          "schema_version": 0,
          "attributes": {
            "allocation_id": "eipalloc-0f26e7b2e45241c77",
            "association_id": "eipassoc-00f1e4b32ff4e7579",
            "connectivity_type": "public",
            "id": "nat-0b72b37c0536d0698",
            "network_interface_id": "eni-0674ac285c850f89a",
            "private_ip": "10.1.48.76",
            "public_ip": "54.69.248.252",
            "secondary_allocation_ids": [],
            "secondary_private_ip_address_count": 0,
            "secondary_private_ip_addresses": [],
            "subnet_id": "subnet-05ec38b9ba30cbda9",
            "tags": {},
            "tags_all": {},
            "timeouts": null
          },
          "sensitive_attributes": [],
          "private": "eyJlMmJmYjczMC1lY2FhLTExZTYtOGY4OC0zNDM2M2JjN2M0YzAiOnsiY3JlYXRlIjo2MDAwMDAwMDAwMDAsImRlbGV0ZSI6MTgwMDAwMDAwMDAwMCwidXBkYXRlIjo2MDAwMDAwMDAwMDB9fQ==",
          "dependencies": [
            "module.security_vpc.aws_eip.nat_eip",
            "module.security_vpc.aws_subnet.subnet",
            "module.security_vpc.aws_vpc.vpc",
            "module.security_vpc.data.aws_availability_zones.available"
          ]
        },
        {
          "index_key": 1,
          "schema_version": 0,
          "attributes": {
            "allocation_id": "eipalloc-054f459b1982b2a12",
            "association_id": "eipassoc-002005c07ef1ec474",
            "connectivity_type": "public",
            "id": "nat-06b795959ac52c20c",
            "network_interface_id": "eni-0121c545a32bc6634",
            "private_ip": "10.1.48.87",
            "public_ip": "34.209.108.123",
            "secondary_allocation_ids": [],
            "secondary_private_ip_address_count": 0,
            "secondary_private_ip_addresses": [],
            "subnet_id": "subnet-08cf4b617bd5077e1",
            "tags": {},
            "tags_all": {},
            "timeouts": null
          },
          "sensitive_attributes": [],
          "private": "eyJlMmJmYjczMC1lY2FhLTExZTYtOGY4OC0zNDM2M2JjN2M0YzAiOnsiY3JlYXRlIjo2MDAwMDAwMDAwMDAsImRlbGV0ZSI6MTgwMDAwMDAwMDAwMCwidXBkYXRlIjo2MDAwMDAwMDAwMDB9fQ==",
          "dependencies": [
            "module.security_vpc.aws_eip.nat_eip",
            "module.security_vpc.aws_subnet.subnet",
            "module.security_vpc.aws_vpc.vpc",
            "module.security_vpc.data.aws_availability_zones.available"
          ]
        }
      ]
    },
    {
      "module": "module.security_vpc",
      "mode": "managed",
      "type": "aws_network_interface",
      "name": "palo_alto_primary_eni",
      "provider": "provider[\"registry.terraform.io/hashicorp/aws\"]",
      "instances": [
        {
          "index_key": 0,
          "schema_version": 0,
          "attributes": {
            "arn": "arn:aws:ec2:us-west-2:535928845597:network-interface/eni-043bcbcb51499226f",
            "attachment": [
              {
                "attachment_id": "eni-attach-0b47da1f7a2d576dd",
                "device_index": 0,
                "instance": "i-093f4ef9b0503a802"
              }
            ],
            "description": "",
            "id": "eni-043bcbcb51499226f",
            "interface_type": "interface",
            "ipv4_prefix_count": 0,
            "ipv4_prefixes": [],
            "ipv6_address_count": 1,
            "ipv6_address_list": [
              "2600:1f14:3f59:7d00:826b:93cf:1a3d:cf51"
            ],
            "ipv6_address_list_enabled": false,
            "ipv6_addresses": [
              "2600:1f14:3f59:7d00:826b:93cf:1a3d:cf51"
            ],
            "ipv6_prefix_count": 0,
            "ipv6_prefixes": [],
            "mac_address": "06:36:fc:04:7c:29",
            "outpost_arn": "",
            "owner_id": "535928845597",
            "private_dns_name": "ip-10-1-48-8.us-west-2.compute.internal",
            "private_ip": "10.1.48.8",
            "private_ip_list": [
              "10.1.48.8"
            ],
            "private_ip_list_enabled": false,
            "private_ips": [
              "10.1.48.8"
            ],
            "private_ips_count": 0,
            "security_groups": [
              "sg-068d2eed5edc244dc"
            ],
            "source_dest_check": true,
            "subnet_id": "subnet-025145aab2de5ae38",
            "tags": {
              "Name": "palo-alto-fw-primary-eni-1"
            },
            "tags_all": {
              "Name": "palo-alto-fw-primary-eni-1"
            }
          },
          "sensitive_attributes": [],
          "private": "bnVsbA==",
          "dependencies": [
            "module.security_vpc.aws_security_group.palo_alto_mgmt_sg",
            "module.security_vpc.aws_subnet.subnet",
            "module.security_vpc.aws_vpc.vpc",
            "module.security_vpc.data.aws_availability_zones.available"
          ]
        },
        {
          "index_key": 1,
          "schema_version": 0,
          "attributes": {
            "arn": "arn:aws:ec2:us-west-2:535928845597:network-interface/eni-0bf11929caabfd303",
            "attachment": [
              {
                "attachment_id": "eni-attach-0b6342c90394e8266",
                "device_index": 0,
                "instance": "i-0d94743d074a5a4b7"
              }
            ],
            "description": "",
            "id": "eni-0bf11929caabfd303",
            "interface_type": "interface",
            "ipv4_prefix_count": 0,
            "ipv4_prefixes": [],
            "ipv6_address_count": 1,
            "ipv6_address_list": [
              "2600:1f14:3f59:7d01:21c2:b52e:24d8:99ff"
            ],
            "ipv6_address_list_enabled": false,
            "ipv6_addresses": [
              "2600:1f14:3f59:7d01:21c2:b52e:24d8:99ff"
            ],
            "ipv6_prefix_count": 0,
            "ipv6_prefixes": [],
            "mac_address": "02:c8:d7:76:01:95",
            "outpost_arn": "",
            "owner_id": "535928845597",
            "private_dns_name": "ip-10-1-48-20.us-west-2.compute.internal",
            "private_ip": "10.1.48.20",
            "private_ip_list": [
              "10.1.48.20"
            ],
            "private_ip_list_enabled": false,
            "private_ips": [
              "10.1.48.20"
            ],
            "private_ips_count": 0,
            "security_groups": [
              "sg-068d2eed5edc244dc"
            ],
            "source_dest_check": true,
            "subnet_id": "subnet-011041fe853bda575",
            "tags": {
              "Name": "palo-alto-fw-primary-eni-2"
            },
            "tags_all": {
              "Name": "palo-alto-fw-primary-eni-2"
            }
          },
          "sensitive_attributes": [],
          "private": "bnVsbA==",
          "dependencies": [
            "module.security_vpc.aws_security_group.palo_alto_mgmt_sg",
            "module.security_vpc.aws_subnet.subnet",
            "module.security_vpc.aws_vpc.vpc",
            "module.security_vpc.data.aws_availability_zones.available"
          ]
        }
      ]
    },
    {
      "module": "module.security_vpc",
      "mode": "managed",
      "type": "aws_network_interface",
      "name": "palo_alto_secondary_eni",
      "provider": "provider[\"registry.terraform.io/hashicorp/aws\"]",
      "instances": [
        {
          "index_key": 0,
          "schema_version": 0,
          "attributes": {
            "arn": "arn:aws:ec2:us-west-2:535928845597:network-interface/eni-00d165a9845982cfb",
            "attachment": [
              {
                "attachment_id": "eni-attach-0fffae0909d270e46",
                "device_index": 1,
                "instance": "i-093f4ef9b0503a802"
              }
            ],
            "description": "",
            "id": "eni-00d165a9845982cfb",
            "interface_type": "interface",
            "ipv4_prefix_count": 0,
            "ipv4_prefixes": [],
            "ipv6_address_count": 1,
            "ipv6_address_list": [
              "2600:1f14:3f59:7d02:fdb7:cea6:869a:3043"
            ],
            "ipv6_address_list_enabled": false,
            "ipv6_addresses": [
              "2600:1f14:3f59:7d02:fdb7:cea6:869a:3043"
            ],
            "ipv6_prefix_count": 0,
            "ipv6_prefixes": [],
            "mac_address": "06:f4:c2:f9:46:2f",
            "outpost_arn": "",
            "owner_id": "535928845597",
            "private_dns_name": "ip-10-1-48-38.us-west-2.compute.internal",
            "private_ip": "10.1.48.38",
            "private_ip_list": [
              "10.1.48.38"
            ],
            "private_ip_list_enabled": false,
            "private_ips": [
              "10.1.48.38"
            ],
            "private_ips_count": 0,
            "security_groups": [
              "sg-0aec04deccca50d8d"
            ],
            "source_dest_check": true,
            "subnet_id": "subnet-0353e6089fabb01f5",
            "tags": {
              "Name": "palo-alto-fw-secondary-eni-1"
            },
            "tags_all": {
              "Name": "palo-alto-fw-secondary-eni-1"
            }
          },
          "sensitive_attributes": [],
          "private": "bnVsbA==",
          "dependencies": [
            "module.security_vpc.aws_subnet.subnet",
            "module.security_vpc.aws_vpc.vpc",
            "module.security_vpc.data.aws_availability_zones.available"
          ]
        },
        {
          "index_key": 1,
          "schema_version": 0,
          "attributes": {
            "arn": "arn:aws:ec2:us-west-2:535928845597:network-interface/eni-0cc7a14cfd9c3fc02",
            "attachment": [
              {
                "attachment_id": "eni-attach-02168a4bf6e9432dc",
                "device_index": 1,
                "instance": "i-0d94743d074a5a4b7"
              }
            ],
            "description": "",
            "id": "eni-0cc7a14cfd9c3fc02",
            "interface_type": "interface",
            "ipv4_prefix_count": 0,
            "ipv4_prefixes": [],
            "ipv6_address_count": 1,
            "ipv6_address_list": [
              "2600:1f14:3f59:7d03:ea2e:b12a:83f0:3442"
            ],
            "ipv6_address_list_enabled": false,
            "ipv6_addresses": [
              "2600:1f14:3f59:7d03:ea2e:b12a:83f0:3442"
            ],
            "ipv6_prefix_count": 0,
            "ipv6_prefixes": [],
            "mac_address": "02:4c:0f:0e:4c:d3",
            "outpost_arn": "",
            "owner_id": "535928845597",
            "private_dns_name": "ip-10-1-48-61.us-west-2.compute.internal",
            "private_ip": "10.1.48.61",
            "private_ip_list": [
              "10.1.48.61"
            ],
            "private_ip_list_enabled": false,
            "private_ips": [
              "10.1.48.61"
            ],
            "private_ips_count": 0,
            "security_groups": [
              "sg-0aec04deccca50d8d"
            ],
            "source_dest_check": true,
            "subnet_id": "subnet-0f55e2220809614bf",
            "tags": {
              "Name": "palo-alto-fw-secondary-eni-2"
            },
            "tags_all": {
              "Name": "palo-alto-fw-secondary-eni-2"
            }
          },
          "sensitive_attributes": [],
          "private": "bnVsbA==",
          "dependencies": [
            "module.security_vpc.aws_subnet.subnet",
            "module.security_vpc.aws_vpc.vpc",
            "module.security_vpc.data.aws_availability_zones.available"
          ]
        }
      ]
    },
    {
      "module": "module.security_vpc",
      "mode": "managed",
      "type": "aws_route",
      "name": "nat_route",
      "provider": "provider[\"registry.terraform.io/hashicorp/aws\"]",
      "instances": [
        {
          "index_key": 0,
          "schema_version": 0,
          "attributes": {
            "carrier_gateway_id": "",
            "core_network_arn": "",
            "destination_cidr_block": "0.0.0.0/0",
            "destination_ipv6_cidr_block": "",
            "destination_prefix_list_id": "",
            "egress_only_gateway_id": "",
            "gateway_id": "",
            "id": "r-rtb-0802c5ba36374cd751080289494",
            "instance_id": "",
            "instance_owner_id": "",
            "local_gateway_id": "",
            "nat_gateway_id": "nat-0b72b37c0536d0698",
            "network_interface_id": "",
            "origin": "CreateRoute",
            "route_table_id": "rtb-0802c5ba36374cd75",
            "state": "active",
            "timeouts": null,
            "transit_gateway_id": "",
            "vpc_endpoint_id": "",
            "vpc_peering_connection_id": ""
          },
          "sensitive_attributes": [],
          "private": "eyJlMmJmYjczMC1lY2FhLTExZTYtOGY4OC0zNDM2M2JjN2M0YzAiOnsiY3JlYXRlIjozMDAwMDAwMDAwMDAsImRlbGV0ZSI6MzAwMDAwMDAwMDAwLCJ1cGRhdGUiOjEyMDAwMDAwMDAwMH19",
          "dependencies": [
            "module.security_vpc.aws_eip.nat_eip",
            "module.security_vpc.aws_nat_gateway.nat_gw",
            "module.security_vpc.aws_route_table.nat_route_table",
            "module.security_vpc.aws_subnet.subnet",
            "module.security_vpc.aws_vpc.vpc",
            "module.security_vpc.data.aws_availability_zones.available"
          ]
        },
        {
          "index_key": 1,
          "schema_version": 0,
          "attributes": {
            "carrier_gateway_id": "",
            "core_network_arn": "",
            "destination_cidr_block": "0.0.0.0/0",
            "destination_ipv6_cidr_block": "",
            "destination_prefix_list_id": "",
            "egress_only_gateway_id": "",
            "gateway_id": "",
            "id": "r-rtb-003be8ea09c352e3c1080289494",
            "instance_id": "",
            "instance_owner_id": "",
            "local_gateway_id": "",
            "nat_gateway_id": "nat-06b795959ac52c20c",
            "network_interface_id": "",
            "origin": "CreateRoute",
            "route_table_id": "rtb-003be8ea09c352e3c",
            "state": "active",
            "timeouts": null,
            "transit_gateway_id": "",
            "vpc_endpoint_id": "",
            "vpc_peering_connection_id": ""
          },
          "sensitive_attributes": [],
          "private": "eyJlMmJmYjczMC1lY2FhLTExZTYtOGY4OC0zNDM2M2JjN2M0YzAiOnsiY3JlYXRlIjozMDAwMDAwMDAwMDAsImRlbGV0ZSI6MzAwMDAwMDAwMDAwLCJ1cGRhdGUiOjEyMDAwMDAwMDAwMH19",
          "dependencies": [
            "module.security_vpc.aws_eip.nat_eip",
            "module.security_vpc.aws_nat_gateway.nat_gw",
            "module.security_vpc.aws_route_table.nat_route_table",
            "module.security_vpc.aws_subnet.subnet",
            "module.security_vpc.aws_vpc.vpc",
            "module.security_vpc.data.aws_availability_zones.available"
          ]
        }
      ]
    },
    {
      "module": "module.security_vpc",
      "mode": "managed",
      "type": "aws_route_table",
      "name": "nat_route_table",
      "provider": "provider[\"registry.terraform.io/hashicorp/aws\"]",
      "instances": [
        {
          "index_key": 0,
          "schema_version": 0,
          "attributes": {
            "arn": "arn:aws:ec2:us-west-2:535928845597:route-table/rtb-0802c5ba36374cd75",
            "id": "rtb-0802c5ba36374cd75",
            "owner_id": "535928845597",
            "propagating_vgws": [],
            "route": [
              {
                "carrier_gateway_id": "",
                "cidr_block": "0.0.0.0/0",
                "core_network_arn": "",
                "destination_prefix_list_id": "",
                "egress_only_gateway_id": "",
                "gateway_id": "",
                "ipv6_cidr_block": "",
                "local_gateway_id": "",
                "nat_gateway_id": "nat-0b72b37c0536d0698",
                "network_interface_id": "",
                "transit_gateway_id": "",
                "vpc_endpoint_id": "",
                "vpc_peering_connection_id": ""
              }
            ],
            "tags": {},
            "tags_all": {},
            "timeouts": null,
            "vpc_id": "vpc-0676eb1eb96d963c0"
          },
          "sensitive_attributes": [],
          "private": "eyJlMmJmYjczMC1lY2FhLTExZTYtOGY4OC0zNDM2M2JjN2M0YzAiOnsiY3JlYXRlIjozMDAwMDAwMDAwMDAsImRlbGV0ZSI6MzAwMDAwMDAwMDAwLCJ1cGRhdGUiOjEyMDAwMDAwMDAwMH19",
          "dependencies": [
            "module.security_vpc.aws_vpc.vpc",
            "module.security_vpc.data.aws_availability_zones.available"
          ]
        },
        {
          "index_key": 1,
          "schema_version": 0,
          "attributes": {
            "arn": "arn:aws:ec2:us-west-2:535928845597:route-table/rtb-003be8ea09c352e3c",
            "id": "rtb-003be8ea09c352e3c",
            "owner_id": "535928845597",
            "propagating_vgws": [],
            "route": [
              {
                "carrier_gateway_id": "",
                "cidr_block": "0.0.0.0/0",
                "core_network_arn": "",
                "destination_prefix_list_id": "",
                "egress_only_gateway_id": "",
                "gateway_id": "",
                "ipv6_cidr_block": "",
                "local_gateway_id": "",
                "nat_gateway_id": "nat-06b795959ac52c20c",
                "network_interface_id": "",
                "transit_gateway_id": "",
                "vpc_endpoint_id": "",
                "vpc_peering_connection_id": ""
              }
            ],
            "tags": {},
            "tags_all": {},
            "timeouts": null,
            "vpc_id": "vpc-0676eb1eb96d963c0"
          },
          "sensitive_attributes": [],
          "private": "eyJlMmJmYjczMC1lY2FhLTExZTYtOGY4OC0zNDM2M2JjN2M0YzAiOnsiY3JlYXRlIjozMDAwMDAwMDAwMDAsImRlbGV0ZSI6MzAwMDAwMDAwMDAwLCJ1cGRhdGUiOjEyMDAwMDAwMDAwMH19",
          "dependencies": [
            "module.security_vpc.aws_vpc.vpc",
            "module.security_vpc.data.aws_availability_zones.available"
          ]
        }
      ]
    },
    {
      "module": "module.security_vpc",
      "mode": "managed",
      "type": "aws_route_table",
      "name": "public",
      "provider": "provider[\"registry.terraform.io/hashicorp/aws\"]",
      "instances": [
        {
          "schema_version": 0,
          "attributes": {
            "arn": "arn:aws:ec2:us-west-2:535928845597:route-table/rtb-0144dc2d9572e9acc",
            "id": "rtb-0144dc2d9572e9acc",
            "owner_id": "535928845597",
            "propagating_vgws": [],
            "route": [
              {
                "carrier_gateway_id": "",
                "cidr_block": "0.0.0.0/0",
                "core_network_arn": "",
                "destination_prefix_list_id": "",
                "egress_only_gateway_id": "",
                "gateway_id": "igw-0a149b4c2503717f2",
                "ipv6_cidr_block": "",
                "local_gateway_id": "",
                "nat_gateway_id": "",
                "network_interface_id": "",
                "transit_gateway_id": "",
                "vpc_endpoint_id": "",
                "vpc_peering_connection_id": ""
              }
            ],
            "tags": {
              "Name": "security-vpc-public-rt"
            },
            "tags_all": {
              "Name": "security-vpc-public-rt"
            },
            "timeouts": null,
            "vpc_id": "vpc-0676eb1eb96d963c0"
          },
          "sensitive_attributes": [],
          "private": "eyJlMmJmYjczMC1lY2FhLTExZTYtOGY4OC0zNDM2M2JjN2M0YzAiOnsiY3JlYXRlIjozMDAwMDAwMDAwMDAsImRlbGV0ZSI6MzAwMDAwMDAwMDAwLCJ1cGRhdGUiOjEyMDAwMDAwMDAwMH19",
          "dependencies": [
            "module.security_vpc.aws_internet_gateway.igw",
            "module.security_vpc.aws_vpc.vpc"
          ]
        }
      ]
    },
    {
      "module": "module.security_vpc",
      "mode": "managed",
      "type": "aws_route_table_association",
      "name": "nat_route_table_association",
      "provider": "provider[\"registry.terraform.io/hashicorp/aws\"]",
      "instances": [
        {
          "index_key": 0,
          "schema_version": 0,
          "attributes": {
            "gateway_id": "",
            "id": "rtbassoc-0fe3677c39a48e905",
            "route_table_id": "rtb-0802c5ba36374cd75",
            "subnet_id": "subnet-011041fe853bda575",
            "timeouts": null
          },
          "sensitive_attributes": [],
          "private": "eyJlMmJmYjczMC1lY2FhLTExZTYtOGY4OC0zNDM2M2JjN2M0YzAiOnsiY3JlYXRlIjozMDAwMDAwMDAwMDAsImRlbGV0ZSI6MzAwMDAwMDAwMDAwLCJ1cGRhdGUiOjEyMDAwMDAwMDAwMH19",
          "dependencies": [
            "module.security_vpc.aws_route_table.nat_route_table",
            "module.security_vpc.aws_subnet.subnet",
            "module.security_vpc.aws_vpc.vpc",
            "module.security_vpc.data.aws_availability_zones.available"
          ]
        },
        {
          "index_key": 1,
          "schema_version": 0,
          "attributes": {
            "gateway_id": "",
            "id": "rtbassoc-0b7dcac59ab62d344",
            "route_table_id": "rtb-003be8ea09c352e3c",
            "subnet_id": "subnet-0f55e2220809614bf",
            "timeouts": null
          },
          "sensitive_attributes": [],
          "private": "eyJlMmJmYjczMC1lY2FhLTExZTYtOGY4OC0zNDM2M2JjN2M0YzAiOnsiY3JlYXRlIjozMDAwMDAwMDAwMDAsImRlbGV0ZSI6MzAwMDAwMDAwMDAwLCJ1cGRhdGUiOjEyMDAwMDAwMDAwMH19",
          "dependencies": [
            "module.security_vpc.aws_route_table.nat_route_table",
            "module.security_vpc.aws_subnet.subnet",
            "module.security_vpc.aws_vpc.vpc",
            "module.security_vpc.data.aws_availability_zones.available"
          ]
        }
      ]
    },
    {
      "module": "module.security_vpc",
      "mode": "managed",
      "type": "aws_route_table_association",
      "name": "public",
      "provider": "provider[\"registry.terraform.io/hashicorp/aws\"]",
      "instances": [
        {
          "index_key": 0,
          "schema_version": 0,
          "attributes": {
            "gateway_id": "",
            "id": "rtbassoc-0269c9068c8ed6fed",
            "route_table_id": "rtb-0144dc2d9572e9acc",
            "subnet_id": "subnet-025145aab2de5ae38",
            "timeouts": null
          },
          "sensitive_attributes": [],
          "private": "eyJlMmJmYjczMC1lY2FhLTExZTYtOGY4OC0zNDM2M2JjN2M0YzAiOnsiY3JlYXRlIjozMDAwMDAwMDAwMDAsImRlbGV0ZSI6MzAwMDAwMDAwMDAwLCJ1cGRhdGUiOjEyMDAwMDAwMDAwMH19",
          "dependencies": [
            "module.security_vpc.aws_internet_gateway.igw",
            "module.security_vpc.aws_route_table.public",
            "module.security_vpc.aws_subnet.subnet",
            "module.security_vpc.aws_vpc.vpc",
            "module.security_vpc.data.aws_availability_zones.available"
          ]
        },
        {
          "index_key": 1,
          "schema_version": 0,
          "attributes": {
            "gateway_id": "",
            "id": "rtbassoc-0af1ac3d735ca727d",
            "route_table_id": "rtb-0144dc2d9572e9acc",
            "subnet_id": "subnet-0353e6089fabb01f5",
            "timeouts": null
          },
          "sensitive_attributes": [],
          "private": "eyJlMmJmYjczMC1lY2FhLTExZTYtOGY4OC0zNDM2M2JjN2M0YzAiOnsiY3JlYXRlIjozMDAwMDAwMDAwMDAsImRlbGV0ZSI6MzAwMDAwMDAwMDAwLCJ1cGRhdGUiOjEyMDAwMDAwMDAwMH19",
          "dependencies": [
            "module.security_vpc.aws_internet_gateway.igw",
            "module.security_vpc.aws_route_table.public",
            "module.security_vpc.aws_subnet.subnet",
            "module.security_vpc.aws_vpc.vpc",
            "module.security_vpc.data.aws_availability_zones.available"
          ]
        }
      ]
    },
    {
      "module": "module.security_vpc",
      "mode": "managed",
      "type": "aws_security_group",
      "name": "palo_alto_mgmt_sg",
      "provider": "provider[\"registry.terraform.io/hashicorp/aws\"]",
      "instances": [
        {
          "schema_version": 1,
          "attributes": {
            "arn": "arn:aws:ec2:us-west-2:535928845597:security-group/sg-068d2eed5edc244dc",
            "description": "Managed by Terraform",
            "egress": [],
            "id": "sg-068d2eed5edc244dc",
            "ingress": [
              {
                "cidr_blocks": [
                  "70.120.129.118/32"
                ],
                "description": "",
                "from_port": 22,
                "ipv6_cidr_blocks": [],
                "prefix_list_ids": [],
                "protocol": "tcp",
                "security_groups": [],
                "self": false,
                "to_port": 22
              },
              {
                "cidr_blocks": [
                  "70.120.129.118/32"
                ],
                "description": "",
                "from_port": 443,
                "ipv6_cidr_blocks": [],
                "prefix_list_ids": [],
                "protocol": "tcp",
                "security_groups": [],
                "self": false,
                "to_port": 443
              },
              {
                "cidr_blocks": [
                  "70.120.129.118/32"
                ],
                "description": "",
                "from_port": 8443,
                "ipv6_cidr_blocks": [],
                "prefix_list_ids": [],
                "protocol": "tcp",
                "security_groups": [],
                "self": false,
                "to_port": 8443
              }
            ],
            "name": "palo-alto-mgmt-sg20231017150902827900000002",
            "name_prefix": "palo-alto-mgmt-sg",
            "owner_id": "535928845597",
            "revoke_rules_on_delete": false,
            "tags": {
              "Name": "palo-alto-mgmt-sg"
            },
            "tags_all": {
              "Name": "palo-alto-mgmt-sg"
            },
            "timeouts": null,
            "vpc_id": "vpc-0676eb1eb96d963c0"
          },
          "sensitive_attributes": [],
          "private": "eyJlMmJmYjczMC1lY2FhLTExZTYtOGY4OC0zNDM2M2JjN2M0YzAiOnsiY3JlYXRlIjo2MDAwMDAwMDAwMDAsImRlbGV0ZSI6OTAwMDAwMDAwMDAwfSwic2NoZW1hX3ZlcnNpb24iOiIxIn0=",
          "dependencies": [
            "module.security_vpc.aws_vpc.vpc"
          ]
        }
      ]
    },
    {
      "module": "module.security_vpc",
      "mode": "managed",
      "type": "aws_subnet",
      "name": "subnet",
      "provider": "provider[\"registry.terraform.io/hashicorp/aws\"]",
      "instances": [
        {
          "index_key": "0",
          "schema_version": 1,
          "attributes": {
            "arn": "arn:aws:ec2:us-west-2:535928845597:subnet/subnet-025145aab2de5ae38",
            "assign_ipv6_address_on_creation": true,
            "availability_zone": "us-west-2a",
            "availability_zone_id": "usw2-az2",
            "cidr_block": "10.1.48.0/28",
            "customer_owned_ipv4_pool": "",
            "enable_dns64": false,
            "enable_lni_at_device_index": 0,
            "enable_resource_name_dns_a_record_on_launch": false,
            "enable_resource_name_dns_aaaa_record_on_launch": false,
            "id": "subnet-025145aab2de5ae38",
            "ipv6_cidr_block": "2600:1f14:3f59:7d00::/64",
            "ipv6_cidr_block_association_id": "subnet-cidr-assoc-0a2f399490c918d28",
            "ipv6_native": false,
            "map_customer_owned_ip_on_launch": false,
            "map_public_ip_on_launch": false,
            "outpost_arn": "",
            "owner_id": "535928845597",
            "private_dns_hostname_type_on_launch": "ip-name",
            "tags": {
              "Name": "security-vpc-subnet-us-west-2a-1",
              "Type": "palo_alto"
            },
            "tags_all": {
              "Name": "security-vpc-subnet-us-west-2a-1",
              "Type": "palo_alto"
            },
            "timeouts": null,
            "vpc_id": "vpc-0676eb1eb96d963c0"
          },
          "sensitive_attributes": [],
          "private": "eyJlMmJmYjczMC1lY2FhLTExZTYtOGY4OC0zNDM2M2JjN2M0YzAiOnsiY3JlYXRlIjo2MDAwMDAwMDAwMDAsImRlbGV0ZSI6MTIwMDAwMDAwMDAwMH0sInNjaGVtYV92ZXJzaW9uIjoiMSJ9",
          "dependencies": [
            "module.security_vpc.aws_vpc.vpc",
            "module.security_vpc.data.aws_availability_zones.available"
          ]
        },
        {
          "index_key": "1",
          "schema_version": 1,
          "attributes": {
            "arn": "arn:aws:ec2:us-west-2:535928845597:subnet/subnet-011041fe853bda575",
            "assign_ipv6_address_on_creation": true,
            "availability_zone": "us-west-2b",
            "availability_zone_id": "usw2-az1",
            "cidr_block": "10.1.48.16/28",
            "customer_owned_ipv4_pool": "",
            "enable_dns64": false,
            "enable_lni_at_device_index": 0,
            "enable_resource_name_dns_a_record_on_launch": false,
            "enable_resource_name_dns_aaaa_record_on_launch": false,
            "id": "subnet-011041fe853bda575",
            "ipv6_cidr_block": "2600:1f14:3f59:7d01::/64",
            "ipv6_cidr_block_association_id": "subnet-cidr-assoc-0d42c775b3814ffe0",
            "ipv6_native": false,
            "map_customer_owned_ip_on_launch": false,
            "map_public_ip_on_launch": false,
            "outpost_arn": "",
            "owner_id": "535928845597",
            "private_dns_hostname_type_on_launch": "ip-name",
            "tags": {
              "Name": "security-vpc-subnet-us-west-2b-2",
              "Type": "palo_alto"
            },
            "tags_all": {
              "Name": "security-vpc-subnet-us-west-2b-2",
              "Type": "palo_alto"
            },
            "timeouts": null,
            "vpc_id": "vpc-0676eb1eb96d963c0"
          },
          "sensitive_attributes": [],
          "private": "eyJlMmJmYjczMC1lY2FhLTExZTYtOGY4OC0zNDM2M2JjN2M0YzAiOnsiY3JlYXRlIjo2MDAwMDAwMDAwMDAsImRlbGV0ZSI6MTIwMDAwMDAwMDAwMH0sInNjaGVtYV92ZXJzaW9uIjoiMSJ9",
          "dependencies": [
            "module.security_vpc.aws_vpc.vpc",
            "module.security_vpc.data.aws_availability_zones.available"
          ]
        },
        {
          "index_key": "2",
          "schema_version": 1,
          "attributes": {
            "arn": "arn:aws:ec2:us-west-2:535928845597:subnet/subnet-0353e6089fabb01f5",
            "assign_ipv6_address_on_creation": true,
            "availability_zone": "us-west-2a",
            "availability_zone_id": "usw2-az2",
            "cidr_block": "10.1.48.32/28",
            "customer_owned_ipv4_pool": "",
            "enable_dns64": false,
            "enable_lni_at_device_index": 0,
            "enable_resource_name_dns_a_record_on_launch": false,
            "enable_resource_name_dns_aaaa_record_on_launch": false,
            "id": "subnet-0353e6089fabb01f5",
            "ipv6_cidr_block": "2600:1f14:3f59:7d02::/64",
            "ipv6_cidr_block_association_id": "subnet-cidr-assoc-08d7e5f2f47d7bbaa",
            "ipv6_native": false,
            "map_customer_owned_ip_on_launch": false,
            "map_public_ip_on_launch": false,
            "outpost_arn": "",
            "owner_id": "535928845597",
            "private_dns_hostname_type_on_launch": "ip-name",
            "tags": {
              "Name": "security-vpc-subnet-us-west-2a-3",
              "Type": "palo_alto_gwlb"
            },
            "tags_all": {
              "Name": "security-vpc-subnet-us-west-2a-3",
              "Type": "palo_alto_gwlb"
            },
            "timeouts": null,
            "vpc_id": "vpc-0676eb1eb96d963c0"
          },
          "sensitive_attributes": [],
          "private": "eyJlMmJmYjczMC1lY2FhLTExZTYtOGY4OC0zNDM2M2JjN2M0YzAiOnsiY3JlYXRlIjo2MDAwMDAwMDAwMDAsImRlbGV0ZSI6MTIwMDAwMDAwMDAwMH0sInNjaGVtYV92ZXJzaW9uIjoiMSJ9",
          "dependencies": [
            "module.security_vpc.aws_vpc.vpc",
            "module.security_vpc.data.aws_availability_zones.available"
          ]
        },
        {
          "index_key": "3",
          "schema_version": 1,
          "attributes": {
            "arn": "arn:aws:ec2:us-west-2:535928845597:subnet/subnet-0f55e2220809614bf",
            "assign_ipv6_address_on_creation": true,
            "availability_zone": "us-west-2b",
            "availability_zone_id": "usw2-az1",
            "cidr_block": "10.1.48.48/28",
            "customer_owned_ipv4_pool": "",
            "enable_dns64": false,
            "enable_lni_at_device_index": 0,
            "enable_resource_name_dns_a_record_on_launch": false,
            "enable_resource_name_dns_aaaa_record_on_launch": false,
            "id": "subnet-0f55e2220809614bf",
            "ipv6_cidr_block": "2600:1f14:3f59:7d03::/64",
            "ipv6_cidr_block_association_id": "subnet-cidr-assoc-0f4fa15f2703e2969",
            "ipv6_native": false,
            "map_customer_owned_ip_on_launch": false,
            "map_public_ip_on_launch": false,
            "outpost_arn": "",
            "owner_id": "535928845597",
            "private_dns_hostname_type_on_launch": "ip-name",
            "tags": {
              "Name": "security-vpc-subnet-us-west-2b-4",
              "Type": "palo_alto_gwlb"
            },
            "tags_all": {
              "Name": "security-vpc-subnet-us-west-2b-4",
              "Type": "palo_alto_gwlb"
            },
            "timeouts": null,
            "vpc_id": "vpc-0676eb1eb96d963c0"
          },
          "sensitive_attributes": [],
          "private": "eyJlMmJmYjczMC1lY2FhLTExZTYtOGY4OC0zNDM2M2JjN2M0YzAiOnsiY3JlYXRlIjo2MDAwMDAwMDAwMDAsImRlbGV0ZSI6MTIwMDAwMDAwMDAwMH0sInNjaGVtYV92ZXJzaW9uIjoiMSJ9",
          "dependencies": [
            "module.security_vpc.aws_vpc.vpc",
            "module.security_vpc.data.aws_availability_zones.available"
          ]
        },
        {
          "index_key": "4",
          "schema_version": 1,
          "attributes": {
            "arn": "arn:aws:ec2:us-west-2:535928845597:subnet/subnet-05ec38b9ba30cbda9",
            "assign_ipv6_address_on_creation": true,
            "availability_zone": "us-west-2a",
            "availability_zone_id": "usw2-az2",
            "cidr_block": "10.1.48.64/28",
            "customer_owned_ipv4_pool": "",
            "enable_dns64": false,
            "enable_lni_at_device_index": 0,
            "enable_resource_name_dns_a_record_on_launch": false,
            "enable_resource_name_dns_aaaa_record_on_launch": false,
            "id": "subnet-05ec38b9ba30cbda9",
            "ipv6_cidr_block": "2600:1f14:3f59:7d04::/64",
            "ipv6_cidr_block_association_id": "subnet-cidr-assoc-017bf2c3fe23a8b60",
            "ipv6_native": false,
            "map_customer_owned_ip_on_launch": false,
            "map_public_ip_on_launch": false,
            "outpost_arn": "",
            "owner_id": "535928845597",
            "private_dns_hostname_type_on_launch": "ip-name",
            "tags": {
              "Name": "security-vpc-subnet-us-west-2a-5",
              "Type": "nat_gw"
            },
            "tags_all": {
              "Name": "security-vpc-subnet-us-west-2a-5",
              "Type": "nat_gw"
            },
            "timeouts": null,
            "vpc_id": "vpc-0676eb1eb96d963c0"
          },
          "sensitive_attributes": [],
          "private": "eyJlMmJmYjczMC1lY2FhLTExZTYtOGY4OC0zNDM2M2JjN2M0YzAiOnsiY3JlYXRlIjo2MDAwMDAwMDAwMDAsImRlbGV0ZSI6MTIwMDAwMDAwMDAwMH0sInNjaGVtYV92ZXJzaW9uIjoiMSJ9",
          "dependencies": [
            "module.security_vpc.aws_vpc.vpc",
            "module.security_vpc.data.aws_availability_zones.available"
          ]
        },
        {
          "index_key": "5",
          "schema_version": 1,
          "attributes": {
            "arn": "arn:aws:ec2:us-west-2:535928845597:subnet/subnet-08cf4b617bd5077e1",
            "assign_ipv6_address_on_creation": true,
            "availability_zone": "us-west-2b",
            "availability_zone_id": "usw2-az1",
            "cidr_block": "10.1.48.80/28",
            "customer_owned_ipv4_pool": "",
            "enable_dns64": false,
            "enable_lni_at_device_index": 0,
            "enable_resource_name_dns_a_record_on_launch": false,
            "enable_resource_name_dns_aaaa_record_on_launch": false,
            "id": "subnet-08cf4b617bd5077e1",
            "ipv6_cidr_block": "2600:1f14:3f59:7d05::/64",
            "ipv6_cidr_block_association_id": "subnet-cidr-assoc-05d3d9d77a0705acc",
            "ipv6_native": false,
            "map_customer_owned_ip_on_launch": false,
            "map_public_ip_on_launch": false,
            "outpost_arn": "",
            "owner_id": "535928845597",
            "private_dns_hostname_type_on_launch": "ip-name",
            "tags": {
              "Name": "security-vpc-subnet-us-west-2b-6",
              "Type": "nat_gw"
            },
            "tags_all": {
              "Name": "security-vpc-subnet-us-west-2b-6",
              "Type": "nat_gw"
            },
            "timeouts": null,
            "vpc_id": "vpc-0676eb1eb96d963c0"
          },
          "sensitive_attributes": [],
          "private": "eyJlMmJmYjczMC1lY2FhLTExZTYtOGY4OC0zNDM2M2JjN2M0YzAiOnsiY3JlYXRlIjo2MDAwMDAwMDAwMDAsImRlbGV0ZSI6MTIwMDAwMDAwMDAwMH0sInNjaGVtYV92ZXJzaW9uIjoiMSJ9",
          "dependencies": [
            "module.security_vpc.aws_vpc.vpc",
            "module.security_vpc.data.aws_availability_zones.available"
          ]
        },
        {
          "index_key": "6",
          "schema_version": 1,
          "attributes": {
            "arn": "arn:aws:ec2:us-west-2:535928845597:subnet/subnet-048f698f89d48ebd5",
            "assign_ipv6_address_on_creation": true,
            "availability_zone": "us-west-2a",
            "availability_zone_id": "usw2-az2",
            "cidr_block": "10.1.48.96/28",
            "customer_owned_ipv4_pool": "",
            "enable_dns64": false,
            "enable_lni_at_device_index": 0,
            "enable_resource_name_dns_a_record_on_launch": false,
            "enable_resource_name_dns_aaaa_record_on_launch": false,
            "id": "subnet-048f698f89d48ebd5",
            "ipv6_cidr_block": "2600:1f14:3f59:7d06::/64",
            "ipv6_cidr_block_association_id": "subnet-cidr-assoc-05b9733fa56fe640f",
            "ipv6_native": false,
            "map_customer_owned_ip_on_launch": false,
            "map_public_ip_on_launch": false,
            "outpost_arn": "",
            "owner_id": "535928845597",
            "private_dns_hostname_type_on_launch": "ip-name",
            "tags": {
              "Name": "security-vpc-subnet-us-west-2a-7",
              "Type": "tgw"
            },
            "tags_all": {
              "Name": "security-vpc-subnet-us-west-2a-7",
              "Type": "tgw"
            },
            "timeouts": null,
            "vpc_id": "vpc-0676eb1eb96d963c0"
          },
          "sensitive_attributes": [],
          "private": "eyJlMmJmYjczMC1lY2FhLTExZTYtOGY4OC0zNDM2M2JjN2M0YzAiOnsiY3JlYXRlIjo2MDAwMDAwMDAwMDAsImRlbGV0ZSI6MTIwMDAwMDAwMDAwMH0sInNjaGVtYV92ZXJzaW9uIjoiMSJ9",
          "dependencies": [
            "module.security_vpc.aws_vpc.vpc",
            "module.security_vpc.data.aws_availability_zones.available"
          ]
        },
        {
          "index_key": "7",
          "schema_version": 1,
          "attributes": {
            "arn": "arn:aws:ec2:us-west-2:535928845597:subnet/subnet-077ab118678059ebe",
            "assign_ipv6_address_on_creation": true,
            "availability_zone": "us-west-2b",
            "availability_zone_id": "usw2-az1",
            "cidr_block": "10.1.48.112/28",
            "customer_owned_ipv4_pool": "",
            "enable_dns64": false,
            "enable_lni_at_device_index": 0,
            "enable_resource_name_dns_a_record_on_launch": false,
            "enable_resource_name_dns_aaaa_record_on_launch": false,
            "id": "subnet-077ab118678059ebe",
            "ipv6_cidr_block": "2600:1f14:3f59:7d07::/64",
            "ipv6_cidr_block_association_id": "subnet-cidr-assoc-05a52fb2bd902ddc0",
            "ipv6_native": false,
            "map_customer_owned_ip_on_launch": false,
            "map_public_ip_on_launch": false,
            "outpost_arn": "",
            "owner_id": "535928845597",
            "private_dns_hostname_type_on_launch": "ip-name",
            "tags": {
              "Name": "security-vpc-subnet-us-west-2b-8",
              "Type": "tgw"
            },
            "tags_all": {
              "Name": "security-vpc-subnet-us-west-2b-8",
              "Type": "tgw"
            },
            "timeouts": null,
            "vpc_id": "vpc-0676eb1eb96d963c0"
          },
          "sensitive_attributes": [],
          "private": "eyJlMmJmYjczMC1lY2FhLTExZTYtOGY4OC0zNDM2M2JjN2M0YzAiOnsiY3JlYXRlIjo2MDAwMDAwMDAwMDAsImRlbGV0ZSI6MTIwMDAwMDAwMDAwMH0sInNjaGVtYV92ZXJzaW9uIjoiMSJ9",
          "dependencies": [
            "module.security_vpc.aws_vpc.vpc",
            "module.security_vpc.data.aws_availability_zones.available"
          ]
        }
      ]
    },
    {
      "module": "module.security_vpc",
      "mode": "managed",
      "type": "aws_vpc",
      "name": "vpc",
      "provider": "provider[\"registry.terraform.io/hashicorp/aws\"]",
      "instances": [
        {
          "schema_version": 1,
          "attributes": {
            "arn": "arn:aws:ec2:us-west-2:535928845597:vpc/vpc-0676eb1eb96d963c0",
            "assign_generated_ipv6_cidr_block": true,
            "cidr_block": "10.1.48.0/20",
            "default_network_acl_id": "acl-0c916d3cbcde13043",
            "default_route_table_id": "rtb-0f5baf3b675720a22",
            "default_security_group_id": "sg-0aec04deccca50d8d",
            "dhcp_options_id": "dopt-092c0db2f4a875792",
            "enable_dns_hostnames": true,
            "enable_dns_support": true,
            "enable_network_address_usage_metrics": false,
            "id": "vpc-0676eb1eb96d963c0",
            "instance_tenancy": "default",
            "ipv4_ipam_pool_id": null,
            "ipv4_netmask_length": null,
            "ipv6_association_id": "vpc-cidr-assoc-02a21475ac340579b",
            "ipv6_cidr_block": "2600:1f14:3f59:7d00::/56",
            "ipv6_cidr_block_network_border_group": "us-west-2",
            "ipv6_ipam_pool_id": "",
            "ipv6_netmask_length": 0,
            "main_route_table_id": "rtb-0f5baf3b675720a22",
            "owner_id": "535928845597",
            "tags": {
              "Name": "security-vpc"
            },
            "tags_all": {
              "Name": "security-vpc"
            }
          },
          "sensitive_attributes": [],
          "private": "eyJzY2hlbWFfdmVyc2lvbiI6IjEifQ=="
        }
      ]
    },
    {
      "module": "module.vpcs[0]",
      "mode": "data",
      "type": "aws_ami",
      "name": "amazon_linux",
      "provider": "provider[\"registry.terraform.io/hashicorp/aws\"]",
      "instances": [
        {
          "schema_version": 0,
          "attributes": {
            "architecture": "arm64",
            "arn": "arn:aws:ec2:us-west-2::image/ami-04ed09a7502b8c621",
            "block_device_mappings": [
              {
                "device_name": "/dev/xvda",
                "ebs": {
                  "delete_on_termination": "true",
                  "encrypted": "false",
                  "iops": "0",
                  "snapshot_id": "snap-074c9868aad5894fc",
                  "throughput": "0",
                  "volume_size": "8",
                  "volume_type": "gp2"
                },
                "no_device": "",
                "virtual_name": ""
              }
            ],
            "boot_mode": "",
            "creation_date": "2023-10-13T23:15:55.000Z",
            "deprecation_time": "2025-07-01T00:00:00.000Z",
            "description": "Amazon Linux 2 LTS Arm64 AMI 2.0.20231012.1 arm64 HVM gp2",
            "ena_support": true,
            "executable_users": null,
            "filter": [
              {
                "name": "name",
                "values": [
                  "amzn2-ami-hvm-*-arm64-gp2"
                ]
              },
              {
                "name": "owner-alias",
                "values": [
                  "amazon"
                ]
              },
              {
                "name": "state",
                "values": [
                  "available"
                ]
              }
            ],
            "hypervisor": "xen",
            "id": "ami-04ed09a7502b8c621",
            "image_id": "ami-04ed09a7502b8c621",
            "image_location": "amazon/amzn2-ami-hvm-2.0.20231012.1-arm64-gp2",
            "image_owner_alias": "amazon",
            "image_type": "machine",
            "imds_support": "",
            "include_deprecated": false,
            "kernel_id": "",
            "most_recent": true,
            "name": "amzn2-ami-hvm-2.0.20231012.1-arm64-gp2",
            "name_regex": null,
            "owner_id": "137112412989",
            "owners": null,
            "platform": "",
            "platform_details": "Linux/UNIX",
            "product_codes": [],
            "public": true,
            "ramdisk_id": "",
            "root_device_name": "/dev/xvda",
            "root_device_type": "ebs",
            "root_snapshot_id": "snap-074c9868aad5894fc",
            "sriov_net_support": "simple",
            "state": "available",
            "state_reason": {
              "code": "UNSET",
              "message": "UNSET"
            },
            "tags": {},
            "timeouts": null,
            "tpm_support": "",
            "usage_operation": "RunInstances",
            "virtualization_type": "hvm"
          },
          "sensitive_attributes": []
        }
      ]
    },
    {
      "module": "module.vpcs[0]",
      "mode": "data",
      "type": "aws_availability_zones",
      "name": "available",
      "provider": "provider[\"registry.terraform.io/hashicorp/aws\"]",
      "instances": [
        {
          "schema_version": 0,
          "attributes": {
            "all_availability_zones": null,
            "exclude_names": null,
            "exclude_zone_ids": null,
            "filter": null,
            "group_names": [
              "us-west-2"
            ],
            "id": "us-west-2",
            "names": [
              "us-west-2a",
              "us-west-2b",
              "us-west-2c",
              "us-west-2d"
            ],
            "state": "available",
            "timeouts": null,
            "zone_ids": [
              "usw2-az2",
              "usw2-az1",
              "usw2-az3",
              "usw2-az4"
            ]
          },
          "sensitive_attributes": []
        }
      ]
    },
    {
      "module": "module.vpcs[0]",
      "mode": "managed",
      "type": "aws_instance",
      "name": "subnet_instance",
      "provider": "provider[\"registry.terraform.io/hashicorp/aws\"]",
      "instances": [
        {
          "index_key": "0",
          "schema_version": 1,
          "attributes": {
            "ami": "ami-04ed09a7502b8c621",
            "arn": "arn:aws:ec2:us-west-2:535928845597:instance/i-0fc24cef5d2e44572",
            "associate_public_ip_address": false,
            "availability_zone": "us-west-2a",
            "capacity_reservation_specification": [
              {
                "capacity_reservation_preference": "open",
                "capacity_reservation_target": []
              }
            ],
            "cpu_core_count": 2,
            "cpu_options": [
              {
                "amd_sev_snp": "",
                "core_count": 2,
                "threads_per_core": 1
              }
            ],
            "cpu_threads_per_core": 1,
            "credit_specification": [
              {
                "cpu_credits": "unlimited"
              }
            ],
            "disable_api_stop": false,
            "disable_api_termination": false,
            "ebs_block_device": [],
            "ebs_optimized": false,
            "enclave_options": [
              {
                "enabled": false
              }
            ],
            "ephemeral_block_device": [],
            "get_password_data": false,
            "hibernation": false,
            "host_id": "",
            "host_resource_group_arn": null,
            "iam_instance_profile": "",
            "id": "i-0fc24cef5d2e44572",
            "instance_initiated_shutdown_behavior": "stop",
            "instance_lifecycle": "",
            "instance_market_options": [],
            "instance_state": "running",
            "instance_type": "t4g.nano",
            "ipv6_address_count": 1,
            "ipv6_addresses": [
              "2600:1f14:2d16:6f00:1df8:741:b42:cd70"
            ],
            "key_name": "my_ssh_key",
            "launch_template": [],
            "maintenance_options": [
              {
                "auto_recovery": "default"
              }
            ],
            "metadata_options": [
              {
                "http_endpoint": "enabled",
                "http_protocol_ipv6": "disabled",
                "http_put_response_hop_limit": 1,
                "http_tokens": "optional",
                "instance_metadata_tags": "disabled"
              }
            ],
            "monitoring": false,
            "network_interface": [],
            "outpost_arn": "",
            "password_data": "",
            "placement_group": "",
            "placement_partition_number": 0,
            "primary_network_interface_id": "eni-0e5ac02aea91a873c",
            "private_dns": "ip-10-1-0-11.us-west-2.compute.internal",
            "private_dns_name_options": [
              {
                "enable_resource_name_dns_a_record": false,
                "enable_resource_name_dns_aaaa_record": false,
                "hostname_type": "ip-name"
              }
            ],
            "private_ip": "10.1.0.11",
            "public_dns": "",
            "public_ip": "",
            "root_block_device": [
              {
                "delete_on_termination": true,
                "device_name": "/dev/xvda",
                "encrypted": false,
                "iops": 100,
                "kms_key_id": "",
                "tags": {},
                "throughput": 0,
                "volume_id": "vol-0e3dcd5009196bf35",
                "volume_size": 8,
                "volume_type": "gp2"
              }
            ],
            "secondary_private_ips": [],
            "security_groups": [],
            "source_dest_check": true,
            "spot_instance_request_id": "",
            "subnet_id": "subnet-07dfe736a5673f0d7",
            "tags": {
              "Instance_Num": "0",
              "Name": "vpc-0-vpc-subnet-subnet-07dfe736a5673f0d7-instance-0",
              "Subnet_ID": "subnet-07dfe736a5673f0d7",
              "VPC": "vpc-0"
            },
            "tags_all": {
              "Instance_Num": "0",
              "Name": "vpc-0-vpc-subnet-subnet-07dfe736a5673f0d7-instance-0",
              "Subnet_ID": "subnet-07dfe736a5673f0d7",
              "VPC": "vpc-0"
            },
            "tenancy": "default",
            "timeouts": null,
            "user_data": null,
            "user_data_base64": null,
            "user_data_replace_on_change": false,
            "volume_tags": null,
            "vpc_security_group_ids": [
              "sg-08cb6920152929c71"
            ]
          },
          "sensitive_attributes": [],
          "private": "eyJlMmJmYjczMC1lY2FhLTExZTYtOGY4OC0zNDM2M2JjN2M0YzAiOnsiY3JlYXRlIjo2MDAwMDAwMDAwMDAsImRlbGV0ZSI6MTIwMDAwMDAwMDAwMCwidXBkYXRlIjo2MDAwMDAwMDAwMDB9LCJzY2hlbWFfdmVyc2lvbiI6IjEifQ==",
          "dependencies": [
            "aws_key_pair.ssh_key",
            "module.vpcs.aws_security_group.ssh_sg",
            "module.vpcs.aws_subnet.subnet",
            "module.vpcs.aws_vpc.vpc",
            "module.vpcs.data.aws_ami.amazon_linux",
            "module.vpcs.data.aws_availability_zones.available",
            "tls_private_key.ssh_key"
          ]
        },
        {
          "index_key": "1",
          "schema_version": 1,
          "attributes": {
            "ami": "ami-04ed09a7502b8c621",
            "arn": "arn:aws:ec2:us-west-2:535928845597:instance/i-0f9ec5add596f2b5a",
            "associate_public_ip_address": false,
            "availability_zone": "us-west-2b",
            "capacity_reservation_specification": [
              {
                "capacity_reservation_preference": "open",
                "capacity_reservation_target": []
              }
            ],
            "cpu_core_count": 2,
            "cpu_options": [
              {
                "amd_sev_snp": "",
                "core_count": 2,
                "threads_per_core": 1
              }
            ],
            "cpu_threads_per_core": 1,
            "credit_specification": [
              {
                "cpu_credits": "unlimited"
              }
            ],
            "disable_api_stop": false,
            "disable_api_termination": false,
            "ebs_block_device": [],
            "ebs_optimized": false,
            "enclave_options": [
              {
                "enabled": false
              }
            ],
            "ephemeral_block_device": [],
            "get_password_data": false,
            "hibernation": false,
            "host_id": "",
            "host_resource_group_arn": null,
            "iam_instance_profile": "",
            "id": "i-0f9ec5add596f2b5a",
            "instance_initiated_shutdown_behavior": "stop",
            "instance_lifecycle": "",
            "instance_market_options": [],
            "instance_state": "running",
            "instance_type": "t4g.nano",
            "ipv6_address_count": 1,
            "ipv6_addresses": [
              "2600:1f14:2d16:6f01:3b62:27a1:fc43:c503"
            ],
            "key_name": "my_ssh_key",
            "launch_template": [],
            "maintenance_options": [
              {
                "auto_recovery": "default"
              }
            ],
            "metadata_options": [
              {
                "http_endpoint": "enabled",
                "http_protocol_ipv6": "disabled",
                "http_put_response_hop_limit": 1,
                "http_tokens": "optional",
                "instance_metadata_tags": "disabled"
              }
            ],
            "monitoring": false,
            "network_interface": [],
            "outpost_arn": "",
            "password_data": "",
            "placement_group": "",
            "placement_partition_number": 0,
            "primary_network_interface_id": "eni-0d57318fed46ef4bb",
            "private_dns": "ip-10-1-0-24.us-west-2.compute.internal",
            "private_dns_name_options": [
              {
                "enable_resource_name_dns_a_record": false,
                "enable_resource_name_dns_aaaa_record": false,
                "hostname_type": "ip-name"
              }
            ],
            "private_ip": "10.1.0.24",
            "public_dns": "",
            "public_ip": "",
            "root_block_device": [
              {
                "delete_on_termination": true,
                "device_name": "/dev/xvda",
                "encrypted": false,
                "iops": 100,
                "kms_key_id": "",
                "tags": {},
                "throughput": 0,
                "volume_id": "vol-03b7da51608600cbb",
                "volume_size": 8,
                "volume_type": "gp2"
              }
            ],
            "secondary_private_ips": [],
            "security_groups": [],
            "source_dest_check": true,
            "spot_instance_request_id": "",
            "subnet_id": "subnet-0392b33e9dbb475df",
            "tags": {
              "Instance_Num": "1",
              "Name": "vpc-0-vpc-subnet-subnet-0392b33e9dbb475df-instance-1",
              "Subnet_ID": "subnet-0392b33e9dbb475df",
              "VPC": "vpc-0"
            },
            "tags_all": {
              "Instance_Num": "1",
              "Name": "vpc-0-vpc-subnet-subnet-0392b33e9dbb475df-instance-1",
              "Subnet_ID": "subnet-0392b33e9dbb475df",
              "VPC": "vpc-0"
            },
            "tenancy": "default",
            "timeouts": null,
            "user_data": null,
            "user_data_base64": null,
            "user_data_replace_on_change": false,
            "volume_tags": null,
            "vpc_security_group_ids": [
              "sg-08cb6920152929c71"
            ]
          },
          "sensitive_attributes": [],
          "private": "eyJlMmJmYjczMC1lY2FhLTExZTYtOGY4OC0zNDM2M2JjN2M0YzAiOnsiY3JlYXRlIjo2MDAwMDAwMDAwMDAsImRlbGV0ZSI6MTIwMDAwMDAwMDAwMCwidXBkYXRlIjo2MDAwMDAwMDAwMDB9LCJzY2hlbWFfdmVyc2lvbiI6IjEifQ==",
          "dependencies": [
            "aws_key_pair.ssh_key",
            "module.vpcs.aws_security_group.ssh_sg",
            "module.vpcs.aws_subnet.subnet",
            "module.vpcs.aws_vpc.vpc",
            "module.vpcs.data.aws_ami.amazon_linux",
            "module.vpcs.data.aws_availability_zones.available",
            "tls_private_key.ssh_key"
          ]
        },
        {
          "index_key": "2",
          "schema_version": 1,
          "attributes": {
            "ami": "ami-04ed09a7502b8c621",
            "arn": "arn:aws:ec2:us-west-2:535928845597:instance/i-01a154a3f747c08ae",
            "associate_public_ip_address": false,
            "availability_zone": "us-west-2a",
            "capacity_reservation_specification": [
              {
                "capacity_reservation_preference": "open",
                "capacity_reservation_target": []
              }
            ],
            "cpu_core_count": 2,
            "cpu_options": [
              {
                "amd_sev_snp": "",
                "core_count": 2,
                "threads_per_core": 1
              }
            ],
            "cpu_threads_per_core": 1,
            "credit_specification": [
              {
                "cpu_credits": "unlimited"
              }
            ],
            "disable_api_stop": false,
            "disable_api_termination": false,
            "ebs_block_device": [],
            "ebs_optimized": false,
            "enclave_options": [
              {
                "enabled": false
              }
            ],
            "ephemeral_block_device": [],
            "get_password_data": false,
            "hibernation": false,
            "host_id": "",
            "host_resource_group_arn": null,
            "iam_instance_profile": "",
            "id": "i-01a154a3f747c08ae",
            "instance_initiated_shutdown_behavior": "stop",
            "instance_lifecycle": "",
            "instance_market_options": [],
            "instance_state": "running",
            "instance_type": "t4g.nano",
            "ipv6_address_count": 1,
            "ipv6_addresses": [
              "2600:1f14:2d16:6f02:bf2e:2a54:c4d8:1a44"
            ],
            "key_name": "my_ssh_key",
            "launch_template": [],
            "maintenance_options": [
              {
                "auto_recovery": "default"
              }
            ],
            "metadata_options": [
              {
                "http_endpoint": "enabled",
                "http_protocol_ipv6": "disabled",
                "http_put_response_hop_limit": 1,
                "http_tokens": "optional",
                "instance_metadata_tags": "disabled"
              }
            ],
            "monitoring": false,
            "network_interface": [],
            "outpost_arn": "",
            "password_data": "",
            "placement_group": "",
            "placement_partition_number": 0,
            "primary_network_interface_id": "eni-055893e9384a3cdb4",
            "private_dns": "ip-10-1-0-36.us-west-2.compute.internal",
            "private_dns_name_options": [
              {
                "enable_resource_name_dns_a_record": false,
                "enable_resource_name_dns_aaaa_record": false,
                "hostname_type": "ip-name"
              }
            ],
            "private_ip": "10.1.0.36",
            "public_dns": "",
            "public_ip": "",
            "root_block_device": [
              {
                "delete_on_termination": true,
                "device_name": "/dev/xvda",
                "encrypted": false,
                "iops": 100,
                "kms_key_id": "",
                "tags": {},
                "throughput": 0,
                "volume_id": "vol-0190616780cbe4ed0",
                "volume_size": 8,
                "volume_type": "gp2"
              }
            ],
            "secondary_private_ips": [],
            "security_groups": [],
            "source_dest_check": true,
            "spot_instance_request_id": "",
            "subnet_id": "subnet-0b8bc86a725ca42e0",
            "tags": {
              "Instance_Num": "2",
              "Name": "vpc-0-vpc-subnet-subnet-0b8bc86a725ca42e0-instance-2",
              "Subnet_ID": "subnet-0b8bc86a725ca42e0",
              "VPC": "vpc-0"
            },
            "tags_all": {
              "Instance_Num": "2",
              "Name": "vpc-0-vpc-subnet-subnet-0b8bc86a725ca42e0-instance-2",
              "Subnet_ID": "subnet-0b8bc86a725ca42e0",
              "VPC": "vpc-0"
            },
            "tenancy": "default",
            "timeouts": null,
            "user_data": null,
            "user_data_base64": null,
            "user_data_replace_on_change": false,
            "volume_tags": null,
            "vpc_security_group_ids": [
              "sg-08cb6920152929c71"
            ]
          },
          "sensitive_attributes": [],
          "private": "eyJlMmJmYjczMC1lY2FhLTExZTYtOGY4OC0zNDM2M2JjN2M0YzAiOnsiY3JlYXRlIjo2MDAwMDAwMDAwMDAsImRlbGV0ZSI6MTIwMDAwMDAwMDAwMCwidXBkYXRlIjo2MDAwMDAwMDAwMDB9LCJzY2hlbWFfdmVyc2lvbiI6IjEifQ==",
          "dependencies": [
            "aws_key_pair.ssh_key",
            "module.vpcs.aws_security_group.ssh_sg",
            "module.vpcs.aws_subnet.subnet",
            "module.vpcs.aws_vpc.vpc",
            "module.vpcs.data.aws_ami.amazon_linux",
            "module.vpcs.data.aws_availability_zones.available",
            "tls_private_key.ssh_key"
          ]
        },
        {
          "index_key": "3",
          "schema_version": 1,
          "attributes": {
            "ami": "ami-04ed09a7502b8c621",
            "arn": "arn:aws:ec2:us-west-2:535928845597:instance/i-0bc36ad70c2265b7f",
            "associate_public_ip_address": false,
            "availability_zone": "us-west-2b",
            "capacity_reservation_specification": [
              {
                "capacity_reservation_preference": "open",
                "capacity_reservation_target": []
              }
            ],
            "cpu_core_count": 2,
            "cpu_options": [
              {
                "amd_sev_snp": "",
                "core_count": 2,
                "threads_per_core": 1
              }
            ],
            "cpu_threads_per_core": 1,
            "credit_specification": [
              {
                "cpu_credits": "unlimited"
              }
            ],
            "disable_api_stop": false,
            "disable_api_termination": false,
            "ebs_block_device": [],
            "ebs_optimized": false,
            "enclave_options": [
              {
                "enabled": false
              }
            ],
            "ephemeral_block_device": [],
            "get_password_data": false,
            "hibernation": false,
            "host_id": "",
            "host_resource_group_arn": null,
            "iam_instance_profile": "",
            "id": "i-0bc36ad70c2265b7f",
            "instance_initiated_shutdown_behavior": "stop",
            "instance_lifecycle": "",
            "instance_market_options": [],
            "instance_state": "running",
            "instance_type": "t4g.nano",
            "ipv6_address_count": 1,
            "ipv6_addresses": [
              "2600:1f14:2d16:6f03:a004:80b5:4ee7:6f44"
            ],
            "key_name": "my_ssh_key",
            "launch_template": [],
            "maintenance_options": [
              {
                "auto_recovery": "default"
              }
            ],
            "metadata_options": [
              {
                "http_endpoint": "enabled",
                "http_protocol_ipv6": "disabled",
                "http_put_response_hop_limit": 1,
                "http_tokens": "optional",
                "instance_metadata_tags": "disabled"
              }
            ],
            "monitoring": false,
            "network_interface": [],
            "outpost_arn": "",
            "password_data": "",
            "placement_group": "",
            "placement_partition_number": 0,
            "primary_network_interface_id": "eni-07ca4ddfb77258451",
            "private_dns": "ip-10-1-0-52.us-west-2.compute.internal",
            "private_dns_name_options": [
              {
                "enable_resource_name_dns_a_record": false,
                "enable_resource_name_dns_aaaa_record": false,
                "hostname_type": "ip-name"
              }
            ],
            "private_ip": "10.1.0.52",
            "public_dns": "",
            "public_ip": "",
            "root_block_device": [
              {
                "delete_on_termination": true,
                "device_name": "/dev/xvda",
                "encrypted": false,
                "iops": 100,
                "kms_key_id": "",
                "tags": {},
                "throughput": 0,
                "volume_id": "vol-0f181800967abfd85",
                "volume_size": 8,
                "volume_type": "gp2"
              }
            ],
            "secondary_private_ips": [],
            "security_groups": [],
            "source_dest_check": true,
            "spot_instance_request_id": "",
            "subnet_id": "subnet-04403c190b2ba2f11",
            "tags": {
              "Instance_Num": "3",
              "Name": "vpc-0-vpc-subnet-subnet-04403c190b2ba2f11-instance-3",
              "Subnet_ID": "subnet-04403c190b2ba2f11",
              "VPC": "vpc-0"
            },
            "tags_all": {
              "Instance_Num": "3",
              "Name": "vpc-0-vpc-subnet-subnet-04403c190b2ba2f11-instance-3",
              "Subnet_ID": "subnet-04403c190b2ba2f11",
              "VPC": "vpc-0"
            },
            "tenancy": "default",
            "timeouts": null,
            "user_data": null,
            "user_data_base64": null,
            "user_data_replace_on_change": false,
            "volume_tags": null,
            "vpc_security_group_ids": [
              "sg-08cb6920152929c71"
            ]
          },
          "sensitive_attributes": [],
          "private": "eyJlMmJmYjczMC1lY2FhLTExZTYtOGY4OC0zNDM2M2JjN2M0YzAiOnsiY3JlYXRlIjo2MDAwMDAwMDAwMDAsImRlbGV0ZSI6MTIwMDAwMDAwMDAwMCwidXBkYXRlIjo2MDAwMDAwMDAwMDB9LCJzY2hlbWFfdmVyc2lvbiI6IjEifQ==",
          "dependencies": [
            "aws_key_pair.ssh_key",
            "module.vpcs.aws_security_group.ssh_sg",
            "module.vpcs.aws_subnet.subnet",
            "module.vpcs.aws_vpc.vpc",
            "module.vpcs.data.aws_ami.amazon_linux",
            "module.vpcs.data.aws_availability_zones.available",
            "tls_private_key.ssh_key"
          ]
        }
      ]
    },
    {
      "module": "module.vpcs[0]",
      "mode": "managed",
      "type": "aws_security_group",
      "name": "ssh_sg",
      "provider": "provider[\"registry.terraform.io/hashicorp/aws\"]",
      "instances": [
        {
          "schema_version": 1,
          "attributes": {
            "arn": "arn:aws:ec2:us-west-2:535928845597:security-group/sg-08cb6920152929c71",
            "description": "Allow SSH inbound traffic",
            "egress": [],
            "id": "sg-08cb6920152929c71",
            "ingress": [
              {
                "cidr_blocks": [
                  "0.0.0.0/0"
                ],
                "description": "",
                "from_port": 22,
                "ipv6_cidr_blocks": [],
                "prefix_list_ids": [],
                "protocol": "tcp",
                "security_groups": [],
                "self": false,
                "to_port": 22
              }
            ],
            "name": "vpc-0-ssh-sg",
            "name_prefix": "",
            "owner_id": "535928845597",
            "revoke_rules_on_delete": false,
            "tags": {},
            "tags_all": {},
            "timeouts": null,
            "vpc_id": "vpc-08d62d56c5f3ec630"
          },
          "sensitive_attributes": [],
          "private": "eyJlMmJmYjczMC1lY2FhLTExZTYtOGY4OC0zNDM2M2JjN2M0YzAiOnsiY3JlYXRlIjo2MDAwMDAwMDAwMDAsImRlbGV0ZSI6OTAwMDAwMDAwMDAwfSwic2NoZW1hX3ZlcnNpb24iOiIxIn0=",
          "dependencies": [
            "module.vpcs.aws_vpc.vpc"
          ]
        }
      ]
    },
    {
      "module": "module.vpcs[0]",
      "mode": "managed",
      "type": "aws_subnet",
      "name": "subnet",
      "provider": "provider[\"registry.terraform.io/hashicorp/aws\"]",
      "instances": [
        {
          "index_key": "0",
          "schema_version": 1,
          "attributes": {
            "arn": "arn:aws:ec2:us-west-2:535928845597:subnet/subnet-07dfe736a5673f0d7",
            "assign_ipv6_address_on_creation": true,
            "availability_zone": "us-west-2a",
            "availability_zone_id": "usw2-az2",
            "cidr_block": "10.1.0.0/28",
            "customer_owned_ipv4_pool": "",
            "enable_dns64": false,
            "enable_lni_at_device_index": 0,
            "enable_resource_name_dns_a_record_on_launch": false,
            "enable_resource_name_dns_aaaa_record_on_launch": false,
            "id": "subnet-07dfe736a5673f0d7",
            "ipv6_cidr_block": "2600:1f14:2d16:6f00::/64",
            "ipv6_cidr_block_association_id": "subnet-cidr-assoc-0b75ceacc9993495b",
            "ipv6_native": false,
            "map_customer_owned_ip_on_launch": false,
            "map_public_ip_on_launch": false,
            "outpost_arn": "",
            "owner_id": "535928845597",
            "private_dns_hostname_type_on_launch": "ip-name",
            "tags": {
              "Name": "vpc-0-subnet-us-west-2a-1"
            },
            "tags_all": {
              "Name": "vpc-0-subnet-us-west-2a-1"
            },
            "timeouts": null,
            "vpc_id": "vpc-08d62d56c5f3ec630"
          },
          "sensitive_attributes": [],
          "private": "eyJlMmJmYjczMC1lY2FhLTExZTYtOGY4OC0zNDM2M2JjN2M0YzAiOnsiY3JlYXRlIjo2MDAwMDAwMDAwMDAsImRlbGV0ZSI6MTIwMDAwMDAwMDAwMH0sInNjaGVtYV92ZXJzaW9uIjoiMSJ9",
          "dependencies": [
            "module.vpcs.aws_vpc.vpc",
            "module.vpcs.data.aws_availability_zones.available"
          ]
        },
        {
          "index_key": "1",
          "schema_version": 1,
          "attributes": {
            "arn": "arn:aws:ec2:us-west-2:535928845597:subnet/subnet-0392b33e9dbb475df",
            "assign_ipv6_address_on_creation": true,
            "availability_zone": "us-west-2b",
            "availability_zone_id": "usw2-az1",
            "cidr_block": "10.1.0.16/28",
            "customer_owned_ipv4_pool": "",
            "enable_dns64": false,
            "enable_lni_at_device_index": 0,
            "enable_resource_name_dns_a_record_on_launch": false,
            "enable_resource_name_dns_aaaa_record_on_launch": false,
            "id": "subnet-0392b33e9dbb475df",
            "ipv6_cidr_block": "2600:1f14:2d16:6f01::/64",
            "ipv6_cidr_block_association_id": "subnet-cidr-assoc-07a824025782c30b9",
            "ipv6_native": false,
            "map_customer_owned_ip_on_launch": false,
            "map_public_ip_on_launch": false,
            "outpost_arn": "",
            "owner_id": "535928845597",
            "private_dns_hostname_type_on_launch": "ip-name",
            "tags": {
              "Name": "vpc-0-subnet-us-west-2b-2"
            },
            "tags_all": {
              "Name": "vpc-0-subnet-us-west-2b-2"
            },
            "timeouts": null,
            "vpc_id": "vpc-08d62d56c5f3ec630"
          },
          "sensitive_attributes": [],
          "private": "eyJlMmJmYjczMC1lY2FhLTExZTYtOGY4OC0zNDM2M2JjN2M0YzAiOnsiY3JlYXRlIjo2MDAwMDAwMDAwMDAsImRlbGV0ZSI6MTIwMDAwMDAwMDAwMH0sInNjaGVtYV92ZXJzaW9uIjoiMSJ9",
          "dependencies": [
            "module.vpcs.aws_vpc.vpc",
            "module.vpcs.data.aws_availability_zones.available"
          ]
        },
        {
          "index_key": "2",
          "schema_version": 1,
          "attributes": {
            "arn": "arn:aws:ec2:us-west-2:535928845597:subnet/subnet-0b8bc86a725ca42e0",
            "assign_ipv6_address_on_creation": true,
            "availability_zone": "us-west-2a",
            "availability_zone_id": "usw2-az2",
            "cidr_block": "10.1.0.32/28",
            "customer_owned_ipv4_pool": "",
            "enable_dns64": false,
            "enable_lni_at_device_index": 0,
            "enable_resource_name_dns_a_record_on_launch": false,
            "enable_resource_name_dns_aaaa_record_on_launch": false,
            "id": "subnet-0b8bc86a725ca42e0",
            "ipv6_cidr_block": "2600:1f14:2d16:6f02::/64",
            "ipv6_cidr_block_association_id": "subnet-cidr-assoc-0e023470adaf56e51",
            "ipv6_native": false,
            "map_customer_owned_ip_on_launch": false,
            "map_public_ip_on_launch": false,
            "outpost_arn": "",
            "owner_id": "535928845597",
            "private_dns_hostname_type_on_launch": "ip-name",
            "tags": {
              "Name": "vpc-0-subnet-us-west-2a-3"
            },
            "tags_all": {
              "Name": "vpc-0-subnet-us-west-2a-3"
            },
            "timeouts": null,
            "vpc_id": "vpc-08d62d56c5f3ec630"
          },
          "sensitive_attributes": [],
          "private": "eyJlMmJmYjczMC1lY2FhLTExZTYtOGY4OC0zNDM2M2JjN2M0YzAiOnsiY3JlYXRlIjo2MDAwMDAwMDAwMDAsImRlbGV0ZSI6MTIwMDAwMDAwMDAwMH0sInNjaGVtYV92ZXJzaW9uIjoiMSJ9",
          "dependencies": [
            "module.vpcs.aws_vpc.vpc",
            "module.vpcs.data.aws_availability_zones.available"
          ]
        },
        {
          "index_key": "3",
          "schema_version": 1,
          "attributes": {
            "arn": "arn:aws:ec2:us-west-2:535928845597:subnet/subnet-04403c190b2ba2f11",
            "assign_ipv6_address_on_creation": true,
            "availability_zone": "us-west-2b",
            "availability_zone_id": "usw2-az1",
            "cidr_block": "10.1.0.48/28",
            "customer_owned_ipv4_pool": "",
            "enable_dns64": false,
            "enable_lni_at_device_index": 0,
            "enable_resource_name_dns_a_record_on_launch": false,
            "enable_resource_name_dns_aaaa_record_on_launch": false,
            "id": "subnet-04403c190b2ba2f11",
            "ipv6_cidr_block": "2600:1f14:2d16:6f03::/64",
            "ipv6_cidr_block_association_id": "subnet-cidr-assoc-0c4091b019cabf9df",
            "ipv6_native": false,
            "map_customer_owned_ip_on_launch": false,
            "map_public_ip_on_launch": false,
            "outpost_arn": "",
            "owner_id": "535928845597",
            "private_dns_hostname_type_on_launch": "ip-name",
            "tags": {
              "Name": "vpc-0-subnet-us-west-2b-4"
            },
            "tags_all": {
              "Name": "vpc-0-subnet-us-west-2b-4"
            },
            "timeouts": null,
            "vpc_id": "vpc-08d62d56c5f3ec630"
          },
          "sensitive_attributes": [],
          "private": "eyJlMmJmYjczMC1lY2FhLTExZTYtOGY4OC0zNDM2M2JjN2M0YzAiOnsiY3JlYXRlIjo2MDAwMDAwMDAwMDAsImRlbGV0ZSI6MTIwMDAwMDAwMDAwMH0sInNjaGVtYV92ZXJzaW9uIjoiMSJ9",
          "dependencies": [
            "module.vpcs.aws_vpc.vpc",
            "module.vpcs.data.aws_availability_zones.available"
          ]
        },
        {
          "index_key": "4",
          "schema_version": 1,
          "attributes": {
            "arn": "arn:aws:ec2:us-west-2:535928845597:subnet/subnet-072d58ff3f27c0ea7",
            "assign_ipv6_address_on_creation": true,
            "availability_zone": "us-west-2a",
            "availability_zone_id": "usw2-az2",
            "cidr_block": "10.1.0.64/28",
            "customer_owned_ipv4_pool": "",
            "enable_dns64": false,
            "enable_lni_at_device_index": 0,
            "enable_resource_name_dns_a_record_on_launch": false,
            "enable_resource_name_dns_aaaa_record_on_launch": false,
            "id": "subnet-072d58ff3f27c0ea7",
            "ipv6_cidr_block": "2600:1f14:2d16:6f04::/64",
            "ipv6_cidr_block_association_id": "subnet-cidr-assoc-00698d190c6fcccfe",
            "ipv6_native": false,
            "map_customer_owned_ip_on_launch": false,
            "map_public_ip_on_launch": false,
            "outpost_arn": "",
            "owner_id": "535928845597",
            "private_dns_hostname_type_on_launch": "ip-name",
            "tags": {
              "Name": "vpc-0-subnet-us-west-2a-5"
            },
            "tags_all": {
              "Name": "vpc-0-subnet-us-west-2a-5"
            },
            "timeouts": null,
            "vpc_id": "vpc-08d62d56c5f3ec630"
          },
          "sensitive_attributes": [],
          "private": "eyJlMmJmYjczMC1lY2FhLTExZTYtOGY4OC0zNDM2M2JjN2M0YzAiOnsiY3JlYXRlIjo2MDAwMDAwMDAwMDAsImRlbGV0ZSI6MTIwMDAwMDAwMDAwMH0sInNjaGVtYV92ZXJzaW9uIjoiMSJ9",
          "dependencies": [
            "module.vpcs.aws_vpc.vpc",
            "module.vpcs.data.aws_availability_zones.available"
          ]
        },
        {
          "index_key": "5",
          "schema_version": 1,
          "attributes": {
            "arn": "arn:aws:ec2:us-west-2:535928845597:subnet/subnet-0c6359c5406ec09b6",
            "assign_ipv6_address_on_creation": true,
            "availability_zone": "us-west-2b",
            "availability_zone_id": "usw2-az1",
            "cidr_block": "10.1.0.80/28",
            "customer_owned_ipv4_pool": "",
            "enable_dns64": false,
            "enable_lni_at_device_index": 0,
            "enable_resource_name_dns_a_record_on_launch": false,
            "enable_resource_name_dns_aaaa_record_on_launch": false,
            "id": "subnet-0c6359c5406ec09b6",
            "ipv6_cidr_block": "2600:1f14:2d16:6f05::/64",
            "ipv6_cidr_block_association_id": "subnet-cidr-assoc-09c15fb769be216c1",
            "ipv6_native": false,
            "map_customer_owned_ip_on_launch": false,
            "map_public_ip_on_launch": false,
            "outpost_arn": "",
            "owner_id": "535928845597",
            "private_dns_hostname_type_on_launch": "ip-name",
            "tags": {
              "Name": "vpc-0-subnet-us-west-2b-6"
            },
            "tags_all": {
              "Name": "vpc-0-subnet-us-west-2b-6"
            },
            "timeouts": null,
            "vpc_id": "vpc-08d62d56c5f3ec630"
          },
          "sensitive_attributes": [],
          "private": "eyJlMmJmYjczMC1lY2FhLTExZTYtOGY4OC0zNDM2M2JjN2M0YzAiOnsiY3JlYXRlIjo2MDAwMDAwMDAwMDAsImRlbGV0ZSI6MTIwMDAwMDAwMDAwMH0sInNjaGVtYV92ZXJzaW9uIjoiMSJ9",
          "dependencies": [
            "module.vpcs.aws_vpc.vpc",
            "module.vpcs.data.aws_availability_zones.available"
          ]
        }
      ]
    },
    {
      "module": "module.vpcs[0]",
      "mode": "managed",
      "type": "aws_vpc",
      "name": "vpc",
      "provider": "provider[\"registry.terraform.io/hashicorp/aws\"]",
      "instances": [
        {
          "schema_version": 1,
          "attributes": {
            "arn": "arn:aws:ec2:us-west-2:535928845597:vpc/vpc-08d62d56c5f3ec630",
            "assign_generated_ipv6_cidr_block": true,
            "cidr_block": "10.1.0.0/20",
            "default_network_acl_id": "acl-0367b266042980882",
            "default_route_table_id": "rtb-0a759fa451717282a",
            "default_security_group_id": "sg-0aa4793dc49811010",
            "dhcp_options_id": "dopt-092c0db2f4a875792",
            "enable_dns_hostnames": true,
            "enable_dns_support": true,
            "enable_network_address_usage_metrics": false,
            "id": "vpc-08d62d56c5f3ec630",
            "instance_tenancy": "default",
            "ipv4_ipam_pool_id": null,
            "ipv4_netmask_length": null,
            "ipv6_association_id": "vpc-cidr-assoc-0d5c96a1b34b6a884",
            "ipv6_cidr_block": "2600:1f14:2d16:6f00::/56",
            "ipv6_cidr_block_network_border_group": "us-west-2",
            "ipv6_ipam_pool_id": "",
            "ipv6_netmask_length": 0,
            "main_route_table_id": "rtb-0a759fa451717282a",
            "owner_id": "535928845597",
            "tags": {
              "Name": "vpc-0"
            },
            "tags_all": {
              "Name": "vpc-0"
            }
          },
          "sensitive_attributes": [],
          "private": "eyJzY2hlbWFfdmVyc2lvbiI6IjEifQ=="
        }
      ]
    },
    {
      "module": "module.vpcs[1]",
      "mode": "data",
      "type": "aws_ami",
      "name": "amazon_linux",
      "provider": "provider[\"registry.terraform.io/hashicorp/aws\"]",
      "instances": [
        {
          "schema_version": 0,
          "attributes": {
            "architecture": "arm64",
            "arn": "arn:aws:ec2:us-west-2::image/ami-04ed09a7502b8c621",
            "block_device_mappings": [
              {
                "device_name": "/dev/xvda",
                "ebs": {
                  "delete_on_termination": "true",
                  "encrypted": "false",
                  "iops": "0",
                  "snapshot_id": "snap-074c9868aad5894fc",
                  "throughput": "0",
                  "volume_size": "8",
                  "volume_type": "gp2"
                },
                "no_device": "",
                "virtual_name": ""
              }
            ],
            "boot_mode": "",
            "creation_date": "2023-10-13T23:15:55.000Z",
            "deprecation_time": "2025-07-01T00:00:00.000Z",
            "description": "Amazon Linux 2 LTS Arm64 AMI 2.0.20231012.1 arm64 HVM gp2",
            "ena_support": true,
            "executable_users": null,
            "filter": [
              {
                "name": "name",
                "values": [
                  "amzn2-ami-hvm-*-arm64-gp2"
                ]
              },
              {
                "name": "owner-alias",
                "values": [
                  "amazon"
                ]
              },
              {
                "name": "state",
                "values": [
                  "available"
                ]
              }
            ],
            "hypervisor": "xen",
            "id": "ami-04ed09a7502b8c621",
            "image_id": "ami-04ed09a7502b8c621",
            "image_location": "amazon/amzn2-ami-hvm-2.0.20231012.1-arm64-gp2",
            "image_owner_alias": "amazon",
            "image_type": "machine",
            "imds_support": "",
            "include_deprecated": false,
            "kernel_id": "",
            "most_recent": true,
            "name": "amzn2-ami-hvm-2.0.20231012.1-arm64-gp2",
            "name_regex": null,
            "owner_id": "137112412989",
            "owners": null,
            "platform": "",
            "platform_details": "Linux/UNIX",
            "product_codes": [],
            "public": true,
            "ramdisk_id": "",
            "root_device_name": "/dev/xvda",
            "root_device_type": "ebs",
            "root_snapshot_id": "snap-074c9868aad5894fc",
            "sriov_net_support": "simple",
            "state": "available",
            "state_reason": {
              "code": "UNSET",
              "message": "UNSET"
            },
            "tags": {},
            "timeouts": null,
            "tpm_support": "",
            "usage_operation": "RunInstances",
            "virtualization_type": "hvm"
          },
          "sensitive_attributes": []
        }
      ]
    },
    {
      "module": "module.vpcs[1]",
      "mode": "data",
      "type": "aws_availability_zones",
      "name": "available",
      "provider": "provider[\"registry.terraform.io/hashicorp/aws\"]",
      "instances": [
        {
          "schema_version": 0,
          "attributes": {
            "all_availability_zones": null,
            "exclude_names": null,
            "exclude_zone_ids": null,
            "filter": null,
            "group_names": [
              "us-west-2"
            ],
            "id": "us-west-2",
            "names": [
              "us-west-2a",
              "us-west-2b",
              "us-west-2c",
              "us-west-2d"
            ],
            "state": "available",
            "timeouts": null,
            "zone_ids": [
              "usw2-az2",
              "usw2-az1",
              "usw2-az3",
              "usw2-az4"
            ]
          },
          "sensitive_attributes": []
        }
      ]
    },
    {
      "module": "module.vpcs[1]",
      "mode": "managed",
      "type": "aws_instance",
      "name": "subnet_instance",
      "provider": "provider[\"registry.terraform.io/hashicorp/aws\"]",
      "instances": [
        {
          "index_key": "0",
          "schema_version": 1,
          "attributes": {
            "ami": "ami-04ed09a7502b8c621",
            "arn": "arn:aws:ec2:us-west-2:535928845597:instance/i-07407855725f93035",
            "associate_public_ip_address": false,
            "availability_zone": "us-west-2a",
            "capacity_reservation_specification": [
              {
                "capacity_reservation_preference": "open",
                "capacity_reservation_target": []
              }
            ],
            "cpu_core_count": 2,
            "cpu_options": [
              {
                "amd_sev_snp": "",
                "core_count": 2,
                "threads_per_core": 1
              }
            ],
            "cpu_threads_per_core": 1,
            "credit_specification": [
              {
                "cpu_credits": "unlimited"
              }
            ],
            "disable_api_stop": false,
            "disable_api_termination": false,
            "ebs_block_device": [],
            "ebs_optimized": false,
            "enclave_options": [
              {
                "enabled": false
              }
            ],
            "ephemeral_block_device": [],
            "get_password_data": false,
            "hibernation": false,
            "host_id": "",
            "host_resource_group_arn": null,
            "iam_instance_profile": "",
            "id": "i-07407855725f93035",
            "instance_initiated_shutdown_behavior": "stop",
            "instance_lifecycle": "",
            "instance_market_options": [],
            "instance_state": "running",
            "instance_type": "t4g.nano",
            "ipv6_address_count": 1,
            "ipv6_addresses": [
              "2600:1f14:2252:e500:f711:39d:5b8d:905e"
            ],
            "key_name": "my_ssh_key",
            "launch_template": [],
            "maintenance_options": [
              {
                "auto_recovery": "default"
              }
            ],
            "metadata_options": [
              {
                "http_endpoint": "enabled",
                "http_protocol_ipv6": "disabled",
                "http_put_response_hop_limit": 1,
                "http_tokens": "optional",
                "instance_metadata_tags": "disabled"
              }
            ],
            "monitoring": false,
            "network_interface": [],
            "outpost_arn": "",
            "password_data": "",
            "placement_group": "",
            "placement_partition_number": 0,
            "primary_network_interface_id": "eni-01c62f3dff5601585",
            "private_dns": "ip-10-1-16-4.us-west-2.compute.internal",
            "private_dns_name_options": [
              {
                "enable_resource_name_dns_a_record": false,
                "enable_resource_name_dns_aaaa_record": false,
                "hostname_type": "ip-name"
              }
            ],
            "private_ip": "10.1.16.4",
            "public_dns": "",
            "public_ip": "",
            "root_block_device": [
              {
                "delete_on_termination": true,
                "device_name": "/dev/xvda",
                "encrypted": false,
                "iops": 100,
                "kms_key_id": "",
                "tags": {},
                "throughput": 0,
                "volume_id": "vol-0dc40b438ec769a55",
                "volume_size": 8,
                "volume_type": "gp2"
              }
            ],
            "secondary_private_ips": [],
            "security_groups": [],
            "source_dest_check": true,
            "spot_instance_request_id": "",
            "subnet_id": "subnet-0b926f210aa56d29a",
            "tags": {
              "Instance_Num": "0",
              "Name": "vpc-1-vpc-subnet-subnet-0b926f210aa56d29a-instance-0",
              "Subnet_ID": "subnet-0b926f210aa56d29a",
              "VPC": "vpc-1"
            },
            "tags_all": {
              "Instance_Num": "0",
              "Name": "vpc-1-vpc-subnet-subnet-0b926f210aa56d29a-instance-0",
              "Subnet_ID": "subnet-0b926f210aa56d29a",
              "VPC": "vpc-1"
            },
            "tenancy": "default",
            "timeouts": null,
            "user_data": null,
            "user_data_base64": null,
            "user_data_replace_on_change": false,
            "volume_tags": null,
            "vpc_security_group_ids": [
              "sg-06bb89a3e8dac98c0"
            ]
          },
          "sensitive_attributes": [],
          "private": "eyJlMmJmYjczMC1lY2FhLTExZTYtOGY4OC0zNDM2M2JjN2M0YzAiOnsiY3JlYXRlIjo2MDAwMDAwMDAwMDAsImRlbGV0ZSI6MTIwMDAwMDAwMDAwMCwidXBkYXRlIjo2MDAwMDAwMDAwMDB9LCJzY2hlbWFfdmVyc2lvbiI6IjEifQ==",
          "dependencies": [
            "aws_key_pair.ssh_key",
            "module.vpcs.aws_security_group.ssh_sg",
            "module.vpcs.aws_subnet.subnet",
            "module.vpcs.aws_vpc.vpc",
            "module.vpcs.data.aws_ami.amazon_linux",
            "module.vpcs.data.aws_availability_zones.available",
            "tls_private_key.ssh_key"
          ]
        },
        {
          "index_key": "1",
          "schema_version": 1,
          "attributes": {
            "ami": "ami-04ed09a7502b8c621",
            "arn": "arn:aws:ec2:us-west-2:535928845597:instance/i-0087d6aec4a503791",
            "associate_public_ip_address": false,
            "availability_zone": "us-west-2b",
            "capacity_reservation_specification": [
              {
                "capacity_reservation_preference": "open",
                "capacity_reservation_target": []
              }
            ],
            "cpu_core_count": 2,
            "cpu_options": [
              {
                "amd_sev_snp": "",
                "core_count": 2,
                "threads_per_core": 1
              }
            ],
            "cpu_threads_per_core": 1,
            "credit_specification": [
              {
                "cpu_credits": "unlimited"
              }
            ],
            "disable_api_stop": false,
            "disable_api_termination": false,
            "ebs_block_device": [],
            "ebs_optimized": false,
            "enclave_options": [
              {
                "enabled": false
              }
            ],
            "ephemeral_block_device": [],
            "get_password_data": false,
            "hibernation": false,
            "host_id": "",
            "host_resource_group_arn": null,
            "iam_instance_profile": "",
            "id": "i-0087d6aec4a503791",
            "instance_initiated_shutdown_behavior": "stop",
            "instance_lifecycle": "",
            "instance_market_options": [],
            "instance_state": "running",
            "instance_type": "t4g.nano",
            "ipv6_address_count": 1,
            "ipv6_addresses": [
              "2600:1f14:2252:e501:4f4e:b116:e5f9:f9e"
            ],
            "key_name": "my_ssh_key",
            "launch_template": [],
            "maintenance_options": [
              {
                "auto_recovery": "default"
              }
            ],
            "metadata_options": [
              {
                "http_endpoint": "enabled",
                "http_protocol_ipv6": "disabled",
                "http_put_response_hop_limit": 1,
                "http_tokens": "optional",
                "instance_metadata_tags": "disabled"
              }
            ],
            "monitoring": false,
            "network_interface": [],
            "outpost_arn": "",
            "password_data": "",
            "placement_group": "",
            "placement_partition_number": 0,
            "primary_network_interface_id": "eni-03058a767d1448c0c",
            "private_dns": "ip-10-1-16-22.us-west-2.compute.internal",
            "private_dns_name_options": [
              {
                "enable_resource_name_dns_a_record": false,
                "enable_resource_name_dns_aaaa_record": false,
                "hostname_type": "ip-name"
              }
            ],
            "private_ip": "10.1.16.22",
            "public_dns": "",
            "public_ip": "",
            "root_block_device": [
              {
                "delete_on_termination": true,
                "device_name": "/dev/xvda",
                "encrypted": false,
                "iops": 100,
                "kms_key_id": "",
                "tags": {},
                "throughput": 0,
                "volume_id": "vol-0032d4ba47123be58",
                "volume_size": 8,
                "volume_type": "gp2"
              }
            ],
            "secondary_private_ips": [],
            "security_groups": [],
            "source_dest_check": true,
            "spot_instance_request_id": "",
            "subnet_id": "subnet-04169971cf61430b0",
            "tags": {
              "Instance_Num": "1",
              "Name": "vpc-1-vpc-subnet-subnet-04169971cf61430b0-instance-1",
              "Subnet_ID": "subnet-04169971cf61430b0",
              "VPC": "vpc-1"
            },
            "tags_all": {
              "Instance_Num": "1",
              "Name": "vpc-1-vpc-subnet-subnet-04169971cf61430b0-instance-1",
              "Subnet_ID": "subnet-04169971cf61430b0",
              "VPC": "vpc-1"
            },
            "tenancy": "default",
            "timeouts": null,
            "user_data": null,
            "user_data_base64": null,
            "user_data_replace_on_change": false,
            "volume_tags": null,
            "vpc_security_group_ids": [
              "sg-06bb89a3e8dac98c0"
            ]
          },
          "sensitive_attributes": [],
          "private": "eyJlMmJmYjczMC1lY2FhLTExZTYtOGY4OC0zNDM2M2JjN2M0YzAiOnsiY3JlYXRlIjo2MDAwMDAwMDAwMDAsImRlbGV0ZSI6MTIwMDAwMDAwMDAwMCwidXBkYXRlIjo2MDAwMDAwMDAwMDB9LCJzY2hlbWFfdmVyc2lvbiI6IjEifQ==",
          "dependencies": [
            "aws_key_pair.ssh_key",
            "module.vpcs.aws_security_group.ssh_sg",
            "module.vpcs.aws_subnet.subnet",
            "module.vpcs.aws_vpc.vpc",
            "module.vpcs.data.aws_ami.amazon_linux",
            "module.vpcs.data.aws_availability_zones.available",
            "tls_private_key.ssh_key"
          ]
        },
        {
          "index_key": "2",
          "schema_version": 1,
          "attributes": {
            "ami": "ami-04ed09a7502b8c621",
            "arn": "arn:aws:ec2:us-west-2:535928845597:instance/i-066b9811668e6291c",
            "associate_public_ip_address": false,
            "availability_zone": "us-west-2a",
            "capacity_reservation_specification": [
              {
                "capacity_reservation_preference": "open",
                "capacity_reservation_target": []
              }
            ],
            "cpu_core_count": 2,
            "cpu_options": [
              {
                "amd_sev_snp": "",
                "core_count": 2,
                "threads_per_core": 1
              }
            ],
            "cpu_threads_per_core": 1,
            "credit_specification": [
              {
                "cpu_credits": "unlimited"
              }
            ],
            "disable_api_stop": false,
            "disable_api_termination": false,
            "ebs_block_device": [],
            "ebs_optimized": false,
            "enclave_options": [
              {
                "enabled": false
              }
            ],
            "ephemeral_block_device": [],
            "get_password_data": false,
            "hibernation": false,
            "host_id": "",
            "host_resource_group_arn": null,
            "iam_instance_profile": "",
            "id": "i-066b9811668e6291c",
            "instance_initiated_shutdown_behavior": "stop",
            "instance_lifecycle": "",
            "instance_market_options": [],
            "instance_state": "running",
            "instance_type": "t4g.nano",
            "ipv6_address_count": 1,
            "ipv6_addresses": [
              "2600:1f14:2252:e502:eec5:d1cb:f51e:9053"
            ],
            "key_name": "my_ssh_key",
            "launch_template": [],
            "maintenance_options": [
              {
                "auto_recovery": "default"
              }
            ],
            "metadata_options": [
              {
                "http_endpoint": "enabled",
                "http_protocol_ipv6": "disabled",
                "http_put_response_hop_limit": 1,
                "http_tokens": "optional",
                "instance_metadata_tags": "disabled"
              }
            ],
            "monitoring": false,
            "network_interface": [],
            "outpost_arn": "",
            "password_data": "",
            "placement_group": "",
            "placement_partition_number": 0,
            "primary_network_interface_id": "eni-0d0fe6ea9cd8f17de",
            "private_dns": "ip-10-1-16-41.us-west-2.compute.internal",
            "private_dns_name_options": [
              {
                "enable_resource_name_dns_a_record": false,
                "enable_resource_name_dns_aaaa_record": false,
                "hostname_type": "ip-name"
              }
            ],
            "private_ip": "10.1.16.41",
            "public_dns": "",
            "public_ip": "",
            "root_block_device": [
              {
                "delete_on_termination": true,
                "device_name": "/dev/xvda",
                "encrypted": false,
                "iops": 100,
                "kms_key_id": "",
                "tags": {},
                "throughput": 0,
                "volume_id": "vol-0e40c224026c1c198",
                "volume_size": 8,
                "volume_type": "gp2"
              }
            ],
            "secondary_private_ips": [],
            "security_groups": [],
            "source_dest_check": true,
            "spot_instance_request_id": "",
            "subnet_id": "subnet-075bfd72dbf8a7e59",
            "tags": {
              "Instance_Num": "2",
              "Name": "vpc-1-vpc-subnet-subnet-075bfd72dbf8a7e59-instance-2",
              "Subnet_ID": "subnet-075bfd72dbf8a7e59",
              "VPC": "vpc-1"
            },
            "tags_all": {
              "Instance_Num": "2",
              "Name": "vpc-1-vpc-subnet-subnet-075bfd72dbf8a7e59-instance-2",
              "Subnet_ID": "subnet-075bfd72dbf8a7e59",
              "VPC": "vpc-1"
            },
            "tenancy": "default",
            "timeouts": null,
            "user_data": null,
            "user_data_base64": null,
            "user_data_replace_on_change": false,
            "volume_tags": null,
            "vpc_security_group_ids": [
              "sg-06bb89a3e8dac98c0"
            ]
          },
          "sensitive_attributes": [],
          "private": "eyJlMmJmYjczMC1lY2FhLTExZTYtOGY4OC0zNDM2M2JjN2M0YzAiOnsiY3JlYXRlIjo2MDAwMDAwMDAwMDAsImRlbGV0ZSI6MTIwMDAwMDAwMDAwMCwidXBkYXRlIjo2MDAwMDAwMDAwMDB9LCJzY2hlbWFfdmVyc2lvbiI6IjEifQ==",
          "dependencies": [
            "aws_key_pair.ssh_key",
            "module.vpcs.aws_security_group.ssh_sg",
            "module.vpcs.aws_subnet.subnet",
            "module.vpcs.aws_vpc.vpc",
            "module.vpcs.data.aws_ami.amazon_linux",
            "module.vpcs.data.aws_availability_zones.available",
            "tls_private_key.ssh_key"
          ]
        },
        {
          "index_key": "3",
          "schema_version": 1,
          "attributes": {
            "ami": "ami-04ed09a7502b8c621",
            "arn": "arn:aws:ec2:us-west-2:535928845597:instance/i-096843452caa80071",
            "associate_public_ip_address": false,
            "availability_zone": "us-west-2b",
            "capacity_reservation_specification": [
              {
                "capacity_reservation_preference": "open",
                "capacity_reservation_target": []
              }
            ],
            "cpu_core_count": 2,
            "cpu_options": [
              {
                "amd_sev_snp": "",
                "core_count": 2,
                "threads_per_core": 1
              }
            ],
            "cpu_threads_per_core": 1,
            "credit_specification": [
              {
                "cpu_credits": "unlimited"
              }
            ],
            "disable_api_stop": false,
            "disable_api_termination": false,
            "ebs_block_device": [],
            "ebs_optimized": false,
            "enclave_options": [
              {
                "enabled": false
              }
            ],
            "ephemeral_block_device": [],
            "get_password_data": false,
            "hibernation": false,
            "host_id": "",
            "host_resource_group_arn": null,
            "iam_instance_profile": "",
            "id": "i-096843452caa80071",
            "instance_initiated_shutdown_behavior": "stop",
            "instance_lifecycle": "",
            "instance_market_options": [],
            "instance_state": "running",
            "instance_type": "t4g.nano",
            "ipv6_address_count": 1,
            "ipv6_addresses": [
              "2600:1f14:2252:e503:598a:a72f:d758:fc9c"
            ],
            "key_name": "my_ssh_key",
            "launch_template": [],
            "maintenance_options": [
              {
                "auto_recovery": "default"
              }
            ],
            "metadata_options": [
              {
                "http_endpoint": "enabled",
                "http_protocol_ipv6": "disabled",
                "http_put_response_hop_limit": 1,
                "http_tokens": "optional",
                "instance_metadata_tags": "disabled"
              }
            ],
            "monitoring": false,
            "network_interface": [],
            "outpost_arn": "",
            "password_data": "",
            "placement_group": "",
            "placement_partition_number": 0,
            "primary_network_interface_id": "eni-007973a2e7f51da47",
            "private_dns": "ip-10-1-16-62.us-west-2.compute.internal",
            "private_dns_name_options": [
              {
                "enable_resource_name_dns_a_record": false,
                "enable_resource_name_dns_aaaa_record": false,
                "hostname_type": "ip-name"
              }
            ],
            "private_ip": "10.1.16.62",
            "public_dns": "",
            "public_ip": "",
            "root_block_device": [
              {
                "delete_on_termination": true,
                "device_name": "/dev/xvda",
                "encrypted": false,
                "iops": 100,
                "kms_key_id": "",
                "tags": {},
                "throughput": 0,
                "volume_id": "vol-0d68da347bdd4bed6",
                "volume_size": 8,
                "volume_type": "gp2"
              }
            ],
            "secondary_private_ips": [],
            "security_groups": [],
            "source_dest_check": true,
            "spot_instance_request_id": "",
            "subnet_id": "subnet-08937199802fbb874",
            "tags": {
              "Instance_Num": "3",
              "Name": "vpc-1-vpc-subnet-subnet-08937199802fbb874-instance-3",
              "Subnet_ID": "subnet-08937199802fbb874",
              "VPC": "vpc-1"
            },
            "tags_all": {
              "Instance_Num": "3",
              "Name": "vpc-1-vpc-subnet-subnet-08937199802fbb874-instance-3",
              "Subnet_ID": "subnet-08937199802fbb874",
              "VPC": "vpc-1"
            },
            "tenancy": "default",
            "timeouts": null,
            "user_data": null,
            "user_data_base64": null,
            "user_data_replace_on_change": false,
            "volume_tags": null,
            "vpc_security_group_ids": [
              "sg-06bb89a3e8dac98c0"
            ]
          },
          "sensitive_attributes": [],
          "private": "eyJlMmJmYjczMC1lY2FhLTExZTYtOGY4OC0zNDM2M2JjN2M0YzAiOnsiY3JlYXRlIjo2MDAwMDAwMDAwMDAsImRlbGV0ZSI6MTIwMDAwMDAwMDAwMCwidXBkYXRlIjo2MDAwMDAwMDAwMDB9LCJzY2hlbWFfdmVyc2lvbiI6IjEifQ==",
          "dependencies": [
            "aws_key_pair.ssh_key",
            "module.vpcs.aws_security_group.ssh_sg",
            "module.vpcs.aws_subnet.subnet",
            "module.vpcs.aws_vpc.vpc",
            "module.vpcs.data.aws_ami.amazon_linux",
            "module.vpcs.data.aws_availability_zones.available",
            "tls_private_key.ssh_key"
          ]
        }
      ]
    },
    {
      "module": "module.vpcs[1]",
      "mode": "managed",
      "type": "aws_security_group",
      "name": "ssh_sg",
      "provider": "provider[\"registry.terraform.io/hashicorp/aws\"]",
      "instances": [
        {
          "schema_version": 1,
          "attributes": {
            "arn": "arn:aws:ec2:us-west-2:535928845597:security-group/sg-06bb89a3e8dac98c0",
            "description": "Allow SSH inbound traffic",
            "egress": [],
            "id": "sg-06bb89a3e8dac98c0",
            "ingress": [
              {
                "cidr_blocks": [
                  "0.0.0.0/0"
                ],
                "description": "",
                "from_port": 22,
                "ipv6_cidr_blocks": [],
                "prefix_list_ids": [],
                "protocol": "tcp",
                "security_groups": [],
                "self": false,
                "to_port": 22
              }
            ],
            "name": "vpc-1-ssh-sg",
            "name_prefix": "",
            "owner_id": "535928845597",
            "revoke_rules_on_delete": false,
            "tags": {},
            "tags_all": {},
            "timeouts": null,
            "vpc_id": "vpc-03d6b7559ed48988a"
          },
          "sensitive_attributes": [],
          "private": "eyJlMmJmYjczMC1lY2FhLTExZTYtOGY4OC0zNDM2M2JjN2M0YzAiOnsiY3JlYXRlIjo2MDAwMDAwMDAwMDAsImRlbGV0ZSI6OTAwMDAwMDAwMDAwfSwic2NoZW1hX3ZlcnNpb24iOiIxIn0=",
          "dependencies": [
            "module.vpcs.aws_vpc.vpc"
          ]
        }
      ]
    },
    {
      "module": "module.vpcs[1]",
      "mode": "managed",
      "type": "aws_subnet",
      "name": "subnet",
      "provider": "provider[\"registry.terraform.io/hashicorp/aws\"]",
      "instances": [
        {
          "index_key": "0",
          "schema_version": 1,
          "attributes": {
            "arn": "arn:aws:ec2:us-west-2:535928845597:subnet/subnet-0b926f210aa56d29a",
            "assign_ipv6_address_on_creation": true,
            "availability_zone": "us-west-2a",
            "availability_zone_id": "usw2-az2",
            "cidr_block": "10.1.16.0/28",
            "customer_owned_ipv4_pool": "",
            "enable_dns64": false,
            "enable_lni_at_device_index": 0,
            "enable_resource_name_dns_a_record_on_launch": false,
            "enable_resource_name_dns_aaaa_record_on_launch": false,
            "id": "subnet-0b926f210aa56d29a",
            "ipv6_cidr_block": "2600:1f14:2252:e500::/64",
            "ipv6_cidr_block_association_id": "subnet-cidr-assoc-077086bc9791b5f71",
            "ipv6_native": false,
            "map_customer_owned_ip_on_launch": false,
            "map_public_ip_on_launch": false,
            "outpost_arn": "",
            "owner_id": "535928845597",
            "private_dns_hostname_type_on_launch": "ip-name",
            "tags": {
              "Name": "vpc-1-subnet-us-west-2a-1"
            },
            "tags_all": {
              "Name": "vpc-1-subnet-us-west-2a-1"
            },
            "timeouts": null,
            "vpc_id": "vpc-03d6b7559ed48988a"
          },
          "sensitive_attributes": [],
          "private": "eyJlMmJmYjczMC1lY2FhLTExZTYtOGY4OC0zNDM2M2JjN2M0YzAiOnsiY3JlYXRlIjo2MDAwMDAwMDAwMDAsImRlbGV0ZSI6MTIwMDAwMDAwMDAwMH0sInNjaGVtYV92ZXJzaW9uIjoiMSJ9",
          "dependencies": [
            "module.vpcs.aws_vpc.vpc",
            "module.vpcs.data.aws_availability_zones.available"
          ]
        },
        {
          "index_key": "1",
          "schema_version": 1,
          "attributes": {
            "arn": "arn:aws:ec2:us-west-2:535928845597:subnet/subnet-04169971cf61430b0",
            "assign_ipv6_address_on_creation": true,
            "availability_zone": "us-west-2b",
            "availability_zone_id": "usw2-az1",
            "cidr_block": "10.1.16.16/28",
            "customer_owned_ipv4_pool": "",
            "enable_dns64": false,
            "enable_lni_at_device_index": 0,
            "enable_resource_name_dns_a_record_on_launch": false,
            "enable_resource_name_dns_aaaa_record_on_launch": false,
            "id": "subnet-04169971cf61430b0",
            "ipv6_cidr_block": "2600:1f14:2252:e501::/64",
            "ipv6_cidr_block_association_id": "subnet-cidr-assoc-01b420292ab1fde28",
            "ipv6_native": false,
            "map_customer_owned_ip_on_launch": false,
            "map_public_ip_on_launch": false,
            "outpost_arn": "",
            "owner_id": "535928845597",
            "private_dns_hostname_type_on_launch": "ip-name",
            "tags": {
              "Name": "vpc-1-subnet-us-west-2b-2"
            },
            "tags_all": {
              "Name": "vpc-1-subnet-us-west-2b-2"
            },
            "timeouts": null,
            "vpc_id": "vpc-03d6b7559ed48988a"
          },
          "sensitive_attributes": [],
          "private": "eyJlMmJmYjczMC1lY2FhLTExZTYtOGY4OC0zNDM2M2JjN2M0YzAiOnsiY3JlYXRlIjo2MDAwMDAwMDAwMDAsImRlbGV0ZSI6MTIwMDAwMDAwMDAwMH0sInNjaGVtYV92ZXJzaW9uIjoiMSJ9",
          "dependencies": [
            "module.vpcs.aws_vpc.vpc",
            "module.vpcs.data.aws_availability_zones.available"
          ]
        },
        {
          "index_key": "2",
          "schema_version": 1,
          "attributes": {
            "arn": "arn:aws:ec2:us-west-2:535928845597:subnet/subnet-075bfd72dbf8a7e59",
            "assign_ipv6_address_on_creation": true,
            "availability_zone": "us-west-2a",
            "availability_zone_id": "usw2-az2",
            "cidr_block": "10.1.16.32/28",
            "customer_owned_ipv4_pool": "",
            "enable_dns64": false,
            "enable_lni_at_device_index": 0,
            "enable_resource_name_dns_a_record_on_launch": false,
            "enable_resource_name_dns_aaaa_record_on_launch": false,
            "id": "subnet-075bfd72dbf8a7e59",
            "ipv6_cidr_block": "2600:1f14:2252:e502::/64",
            "ipv6_cidr_block_association_id": "subnet-cidr-assoc-0f7f8bf96f1361100",
            "ipv6_native": false,
            "map_customer_owned_ip_on_launch": false,
            "map_public_ip_on_launch": false,
            "outpost_arn": "",
            "owner_id": "535928845597",
            "private_dns_hostname_type_on_launch": "ip-name",
            "tags": {
              "Name": "vpc-1-subnet-us-west-2a-3"
            },
            "tags_all": {
              "Name": "vpc-1-subnet-us-west-2a-3"
            },
            "timeouts": null,
            "vpc_id": "vpc-03d6b7559ed48988a"
          },
          "sensitive_attributes": [],
          "private": "eyJlMmJmYjczMC1lY2FhLTExZTYtOGY4OC0zNDM2M2JjN2M0YzAiOnsiY3JlYXRlIjo2MDAwMDAwMDAwMDAsImRlbGV0ZSI6MTIwMDAwMDAwMDAwMH0sInNjaGVtYV92ZXJzaW9uIjoiMSJ9",
          "dependencies": [
            "module.vpcs.aws_vpc.vpc",
            "module.vpcs.data.aws_availability_zones.available"
          ]
        },
        {
          "index_key": "3",
          "schema_version": 1,
          "attributes": {
            "arn": "arn:aws:ec2:us-west-2:535928845597:subnet/subnet-08937199802fbb874",
            "assign_ipv6_address_on_creation": true,
            "availability_zone": "us-west-2b",
            "availability_zone_id": "usw2-az1",
            "cidr_block": "10.1.16.48/28",
            "customer_owned_ipv4_pool": "",
            "enable_dns64": false,
            "enable_lni_at_device_index": 0,
            "enable_resource_name_dns_a_record_on_launch": false,
            "enable_resource_name_dns_aaaa_record_on_launch": false,
            "id": "subnet-08937199802fbb874",
            "ipv6_cidr_block": "2600:1f14:2252:e503::/64",
            "ipv6_cidr_block_association_id": "subnet-cidr-assoc-0092185a7ababcea0",
            "ipv6_native": false,
            "map_customer_owned_ip_on_launch": false,
            "map_public_ip_on_launch": false,
            "outpost_arn": "",
            "owner_id": "535928845597",
            "private_dns_hostname_type_on_launch": "ip-name",
            "tags": {
              "Name": "vpc-1-subnet-us-west-2b-4"
            },
            "tags_all": {
              "Name": "vpc-1-subnet-us-west-2b-4"
            },
            "timeouts": null,
            "vpc_id": "vpc-03d6b7559ed48988a"
          },
          "sensitive_attributes": [],
          "private": "eyJlMmJmYjczMC1lY2FhLTExZTYtOGY4OC0zNDM2M2JjN2M0YzAiOnsiY3JlYXRlIjo2MDAwMDAwMDAwMDAsImRlbGV0ZSI6MTIwMDAwMDAwMDAwMH0sInNjaGVtYV92ZXJzaW9uIjoiMSJ9",
          "dependencies": [
            "module.vpcs.aws_vpc.vpc",
            "module.vpcs.data.aws_availability_zones.available"
          ]
        },
        {
          "index_key": "4",
          "schema_version": 1,
          "attributes": {
            "arn": "arn:aws:ec2:us-west-2:535928845597:subnet/subnet-005530fb58c39213a",
            "assign_ipv6_address_on_creation": true,
            "availability_zone": "us-west-2a",
            "availability_zone_id": "usw2-az2",
            "cidr_block": "10.1.16.64/28",
            "customer_owned_ipv4_pool": "",
            "enable_dns64": false,
            "enable_lni_at_device_index": 0,
            "enable_resource_name_dns_a_record_on_launch": false,
            "enable_resource_name_dns_aaaa_record_on_launch": false,
            "id": "subnet-005530fb58c39213a",
            "ipv6_cidr_block": "2600:1f14:2252:e504::/64",
            "ipv6_cidr_block_association_id": "subnet-cidr-assoc-04977f0dde71453cf",
            "ipv6_native": false,
            "map_customer_owned_ip_on_launch": false,
            "map_public_ip_on_launch": false,
            "outpost_arn": "",
            "owner_id": "535928845597",
            "private_dns_hostname_type_on_launch": "ip-name",
            "tags": {
              "Name": "vpc-1-subnet-us-west-2a-5"
            },
            "tags_all": {
              "Name": "vpc-1-subnet-us-west-2a-5"
            },
            "timeouts": null,
            "vpc_id": "vpc-03d6b7559ed48988a"
          },
          "sensitive_attributes": [],
          "private": "eyJlMmJmYjczMC1lY2FhLTExZTYtOGY4OC0zNDM2M2JjN2M0YzAiOnsiY3JlYXRlIjo2MDAwMDAwMDAwMDAsImRlbGV0ZSI6MTIwMDAwMDAwMDAwMH0sInNjaGVtYV92ZXJzaW9uIjoiMSJ9",
          "dependencies": [
            "module.vpcs.aws_vpc.vpc",
            "module.vpcs.data.aws_availability_zones.available"
          ]
        },
        {
          "index_key": "5",
          "schema_version": 1,
          "attributes": {
            "arn": "arn:aws:ec2:us-west-2:535928845597:subnet/subnet-0738b442180d279af",
            "assign_ipv6_address_on_creation": true,
            "availability_zone": "us-west-2b",
            "availability_zone_id": "usw2-az1",
            "cidr_block": "10.1.16.80/28",
            "customer_owned_ipv4_pool": "",
            "enable_dns64": false,
            "enable_lni_at_device_index": 0,
            "enable_resource_name_dns_a_record_on_launch": false,
            "enable_resource_name_dns_aaaa_record_on_launch": false,
            "id": "subnet-0738b442180d279af",
            "ipv6_cidr_block": "2600:1f14:2252:e505::/64",
            "ipv6_cidr_block_association_id": "subnet-cidr-assoc-07dd082fc29be04bd",
            "ipv6_native": false,
            "map_customer_owned_ip_on_launch": false,
            "map_public_ip_on_launch": false,
            "outpost_arn": "",
            "owner_id": "535928845597",
            "private_dns_hostname_type_on_launch": "ip-name",
            "tags": {
              "Name": "vpc-1-subnet-us-west-2b-6"
            },
            "tags_all": {
              "Name": "vpc-1-subnet-us-west-2b-6"
            },
            "timeouts": null,
            "vpc_id": "vpc-03d6b7559ed48988a"
          },
          "sensitive_attributes": [],
          "private": "eyJlMmJmYjczMC1lY2FhLTExZTYtOGY4OC0zNDM2M2JjN2M0YzAiOnsiY3JlYXRlIjo2MDAwMDAwMDAwMDAsImRlbGV0ZSI6MTIwMDAwMDAwMDAwMH0sInNjaGVtYV92ZXJzaW9uIjoiMSJ9",
          "dependencies": [
            "module.vpcs.aws_vpc.vpc",
            "module.vpcs.data.aws_availability_zones.available"
          ]
        }
      ]
    },
    {
      "module": "module.vpcs[1]",
      "mode": "managed",
      "type": "aws_vpc",
      "name": "vpc",
      "provider": "provider[\"registry.terraform.io/hashicorp/aws\"]",
      "instances": [
        {
          "schema_version": 1,
          "attributes": {
            "arn": "arn:aws:ec2:us-west-2:535928845597:vpc/vpc-03d6b7559ed48988a",
            "assign_generated_ipv6_cidr_block": true,
            "cidr_block": "10.1.16.0/20",
            "default_network_acl_id": "acl-073a79a30abeb0df4",
            "default_route_table_id": "rtb-0b73523d1dd858660",
            "default_security_group_id": "sg-0043b2fccc616fff3",
            "dhcp_options_id": "dopt-092c0db2f4a875792",
            "enable_dns_hostnames": true,
            "enable_dns_support": true,
            "enable_network_address_usage_metrics": false,
            "id": "vpc-03d6b7559ed48988a",
            "instance_tenancy": "default",
            "ipv4_ipam_pool_id": null,
            "ipv4_netmask_length": null,
            "ipv6_association_id": "vpc-cidr-assoc-08427e6c98769bb8e",
            "ipv6_cidr_block": "2600:1f14:2252:e500::/56",
            "ipv6_cidr_block_network_border_group": "us-west-2",
            "ipv6_ipam_pool_id": "",
            "ipv6_netmask_length": 0,
            "main_route_table_id": "rtb-0b73523d1dd858660",
            "owner_id": "535928845597",
            "tags": {
              "Name": "vpc-1"
            },
            "tags_all": {
              "Name": "vpc-1"
            }
          },
          "sensitive_attributes": [],
          "private": "eyJzY2hlbWFfdmVyc2lvbiI6IjEifQ=="
        }
      ]
    }
  ],
  "check_results": null
}
